{
  "version": 4,
  "terraform_version": "1.15.2",
  "serial": 616,
  "lineage": "94003c69-4b31-09df-e4ae-a8593ebbb024",
  "outputs": {},
  "resources": [
    {
      "mode": "data",
      "type": "local_file",
      "name": "test_board_tar_gz",
      "provider": "provider[\"registry.terraform.io/hashicorp/local\"]",
      "instances": [
        {
          "schema_version": 0,
          "attributes": {
            "content": "\u001f\ufffd\b\u0000\u0000\u0000\u0000\u0000\u0000\u0003\ufffd\u003c\ufffds\ufffd6\ufffd\ufffd՞\ufffd\ufffd\ufffd\ufffd\ufffdJj\ufffd\ufffd\u001e\ufffd\u001cْ\ufffd\ufffdu\ufffdf.Mr\ufffds\ufffdo:\u0019\u0015\"!\ufffd\r%\ufffd$\ufffd\ufffde\ufffd\ufffd\ufffd\ufffd\u0002 \ufffd\ufffd$'W\ufffd\ufffdwBZK\u0002\u0016\ufffd\ufffdž\u0000\u0002l\ufffd\ufffd`9󮚫\ufffd\ufffd\ufffd\u0007*6\ufffd~\ufffdG\ufffdv\ufffd\ufffd~\ufffdv\ufffd\ufffd\u0019|\ufffd\u003ej\u000f\u0006\ufffdA\ufffd?hf\ufffd\ufffdv\ufffd\ufffd\u0019\ufffd\u001f\ufffd!\ufffd\ufffd\ufffd\ufffd\ufffd\ufffd}\nR\ufffdrz\u0006\u0013xx\ufffd8\ufffdb1\ufffd\ufffd\ufffd\u0017l\ufffd*\ufffd\"\ufffd\ufffd7\u0001\u000f\ufffd\ufffdɣ\ufffdG\ufffd\u0007\ufffd\ufffdyKQ\ufffd\u003c}\ufffd\ufffd\ufffdO\ufffd\ufffdo_?{u9\ufffd|\ufffdϋJ\ufffd\ufffd\ufffdZ\ufffdN\u000e\u000fZ\ufffd,\ufffdy\ufffd\ufffd\ufffd\ufffdp\u003c\ufffd;s\u001eF\ufffd+\u0011σ(^\ufffd\ufffd\ufffd\ufffd\ufffd\ufffd\ufffd\ufffd\ufffd\ufffd\ufffd޼\ufffd\u003c\ufffd\ufffd\ufffdʛ\ufffd\ufffd\u001b\ufffd\u0015@\ufffd\ufffd\ufffd\ufffd\ufffd\ufffd\u000f//.\ufffdB\ufffd\u000f\u001c\ufffdc_\ufffd0\u0001\ufffd\\\ufffd\ufffdF\ufffd\u001b1]\ufffd(\u0016a\u001e\ufffd\ufffdӋ\ufffd\ufffd^\ufffd\ufffd\u000e\ufffdV\u003c\ufffdn\u0002\u0018S\u000e\ufffd\ufffd\ufffd\u001fϱ=\ufffdQO\ufffd4\ufffd\u001cķ?\u003c}}qN\ufffd\ufffd\ufffd\ufffd\ufffdbړ\ufffd\ufffd\ufffdK'\ufffd\ufffd%s\ufffd\u00130\ufffd\ufffdp\ufffdj\ufffd\ufffd\ufffd\ufffd\ufffd\ufffd\ufffdc\ufffd\rBX\ufffdE\ufffd\ufffd^Ҩ\ufffdTg\ufffdw\ufffd\ufffdy\ufffd\u001f\ufffd\f\ufffd\u003e\ufffdf\ufffd\ufffd\u0011\u000b \u003c8p=\ufffd\ufffd\ufffd|\ufffd#\ufffd\u0014:\ufffd\u003c\ufffd\ufffd/\ufffd!\ufffd4\ufffd\ufffd\u0026\"\f\ufffd\ufffdZ\ufffd\ufffdT[$\ufffd\tͅ\ufffd\ufffd\ufffd\ufffd(\ufffd\ufffdI\ufffdP\ufffd\ufffdpɰ\u0011D\ufffd\ufffd9\ufffdP,]\u0011NV0\rH$\u0016K\ufffd\u0004\ufffd\ufffdA\u0003\ufffd\u0005\r!\ufffd\u0015ڥߙ\ufffdI\ufffd:0\ufffdG\"CXB\u0014T'\ufffdR\ufffd5)\"\ufffd\ufffdl|\ufffdg\ufffd\ufffdߦ4[np\ufffd\ufffd\u0003\ufffd\u003e\\\u0004\ufffd\ufffd\ufffd\ufffdv\ufffdH\ufffd\ufffd\ufffd6\ufffd\ufffd^\ufffd\ufffd\ufffd\ufffd\ufffd\ufffd\ufffd\ufffd'\u000f\u001f\ufffd\ufffd\ufffd^(\u0026\ufffd\ufffd\u0011U\ufffdٚ\ufffd[A\ufffd\ufffdj2\u0002\ufffd\ufffd\ufffdV\ufffd\ufffd\ufffd\ufffd?\ufffd/\ufffd`e孄8\u001b\ufffdكٗ\u000f.\ufffd\u003c?\u001c\ufffd]\ufffd\ufffd\ufffdQ;k\ufffd\ufffd\u0000\ufffd\ufffd\ufffd\ufffd\tJj\ufffd\ufffd#~\r\u0006\ufffd\ufffd#\ufffdu\ufffd\ufffd\ufffd\ufffd\ufffdM\u000b\ufffdp+^\ufffdZ\ufffd\ufffd\u0001\ufffd\u0011\ufffd|\ufffd\u003c\ufffdzE\ufffd\ufffd\ufffd\ufffd\ufffd\ufffdF\u0000\ufffd\ufffd\ufffd\ufffd\ufffd\u001fL\ufffd\ufffd\u0012\ufffd\u0012\ufffd\u0001\u0001N0\u0007\ufffd\ufffd(il\ufffd\u001e\u0026\ufffd\ufffd\ufffd?*M\u000fb\ufffduբ\ufffdnխ\ufffd7\ufffd6\ufffd\ufffd\ufffdU\ufffd\ufffd?W\ufffd\ufffdv9\ufffd\ufffd̔\u0016\ufffd\ufffd\ufffdF\ufffd\u0013\ufffd\ufffd\ufffd\u001e0\ufffd\ufffd\ufffdUO\ufffd\ufffd$\ufffd*\ufffd:\ufffd\ufffd\ufffd[\ufffd,\ufffd[\ufffd\ufffd\u0015\ufffd۸\ufffd+\ufffd\ufffd\ufffd\ufffd\u001as_\ufffdq\ufffd\ufffd\ufffdL\ufffd\ufffd\ufffd\ufffds\ufffd\ufffds/\ufffd\ufffd\ufffd\ufffd9\ufffdλj\ufffd\ufffd%\ufffd\ufffd+\ufffdk\u0026\ufffdTBX\ufffd\ufffdn\ufffd\ufffd\u0015h\ufffdb\ufffd\ufffd\ufffd\ufffd\ufffd\ufffdXa\ufffd\ufffd n\ufffdrdB\ufffd\u0014DV\ufffd\ufffdz\u001a\ufffda\u0015\ufffdǏ\u0014\ufffd\u000e\ufffd\ufffd\ufffd\ufffdYA\u001e\ufffd\u0005\ufffd/\ufffdV\ufffd\ufffd\ufffdV\ufffd\u0012\u00042$\ufffdZ\ufffd\ufffd\ufffd%𖌬\u0000\ufffd\ufffd\ufffd\ufffd\ufffd\ufffd\f\ufffd\ufffd(\ufffdː/\ufffd\u0019%\ufffd\ufffd\ufffdx\u0011䓞\ufffd\ufffd\ufffd\ufffd;\ufffd\u0005ԟ\u0010I\u001c\ufffdȪ4\ufffd\ufffd4+\ufffdf\\\ufffd\ufffd\ufffd*\ufffd\u000f+M\u0004\ufffd\ufffd\ufffd\u0011\u0019\ufffd\ufffd{\ufffd\n\ufffdՂ\u000f\ufffd2h8@U\u0014\ufffd\ufffd߮  FC\ufffd\ufffd\u0013R\b\u0000\ufffd\ufffdI\ufffd\ufffd3LK\ufffd\ufffd\ufffd\ufffd\ufffd\ufffd_666[\u001e$\ufffd\ufffd\u000f\u001a\u0000v\ufffd\ufffd\ufffd^\ufffd\ufffd\ufffd\ufffdn\ufffd\ufffd\ufffdp\ufffd\ufffd\ufffd\ufffdOQ\ufffd\ufffd\ufffdf\ufffd\ufffdw\ufffd^O\u0026͊\ufffd9D6p6~tx\ufffdAa|\b\ufffd`\u0005\ufffdyp\ufffd\u00101gjU9\ufffd`}\fn\ufffd\u001ah#`|z6*.\ufffdҍ\ufffd\ufffd\u0015\ufffd\ufffd\ufffd\ufffd%\ufffd#\"\ufffd[\ufffd\ufffd\ufffd\ufffd?\ufffd\ufffd\ufffd\u000el{.Dl\ufffdy(f\ufffd\ufffd\ufffdD\u0011\ufffd\u003cm)\ufffdN\ufffd\ufffd{G}\ufffd53Ǉ\ufffd?@\u0003݆\ufffd\"\u001e\u000fN]ﺤq2\ufffd`\u0015\ufffd`\u0000I;\u0003C\ufffdY\ufffdt\ufffd\u0004\ufffd\ufffd\u0015\ufffd*\u0003\ufffd\ufffd\u003e\ufffd\u001a?e\ufffd\ufffdX\ufffd_|\ufffd\ufffd+6\ufffd\ufffdV\ufffd\ufffd\u0016\ufffdA\ufffd\ufffd$})X\ufffd-5\ufffd\u0015\ufffd\u0012\ufffd\ufffdH\ufffd\ufffdU\ufffdZ\u00197V|)|\u0012\ufffd\ufffdӉD\u0014\u0001\ufffd\u00045\u003c\ufffd\ufffd*[mJ\ufffd\ufffd\u0015T\ufffdC,\ufffd\ufffd˄ƶMUH\u0010~y\u0011\ufffd\u0015\ufffdt\u001f\ufffd \ufffd\ufffd3V\ufffd`͟\ufffdeC\ufffdƎ\u0010\ufffdd\ufffdS֮!\ufffd\u001aS[1\ufffd^\ufffd\u0013p\ufffdk?N\ufffdG~[\ufffd\ufffdN\ufffdHX\ufffd\ufffd\ufffd3F\ufffdկj\ufffdG,\u000ebH%fa\ufffd\ufffdr\ufffdj\u0026\ufffd\ufffd\u0026\ufffd4\u0013\ufffd3\ufffd\ufffd0\ufffd\ufffd/%\u0026{\u0010\ufffd\t\ufffdC\u001f9\ufffd\u0004\u000b\ufffd\n\ufffd\\yk\ufffd\"\ufffd\u0011\ufffd\ufffd\ufffd\ufffdv\ufffd9\ufffd\ufffd\ufffd\u0019,-\ufffdJOn\ufffd$\u0012\u00183\u0013IF\u0018f\u0003Q\u000bf3\u00104\ufffd$A\u001a =\ufffd\ufffd\ufffd[a\ufffd\\O\ufffd\ufffd\ufffd\ufffdų\ufffd/~\ufffd\ufffd#\u0011\ufffd\ufffd\ufffd\ufffd\ufffdv?@ufA\ufffd\ufffd\n\ufffd\u0007W޲1\ufffd\ufffd\ufffd8i\ufffd\ufffd\ufffd\ufffd\u001d[জ\u000b\n\u0016D\ufffdR0\ufffdO\ufffd?~\ufffd\ufffd\ufffdSo\ufffdZ\ufffd\ufffd\ufffd\ufffddd֔-\ufffd\f\ufffd\ufffd\ufffdm1\ufffdH\ufffd\u0016\u0018\ufffd\ufffdc\ufffd|\ufffd6\ufffd\ufffd(\ufffd\ufffd\ufffdF\ufffd\ufffdމ\ufffdD\u0003\ufffd\ufffd\ufffdKx\ufffd\u0011Z\ufffd\ufffd\ufffdk\ufffd\ufffd\ufffd~\ufffd\ufffd\ufffd\ufffdl\f3\ufffd=.\ufffdG\ufffd=b\u0014\ufffd\u003c`\ufffd\ufffd\u0014@%\u0002\u001fdW\u0019\ufffdF`a\ufffd\ufffdF\ufffdN\u00002\u001f\ufffd$\ufffd0\ufffdY:%M\u000bRB\ufffd76Q\ufffdY\ufffd*c\ufffdD\ufffd\ufffd!\ufffde\ufffde\ufffd\ufffd\ufffd \ufffd~\ufffd\ufffd\ufffd\ufffdw\ufffd=\ufffd\u001d\ufffd\ufffdሣI\u003e\ufffd\ufffdLgE:\ufffd-\ufffd~\n\ufffd-m\ufffdt\ufffd\ufffd\t\u0026-\"-\u0016\ufffdR\ufffd/\ufffd\ufffd6\ufffd\ufffd\ufffd\ufffd)\ufffd5\ufffdod\ufffd\r\ufffdRq@\ufffd\n\ufffd\u001a*7\u0019\ufffdS\ufffd\ufffd7\ufffd\ufffd\ufffd\u0014\ufffd\ufffd\ufffd\u0004\ufffd?O\ufffd\ufffd\ufffdl3U\ufffd\ufffd\ufffdc\ufffd\ufffd\u0011\ufffd\ufffd0\ufffd1\ufffdM@\ufffd\ufffdt\ufffd\ufffd\ufffd\ufffd\ufffdX\ufffd\ufffddK\ufffd\u003eN\ufffd+\ufffd)1\ufffdY\ufffd4\ufffd;\ufffd\ufffd\f\u001d?\ufffd=\ufffdHT\ri\ufffdM\ufffd\ufffd?Rw\ufffd2\ufffd\ufffdS\u0026\ufffdى)\ufffd\ufffdڶ\ufffd\ufffdi얉\u0010\ufffd\ufffdc\ufffde\ufffd[yKaT\ufffd\ufffdU\ufffd\ufffd*r^{\ufffd\u0006\ufffd\ufffd\ufffdsG\ufffd^*\ufffd\u001d$\ufffd4\t\ufffd\"Q\ufffd\ufffd\u0016\ufffd[\ufffd\u000bMJ\ufffd\u0019\ufffd!\ufffdKq\ufffd\u0000\u001c\ufffdT\ufffd5\u0016\r\ufffd\ufffd0\ufffd@\\\ufffdf\u0001O\ufffdkC\ufffd\n!\ufffdѥ\ufffd\ufffdT\u001a\ufffd|\ufffd\ufffd\ufffd\u0014\ufffdE\ufffdh\u0000\ufffd\ufffd6\ufffd\ufffd\u0018\ufffdm\"\ufffd%\ufffd6\ufffd\ufffd\ufffd$\ufffd\u0000\ufffd\u0019z\ufffdA\ufffdgdQ\ufffdgF\ufffdi+\ufffd\ufffdO\ufffd\ufffdRO\ufffd\ufffd3\u0004\"\ufffdk\ufffd\ufffdr\ufffd\ufffd翭\ufffd\u0013\ufffd*\u0014\ufffd^\ufffd\ufffd\ufffd\ufffd\u0013\ufffd\ufffd\ufffd\u000e\ufffd\ufffdU\u001f{\u0014R\u0019|\ufffd\ufffd\ufffd\t\ufffd}\ufffdu\ufffd\ufffd\u00191\u0003\ufffd\u0000\ufffdm\u0006;\ufffd3\ufffd\ufffdu\u0018B\u0006!g\ufffdCђ\ufffd2\ufffdJ\ufffd\ufffdM\ufffd\u001e\ufffd\ufffdCI\ufffd\ufffd\"\ufffd\ufffd3\ufffd:\ufffd\u0006\ufffd\ufffd\u000b\ufffdk)\ufffd\u0017\u0010\ufffdؗ!I\ufffd(0\ufffd\u000f0\ufffd%z\u0002\r*\ufffd\ufffdP\ufffdsQ\"\ufffd\ufffdAK\ufffd\ufffdv\ufffd\ufffd@\ufffd\ufffdJbǃ\ufffd\ufffd\ufffd\ufffdw`\u0017\ufffd\ufffd翟\ufffd\ufffd\ufffd\ufffd\ufffd\f\ufffd\ufffd\u0013\ufffdW//`\ufffdBj\ufffd\ufffd\ufffd\u0010\ufffd\\bf\ufffd\ufffd6\ufffd\ufffd\u0015P\ufffdǝ\ufffd\ufffd]\ufffd\ufffd)H\ufffdLY\ufffd\ufffd/\ufffd\u003e(\ufffd@\ufffd\u0011\ufffd\ufffd\ufffdP0\ufffd\ufffd\ufffd\ufffd\ufffdWa|\ufffd\ufffdG҅\ufffd\ufffd\u0005+yn\ufffd\ufffd@N\ufffd\ufffd\ufffd(I\"0\u0012\ufffd5\ufffd\ufffdeJ\ufffd\ufffd+\ufffd\u000eg\ufffd\ufffd\u0012\ufffdD\ufffd^\u0012Y\u0004!3\ufffd\ufffd'ۛ\ufffd\ufffd\ufffdYs\ufffdR\u0013\ufffd\\\ufffd\u0010\ufffd\ufffdq\ufffd\ufffd8\ufffdI\ufffd\ufffd0\ufffd:ȩ\ufffd0\ufffd\ufffd\ufffdʁK\ufffd\ufffd\ufffd\ufffd\ufffd\ufffd*|=\ufffd\ufffdV\ufffdh\ufffd\u0015\ufffd\u0016ƣ\ufffd}\ufffd֡?J\ufffdH\ufffd\ufffd֝pi\ufffd\u0012\ufffdy0\u001a\ufffd\ufffd\ufffd\ufffd\ufffdv\ufffd\ufffd?\ufffdt\u0006\ufffd\ufffd\ufffdn\ufffd\ufffd\ufffd~\ufffd2\f\ufffd f\ufffd\u000f\u0019k4\ufffdWC\ufffdŬ7\u001b̦'T\u0011\ufffd\ufffd\u0019w\u0004\ufffdR\ufffd\ufffd6\ufffd`\u0016c\ufffd\ufffd\ufffdϜl\ufffd\u003c\ufffd\u0016!\ufffd\ufffdg}\ufffdmJ\ufffd#\ufffd\u0014\u001dq\u003c\ufffd\ufffd\ufffd\u0006\ufffd\ufffd\u0012\ufffd;S\ufffdH\ufffde\u001b\ufffd4@U\ufffd\ufffd\ufffd\ufffd*\ufffd\ufffd:ƣ._\ufffd{\ufffdޱbr\u0015z\u000b\u001e\ufffdAm\ufffd\ufffd\ufffd\u0015\ufffdZXZ\ufffd\ufffd\u0010\ufffd\ufffd\u0013\ufffd\ufffdf\ufffdq\ufffd\ufffd@\ufffd=\u0003\ufffd\u0013\ufffd\ufffd\ufffd\ufffd+b\ufffdu:\ufffdN_\ufffdι\u001b\ufffd\f\ufffd\ufffd\ufffdǫ[\ufffd\ufffd\ufffd\ufffd\ufffdjʫ\ufffd\ufffd:\ufffdt\ufffdPSgv\ufffd\u003e\ufffd\ufffd\ufffdJ2\ufffd\t\ufffd7u\ufffdC\u0017pa_\ufffd\ufffd\ufffd\ufffdm\u0003\u0016\ufffd\u001e\ufffd@\ufffd\u0004\ufffd\b\u0000C\ufffd\ufffd\ufffdλ\ufffd0X/A\u0000\ufffd\u003c\ufffd\ufffd|I\u001c\u0018\ufffd\b\u0004F\fA\r(#7\u000bo٘\u000b\ufffdj\u000e\ufffd\ufffdA]\ufffdOrH \ufffd\n\u001e6\ufffdB\ufffdzx\ufffd\ufffd}l\ufffd\ufffd\ufffd\u000e\u0013$@\tf̮\ufffdtX\ufffd\ufffd^\ufffd\ufffd(a\ufffd\u0016\ufffd\ufffd\u0005\ufffd#\ufffd\ufffd\ufffd\ufffdm\ufffd\ufffd\ufffd\ufffda\u0026\ufffd\ufffd\ufffd\r\ufffd\ufffd\ufffdW+\u001f\ufffd\ufffd.\ufffdŢξ\ufffd(\ufffd#w.\ufffd\ufffd\ufffd\u0001\u001e\ufffd\ufffd.\ufffdU ؛g\ufffd\ufffd{\n\u000b,\u001fV||\u00195 Dx\ufffd\u0004/\ufffd\ufffda\u0010\ufffd\ufffd-V!\ufffd\ufffdȚG$\u0003N\u0002\ufffd\ufffd\ufffdT e\ufffdF\ufffd\ufffd\ufffd$ \ufffd\ufffd\ufffd\n'\b\ufffd|\ufffd\ufffd\f\ufffdB\"\u001b\ufffd\u0002oDIZU+ű\ufffd#R\ufffd!!j\u001a;ʅI$\ufffd\ufffd\u001c\ufffdZ$\ufffd\ufffdq\ufffd\u0010'Z\u0010\ufffd\ufffdbH\ufffd\u0014\u0005\u0018\ufffde\ufffdN\u001f\ufffd\t4\ufffdӳ\ufffd\ufffd\u0013\ufffd\ufffd6QYɰ\ufffd\ufffd\u001b'/ǧ\ufffd\ufffd\u0026v]/Z\ufffd\u001cft\ufffd\u000b\ufffd=$\u0007W\ufffd\u0006\u0000/\ufffd~\u001c\ufffd\ufffd\ufffdտ\ufffd\u0017\ufffdfw\r\u0015q\ufffd\f֏\ufffd\u0006\ufffd\"\ufffd\u0011b\ufffd\u00107\ufffd\u001bχ\ufffd\ufffd\ufffdv\ufffd\u0003\ufffdTg\u000e$\ufffdU\ufffd\ufffd\ufffd\ufffd\ufffdo\u000f\ufffd\ufffd8Lt\ufffd\ufffdu\u001c`͊\ufffd.Y\u0006٠m0,\u000f\u001a\"\ufffd\ufffd3D\ufffd\u0012a*\ufffd\ufffdI\ufffd\u001e\u0014\ufffd\ufffd/\ufffd8\ufffd}\ufffdL\ufffd~uzF\ufffd֕c\ufffd+\ufffd\ufffdc\ufffdS0,b\ufffd\ufffd\ufffdp8\u0015\ufffd,\ufffdsç0k\ufffd\ufffdHW\ufffdՐ\r\ufffd\u000e\u0013\u0013\ufffd!\ufffdc٠\ufffdZ\ufffdTj\ufffd\u0026\ufffd\ufffd\ufffdڂ+P\u003eMͱ\ufffd\u0004\ufffd2\ufffd4\u001eD\u0014}EF-\ufffd\ufffd\ufffdr\ufffdiwK\ufffdC\ufffd\ufffd\u0014h-\ufffd\ufffdc\ufffd\ufffd\u000bBW3\ufffd\ufffd2\ufffd2\b#\u001a\ufffd\ufffdG\ufffd\ufffd{\ufffd+\ufffdi\ufffd\u0015=\ufffd\u0019Vt\u000f\ufffd9\ufffdm\ufffd\ufffd\u0006\ufffd\ufffde\ufffd\ufffdC\n\ufffdcP\u001b\ufffd\ufffd\ufffdf\ufffd\ufffd^nL\ufffdٸ\t9\ufffd\u0005\ufffd\ufffdb_W\bӶ%?Rt\ufffdk\ufffdtd\ufffd\ufffd\ufffd\ufffdedU\ufffd\ufffdI\ufffds\ufffd\ufffdZ\ufffdubw\ufffdM#\ufffd\ufffd\u0005/:ʜ\u000ei\ufffd\u0019(\ufffd\ufffd\ufffd\ufffd\ufffd!: \u001e\nn\ufffd\u000ej\ufffd\u001c%\ufffd\u0026[U\ufffdMs\b*\ufffd\ufffd6\ufffd\ufffd\ufffd|\ufffdҙ\ufffd\ufffdlȼ%,\ufffd\ufffd83\ufffdO\ufffdv[I\u003c\ufffd\ufffd\r\ufffd\ufffd\u0015EB\u0007\u0000\ufffd\"b\ufffdG\ufffd\ufffdM\ufffd'[\ufffd\ufffdbT\ufffdl2B\ufffd\u0004\ufffd'J\u0001B!m\u0012,#\ufffd\ufffd\ufffdR\ufffd\u000eg\ufffd\ufffd\ufffdR\ufffd\ufffd\ufffd*\ufffdH\u0019,\ufffd\ufffd\ufffd\ufffd\ufffd\ufffd\ufffd\ufffd3\ufffd\ufffd\ufffdΞ\u003cA\ufffd!\ufffdjK\ufffd\n\ufffd1\ufffd9#l\u0012\u000b?g\ufffd:\ufffd\ufffdgj\ufffd#\ufffd\\-\ufffdGPeS\ufffdj\ufffdr\ufffd\ufffd\t\u001d\tLit\ufffd\ufffdz\u0017\ufffd\";\ufffd\ufffdyQ\ufffd\ufffd\u0012T\ufffd'\ufffd0\ufffd߫\ufffd\ufffdFY\ufffdlCO\u0006\ufffd'GJO\ufffd\u0013\ufffd\ufffd\u0002\ufffd)D}\ufffd^Q_zʗӟ\ufffdY\ufffd\ufffdL\ufffd\\\ufffd\ufffd\ufffd\u0019\ufffdM\ufffd\ufffd\u0018\ufffd\ufffdF\u0001\ufffd\ufffd\ufffd\u0016\ufffdK\ufffdr\ufffd\ufffd..\u001c\ufffdP~\ufffd@/\ufffdUm\ufffd)1͍\\\ufffd`\ufffd\ufffd\ufffd\ufffd\ufffd\ufffd\ufffd\ufffd.t\ufffdeO\u001b%\ufffd\ufffd\ufffd1\u0001\ufffd\ufffd\u0006;)\ufffd1\ufffd`\ufffd߽\ufffd0\u001b\ufffd\ufffd\ufffd.\u001a\ufffdx\u001a\ufffḏУ޷\ufffdM\ufffd\ufffdcڷ\u0019\ufffd\ufffd\ufffda\ufffd0\ufffdΓ\ufffdtf\ufffd\ufffd\\\ufffd a\u0012\ufffd\ufffd$\ufffd\ufffdtx-gFks\ufffdkv7\u0011\ufffd\u001f\rz\ufffd\ufffdA\ufffd0\ufffdj\ufffdb\u003e2\ufffd\ufffda\ufffdi\u003cI\ufffdipE\ufffd=?\ufffd\ufffd\ufffd \ufffd\ufffd\ufffdT\ufffd|\ufffd\ufffd\ufffdR$V\u001c,J\u0018\ufffdf:\ufffdE\ufffdj\u0005f\f\ufffdޒQlr\ufffdŔ.\ufffd\u003e\ufffd\ufffds\u0015\ufffdiK;s\u0019sрaL/\u001dɵм\r)\u0005\ufffd:\u001dEu\ufffd\u0002x\ufffdE\u0019O\ufffd'3\ufffd\ufffdz烖\u001a\ufffdq\ufffd\ufffd\ufffdW+\u0011:\ufffd\ufffdg\ufffd\ufffd\ufffd\ufffd8\u001c\ufffd\u003c\ufffd\u001b\ufffd\ufffd\ufffd\ufffd\r\ufffd+*Y\ufffdy\ufffd\ufffd\ufffd\ufffd\ufffd\ufffd(G3}\u001c]/k\ufffd\u000bQV\ufffd\ufffdv\ufffd\ufffd9K\ufffd]\ufffd\ufffdq\u0019CI(\ufffd\u0004\ufffd1o!m\u001aŠ\ufffd\ufffd\u001e\ufffd\u0019_\ufffdx\ufffdԺ\ufffdv\u0018\ufffd\u0007\ufffd\ufffd\ufffdm.\u0001Ql\ufffd\ufffd?\ufffd\ufffdLb\ufffdڲ5n\ufffd\u0003\ufffd0\ufffd9\ufffdzO/\ufffd\ufffdc\ufffd\ufffd\ufffd\ufffdXΪwq\u00009\ufffdϱ_콹u\ufffd\ufffd\u0014Ř\u0011ZF\u0001z\ufffd\ufffd\ufffd\ufffd\ufffd;\ufffd\ufffd\ufffdq\ufffd,\ufffd\u0003d_\ufffd\ufffd\n\u0001Q\ufffdǛGb\ufffd\ufffdbrݛ3\ufffdp\ufffd\ufffd\u0014MuP\ufffd\ufffd\ufffdW3\ufffd\ufffde*\ufffd[\ufffd\u00165W\ufffd\u0019\ufffd\u0026h\ufffd\ufffd\ufffd\ufffdV|\u0014\ufffd\ufffd\ufffd5\ufffd#\u00261\ufffdv\ufffd\ufffd\ufffd\ufffd\ufffdϦ:\u001d\ufffd\bRM\ufffd\ufffd\u0005\ufffdǬJ\ufffda\ufffd\ufffd;\ufffd\ufffde\ufffd\ufffdv\ufffdȴ\u0014\ufffd#ޑ\ufffdf\ufffdR;\ufffd\ufffd\ufffd\ufffdՍ\ufffd\ufffdp\ufffd\u001b\u0017kHF,V\ufffd]\ufffd\ufffdklܛ\u0000\ufffd,\ufffd\ufffdqV56\u001b\ufffd\ufffdGE\ufffdJvE\ufffdX\ufffd\ufffdve\ufffd\ufffd\ufffd\u0016\u0017\ufffd\"֙\ufffd\ufffd\"ހL)*\ufffd!\ufffdE\ufffdVӓ\ufffd\u0013j\ufffd߮\u0017\ufffd\u0003*C\u001c\ufffdz\ufffd\ufffdm\ufffd\ufffd*\ufffd1\u001dl_n\ufffdf\b\ufffd\u001b\ufffd\ufffd\u001dO\ufffd\ufffdHHcXzw\ufffdv\\\ufffd\ufffd[B\u0015w\ufffdr\ufffdS\ufffd$\ufffd\ufffdg~ɜ\ufffd\ufffd\ufffd\ufffd\ufffd\ufffd(\ufffdn\ufffd\u0010\ufffd.9\ufffd(\ufffd\ufffd_6\u0002\ufffd+\ufffd-@\ufffd\ufffd\u0005c\ufffd;\u001c\ufffd^\ufffd抴\ufffd\ufffd\ufffda\ufffd3l\ufffd\ufffdM\ufffd\ufffdy'\ufffd\ufffd#z\ufffd6\ufffd\u0019ِ\u001eią8U\ufffds\ufffd.\u0017\ufffds5\ufffd\u0016\ufffd\n\ufffd\ufffd\ufffd\ufffd~\ufffd\ufffd/\ufffd)M\ufffd\ufffd\ufffd\ufffd4\ufffd)\ufffd\ufffd\u001el\ufffd\ufffd\r%y\ufffdG\ufffd\b\ufffd\ufffd\u0007\ufffd\ufffdg\ufffd\ufffdaْ\ufffd\ufffd\ufffd\ufffd\ufffdfK\ufffd\u0002~8\u001a;\ufffd\ufffdu\ufffd\ufffdG\ufffd\ufffd\ufffd؃~w\ufffd\ufffd\ufffd\u0014}\u003en\ufffd\ufffd\ufffd\ufffd\u001d\u000eL\ufffdG\ufffd\ufffdT\ufffd~\ufffd\ufffdA\ufffdM.\ufffdn=v\ufffd\ufffd)\u0026\ufffd\u000bE\ufffd\ufffdf\ufffd\ufffd\u001fu\ufffd\ufffd*޻}\ufffd\ufffd#u\ufffd\tO\ufffdK\u0000\u003c\ufffd7*܏\ufffd\ufffd\ufffdFų{\ufffd\ufffd\ufffd\ufffd\ufffdo/a)\ufffd\ufffd\ufffd\ufffd?\ufffd{\u0000?\ufffdp\ufffd\ufffd\ufffd\u0001v\ufffd\t4H6\ufffd\u000e\ufffd\ufffdF\ufffd_I:\u0007\ufffd\ufffd\"\ufffd+\ufffd\ufffdW\ufffd\u0006\ufffd\ufffd\ufffd\ufffd%!(?\u0011*\ufffd\ufffd\ufffd3\ufffd\u0012\ufffd=O\ufffd\u0012s\ufffd\ufffd;y2Tb\ufffdr7P\ufffdt\ufffd\ufffd@u\ufffd\ufffd~\ufffd\u00035\ufffd\u0007\ufffd\u0010T\ufffdн\u001bɸ\ufffd%\ufffd\ufffd]\ufffd'\ufffdzl\ufffd)\ufffd\u0026ļ\ufffdc\u0026\ufffd\t@\ufffd\ufffd\ufffd\ufffd1d\ufffd\ufffd\u0002R\ufffdH\ufffdk\ufffdq\ufffd\ufffd\b\ufffd\ufffdP\ufffdj\u0004YLɕ\ufffd\u00124\ufffd\u000b#[\ufffd$\ufffdz2Xr\ufffdH\ufffd\ufffd\ufffd\ufffd$[\ufffd(\ufffd\ufffd\t\u0019\ufffdan\ufffd\ufffd͇җ%\u0011a'X\ufffd\u0015w\ufffd}6\ufffd7\ufffdv1\ufffdތ7x \u0026\ufffd\ufffd\ufffd=\u000e\ufffd\ufffd\u0007\ufffdR\ufffdg\ufffd\ufffd\ufffdE\ufffd[\u0015\ufffd\ufffd\ufffd\ufffd\u0010ZN\u0000~{\u000b^\ufffd\ufffd{y\ufffd\ufffdT\ufffd\u003e\u0000/\ufffd\ufffd\ufffd\u0007\ufffd3\ufffdyz\ufffdŹte^\u0019\ufffd\b\ufffd90\ufffdt\ufffd0\ufffd\ufffd\ufffd\ufffd\ufffd\ufffdX\ufffd]\u001e\ufffdØ\u0000\ufffd\ufffd\ufffd\ufffd\ufffd\ufffd+p\ufffdp\ufffd\ufffd\ufffd\u001bp\ufffdW\ufffd\u0006\ufffdڝqYD5\ufffdu\u0011\ufffda\u0012\ufffd\ufffd\ufffd\ufffd\u003c\ufffd;\u001c2n\ufffd\ufffd\u001b\u000fFcG\ufffd\ufffd\ufffd\ufffd\ufffd\ufffd\ufffd\ufffdQ\ufffd\ufffd\ufffd\ufffd_{\ufffd\ufffd\ufffd\ufffd?2\ufffd+\ufffd\ufffd7r\ufffd\ufffd\ufffd\u000bR\ufffdJ\ufffd\u0017\u0026\ufffd\u0002F%\ufffd/\u0014\bE\ufffd\ufffd]\ufffd\u001aݨ\ufffdjҜ\ufffdY\r\ufffd\u000e\ufffd$2\ufffd\ufffd\ufffdҌ,+\ufffdb\u0019/ʿUf\ufffd\ufffd\ufffd\ufffd\ufffd\u0017\ufffd\ufffdJ\ufffdB\ufffd\r3\ufffdke$:\ufffd\u00159\ufffd~ٷ\ufffd\ufffd\u0026\ufffd\u0007\ufffd\ufffdxa\ufffd\u001aY\ufffd\ufffd\u0014W\ufffd{#\ufffd^\\\ufffd\ufffd\ufffdd\ufffd^\\\ufffd\ufffd\ufffdB\ufffd\u0017\ufffd\ufffd/u\ufffd\u000bI\u0007\ufffd(9\ufffdW$\ufffd\ufffd(\ufffd_j쿟\u003es~\ufffd\ufffdgu\ufffd\ufffdW\ufffd\u00197\ufffd\ufffdЛ\ufffd\ufffd\ufffd\u0012b\ufffd\ufffdo\ufffdK\ufffd(\b\u0015\ufffd)8\ufffd\t\u003e^^H\b\ufffd\ufffd\",\ufffd:K\ufffd\u0015\ufffd\ufffd\ufffdNOU]\ufffd\u0015\u0007\u003e\ufffd!\"[\ufffd'C\ufffdŭp\ufffd0q\ufffd\ufffdI\ufffd\ufffd\ufffd\u0007\ufffd٨/\u0017~\ufffd\ufffd\ufffd\ufffd\ufffdo\ufffd\ufffd{|\u0018\ufffd\ufffd\ufffdi\ufffdɿ\ufffd's\ufffdE\ufffd\ufffdE\ufffd\ufffdEf\ufffd\ufffd\ufffdǥ\ufffdF\u001d\ufffd\t3݈1I\ufffdS\ufffd\ufffdw\ufffd-\u0011Б-\ufffd\u001a\ufffd\ufffd\ufffd\u0017\ufffdX:2cY\ufffd\ufffdz`P1\ufffd\ufffd\u0000\ufffd\u0026\ufffd\ufffdR\u0026aO\ufffdgS\t%\ufffd㦔]\ufffd\ufffd\ufffd^\ufffd E\ufffdy傑h\ufffdR\ufffdyJ\ufffd\ufffd\u003e\ufffdH\ufffd\ufffd\ufffdHV\ufffddE\ufffdL}\ufffd\ufffd\ufffd6\ufffdM\ufffd\ufffdCO\ufffd++o\ufffd;X,f\ufffdJ\u0018ɱK'\ufffdA\ufffd]|\ufffd\u0004,\ufffdGֱ\u0016\ufffd\ufffd\u000f\ufffd`\ufffd\u0003\ufffd\ufffd\ufffd\"*O\ufffd\ufffd\ufffd\ufffd\ufffd1y\ufffd\u0006\ufffd\u000bk\u0013\ufffdLJ|\ufffd\ufffd8\ufffd\ufffd\ufffd\u001b\ufffdV\b%|t\ufffdV\ufffd\ufffd\ufffd|\ufffd\ufffd\ufffd\ufffd\ufffdR\ufffd\\\ufffd=\ufffd\ufffd\ufffd;k\ufffd\ufffd\ufffd\ufffd\ufffdɿ\ufffd.\ufffd\ufffd\ufffd˾\ufffd˾\ufffd˾\ufffd˾\ufffd˾\ufffd˾\ufffd˾\ufffd˾\ufffd˾\ufffd˾\ufffd˾\ufffd˾\ufffd˾\ufffd˾|L\ufffd_w\ufffd\ufffdF\u0000x\u0000\u0000",
            "content_base64": "H4sIAAAAAAAAA+08+3PbNpP91Z7J/4CyuUpq9aAelhzZkr+0db9mLk1ysXOdbzoZFSIhiw0lqiTlx2X6v9/uAiDBhyQnV6ftd0JaSwIWu4vFvgACbLacYDnzrpqr+eqzByo2lH6vR592385+2na72xl81j5qDwb9Qa8/aH9mt+12p/sZsx+KIbOso5iHjH0KUn/FcnoGE394ePA48mIxib3YF2zEKpciitk3AQ/dysmjw0eHB66YeUtRrTx9/vzlT5OLb18/e3U5uXz6z4tKncXhWtRODg9arSyWebzwo5VwPO47cx5G1SsRz4MoXvKFqNbq7PzF5eS/3ry8PL+os8qby+8bxxVAk9L67pvJDy8vLoFCxQ8c7mNfhDAB3lycv0aAGzFd8CgWYR7g1dOLi59evv4OgVY8im4CGFMO5sXTH8+xPYZRT6Y06hzEtz88fX1xTqys49nxYtqTrM7WSyf2giVzpxMwpKVw4mrt8OD94cHBY/gNQljcRb/5XtKoxlRninf6onmkH8gM4T7wZtXPEQsgPDhwPeSEx3zKI8EUOqQ8454v3CGrNLOkJiIMg7Bak7hUWyTiCc2FiKuImiiqwUnAUMTrcMmwEUTwuznGUCxdEU5WMA1IJBZLiQS/qEEDywUNIfYV2qXfmYZJpzow70ciQ1hCFFQn7VKmNSki5PhsfPhnm9XfpjRbbnCz9APuPlwE2OH/7Xb7SPl/9Ps2+v9et7f3/5+ikP8nDx+K39ZeKCbB0hFVq9magVtBnbBqMgLg74lWlurjyT/PL3+uYGXlrYQ4G//Zg9mXDy7pPD8cjV3539FRO2v/9gCr9vb/CUpq/48jfg0G7oUjq3XNw9bNzU0Lw3ArXqxalvQB0hHofIA8wnpF/uDLx/irRgDv6e/BlR9Muc8SvBLFAQFOMAeE7ChpbMYeJoXNyj8qTQ9i/XXVothu1a3zN982/vO1VaeOP1ewp3Y58p/MlBbBteZGuBOEraoeMICJ7FVPidckryqxOo2c0FvFLL5biZEVi9u49Su/5rLWGnNfhHHVws5MkqC063PwjXMvioPwrjnlzrtq7bQlu4wrymsm+VRCWNb/brCfFWjqYunnisfzjFhhrNQgboFyZELVFERWxNF6GsVhFf7HjxS8DqKu1dtZQR7MBYgvrFa+lelW4xIEMiTGWuvluyXwloysAPudkIOHoQzZ9yiry5Avoxkl5Zv6eBHkk57sw+OYO/MF1J8QSRzByKo00/E0K9ZmXM/F8iqeDytNBI+8/xEZ4eR7vQr51YIP2TJoOEBVFPGe364gIEZDu5ITUggAqYJJ/LozTEusvv+ezvRfNjY2Wx4k9bcPGgB2+P+jXuL/+71uu4P+f3DU3/v/T1GU/89mf5PJd89eTybNirE5RDZwNn50eIpBYXwIn2AF8HlwuhAxZ2pVObJgfQxumxpoI2B8ejYqLufSjYLyFd3Z+LQluyMi31u+g+WnP7Ki+A5sey5EbLF5KGaqpulEEdI8bSmuTqeBe0d9pTUzx4fFP0AD3YasIh4PTl3vuqRxMvFgFa1gAEk7A0OcWeN0lwTothXoKgPppj7RGj9lkbdYgV989cMrNpX9VpKLFrBB7LYkfSlY7i01thW/EorjSK38VYtaGTdWfCl8EoLa04lEFAHcBDU8rtIqW21KmLsVVO1DLJmgy4TGtk1VSBB+eRHtFch0H+sg9rIzVvVgzZ+pZUPWxo4Qn2TfU9auIb8aU1sxsF7GE3Craz9Ot0d+W4vwTu1IWJHwgTNGkNWvaoxHLA5iSCVmYbCQcrNqJrLgJsU0E7Ezn/Aw5IQvJSZ7EKIJ1UMfOYoEC6QK2Fx5a4Ai8xGi57fVdp05wvOrGSwtlkpPbrYkEhgzE0lGGGYDUQtmMxA08iRBGiA99pWBW2H+XE/IxfnFxbOXL36urCMRqqSo9p52P0B1ZkG40AriB1fesjHlocU4aY6qotUdW+CmnAsKFkSxUjCfT4U/fqPwslNvuVqbuZHFZGTWlC2GDI6stm0x5UjcFhiwxGOgfKU24LIo9bacRpv+3onWRAOJzsJLeKMRWuya+2v49Zx+taSFoWwMM8E9LuFH4j1iFM48YJbhFEAlAh9kVxmfRmBhuvZG+E4AMh//JL8wq1k6JU0LUkLoNzZRylmIKmPrRM7XIfJljmW6juMgw36whqGBd/Y95x2OzuGIo0k+sJJMZ0U63i2ofgrBLW3GdIPNCSYtIi0W8lLyL7KuNtvQ0/MpuDWlb2ShDapScUCHCvgaKjcZz1P/5TeW68UUva38BNc/T8DG5GwzVZmeqH9j/LsRxOUw4jH+TUDgi3SxrYS301iFjGRL/D5O6ivDKTHQWYg00zvmuQwdP/M90EhUDWndTauOP1J3gTK8mVMmudmJKfeV2raS4WnslokQwu1j8mWeW3lLYVSL3lXS4SpyXnviBqf6zHNHuV4q7h0k1TQJ2CJRtLgWo1vKC01K0hnNIc9LcYIAHL9UrX81Fg2X/TD0QFywZgFPiWtDiQoh0NGlyNRUGtZ8pqqTFKBFumgAoYc23fsYnG0i3iW/NoKutyTzANcZerxBrmdkUcxnRqtpK4b7T7GmUk/y7TMEIsFrh49y/9Lnv62DE/YqFNdesI6kqBPk6KwOwIFVH3sUUhl8nubCCdR9/XWN3BkxA5AAgW0GO4Yzs5x1GEIGIWfMQ9GSyzLISrraTe4ekYdDSbDxIqrfM5I6zQbK+wvtaym0FxCU2JchSa4oMKUPMK8legINKp+SUJhzUSKpvUFL5rt/dqL+QKXZSmLHg9HY+fx3YBfXf/vnv5+k/Luv/wyPrxPnVy8vYNFCao+R5BCfXGJmrpM2zM4VUJrHnajkXeWvKUjyTFmBlC+wPiiZQKoRu5mLUDDNwaiS8FdhfInBR9KFhoQFK3lurIhAToDrmihJIjAS2DXpy2VKp/Yr5Q5n5dkS0kTIXhJZBCEznpon25uU/aVZc9lSE8ZclhCPknGc6DiQScDLMOk6yKniMLiTtcqBS+2bx/GqgSp8PaqAVsBo5xWmFsajin3C1qE/SoJI5d/WnX9wabYS+3kwGtv9f7vf7na0/z/qdAb4/Ndu75//fpIyDIMgZu8PGWs0pldD9sWsNxvMpidUEa3DGXcE1lLJ1DaiYBZj0/GMz5xs0zy4FiG2tWd93W1KqyOoFB1xPLPNygaa9RKpO1P3SLRlG+40QFX7uNPpKvDFOsajLl/0e4PesWJyFXoLHt5Bbeeo3xXZWlhahO8QidsT7rFm0nHAoUCtPQOVE7LW5csrYs91Ov1OX4HOuRvcDJnN2serW9brwJ/wasqr7aM663TrUFNndtM+rpnwSjLQCcA3delDF3BhX5Hsp8FtAxaEHspAiQSqCABDp4ThzrurMFgvQQDXPKzifEkcGOoIBEYMQQ0oIzcLb9mYC+9qDqyAQV3PT3JIIKgKHjauQu56eJSnfWy74qoOEyRACWbMrqd0WOfYXt3SKGHBFoSaBZwjqp2Br23M+MLzYSaegd8N66zBVysf9OQuisWizr7BKP4jdy7o9/cBHuaxLsRVINibZ7DUewoLLB9WfHwZNSBEeLMEL66VYRC91S1WId/pyJpHJANOAsjwplQgZe9G9enbJCDkveEKJwi5fPy0DJZCIhuSAm9ESVpVK8WxxiNSyCEhaho7yoVJJK3oHKFaJH/s5nGfECdaEMfBYkiaFAUYmWWvTh+VCTSp07Ox1xPV6TZRWcmwoZAbJy/Hp9r5JnZdL1r5HGZ05guSPSQHV8sGAC/AfhyB84zVv4IX9WZ3DRVxhwzWj+AGpiK+EWKJEDeeG8+HqJTVdrsDulRnDiSDVdDM/4Clbw+1izhMdJjxdRxgzYq7LlkG2aBtMCwPGiKj6TNEyBJhKq7FSd4eFJqGL9A4232pTIZ+dXpGldaVY6krvohj9FMwLGKlwMVwOBWwLM9zw6cwa+C0SFeC1ZANlA4TE7YhmWPZoPVa/VRqgCa6jtLagitQPk3NsZoEyzK4NB5EFH1FRi3IydZywml3S4RDhoQUaC3+/mOmuQtCVzONiDLPMggjGuLMR42ee64rlWm3FT3pGVZ0D/M5qm2R9garqmWUs0MKhWNQG8b1w2ay8V5uTPjZuAk5qAX+3WJfVwjTtiU/UnSJa+h0ZLXW78RlZFWo6EmUc6fmWoZ1YneXTSO82gUvOsqcDmmFGSiFof3p+iE6IB4KbqoOaoocJcgmW1WcTXMIKonYNpGG2nyh0pnN0WzIvCUswbw4M81PgHZbSTzG0w3K0BVFQgcA9iJigkewuE21J1ud8GJUk2wyQskE8SdKAUIhbRIsI/bAvFKRDmeBs45SwcrfKsVIGSyLkKaW2/SvqzOX7qDOnjxBiyHbakvbCtYxxjkjbBILP2eeOrytZ2rVI5pcLYxHUGVT9mrQct/QCR0JTGl0+6Z6F5UiO7b7eVGzjxJUoifrMMLfq8DTRlnUbENPBqgnR0pPyhONnAKVKUR9s15RX3rKl9OfslmQ+Uz5XJS1qRnRTea8GKnRRgGm+dEWrUuBcqLeLi4c8lB+hUAv/lVttCkxzY1cjWCj6pf4jJKgmi50tmVPGyX3kdQxAe/MBjsp4jGkYOnfvd0wG9v51y4a/XgaqMyx0KPet/VNzclj2rcZ/93XYcow1s6T0nRmkI1clCBhEvaoJJz1dHgtZ0Zrc8FrdjcRuR8NeuDzQbkwxWrlYj4yr9Jhsmk8SYVpcEXMPT/5iZYgf5TFz1TtfL6KgFIkVhwsShiNZjq7RYFqBWYMxd6SUWxyvMWULo8+ntdzFa5pSztzGXPRgGFMLx3JtdC8DSkFxzodRXX9AnjyRRlP/yczy85654OWGopxw/+tVysROtrlZ/mk7YA4HPo8ihvO3PPdDeIrKlnaeZuXz+zylChHM30cXS9r4QtRVo+PdomiOUupXd3McRlDSSiGBJkxbyFtGsWgv9setxlfynjG1Lq2dhibB5O4xW0uAVFst+4/2NhMYtLasjVulgOCMH9/vDniek8vvu9jjuCvy1jOqndxADn1z7Ff7L25dZvpFMWYEVpGAXr25sX7hzuQsrBxnCzHA2RfrtsKAVGux5tHYsG+YnLdmzOtcKHWFE11UOney1cz9qllKsVbuRY1V5gZ1CZouqOgzlZ8FPHC4jX1IyYxuXbO0eP1zM+mOh2RCFJN6K4FyMesSvNh9747msdlq4920ci0FPIj3pGuZtZSO8PBtp3VjYL9cLIbF2tIRixW8V2D7mts3JsAuH8shOtxVjU2G/q0R0W9SnZF61id7HZl97vkFhfuItaZ3Pwi3oBMKSqFIZNFklbTk88TaqTfrhfKAypDHMd6sZRtpO4qrzEdbF9ukmYIpxul2R1PlYZISGNYeneOdlz16ltCFXfocsRT0CSLrmd+yZya6sz9ppwowG7wENwuOeQola5fNgKkK5gtQOmeBWPlOxzsXvDmirSQrcth5DNsw+9N/cB5J4WhI3rjNt0Z2ZAeacSFOFWoc6kuF/JzNe4Wpgrj+f3PfrK5L/cpTbre97A08Cn/wB5svP8NJXn/R/cIz3/1B93uZ+zoYdmS5f/58/9mS58CfjgaO87/dY+6R9n3v9iDfnd//u+TFH0+bsvt//sdDkzvR5qXVPB+kOVBgE0up249dsbpKSajC0WZ02aZvh914ssq3rt97LkjdYUJT71LADyRNyrcj5LH50bFs3vWxfnz828vYSn1/euXP6p7AD/9cP76nAF2qwk0SDbbDuWNRvZfSToHu+8iyCut+FeeBpXf8OQlISg/ESqb/pAzoRLVPU+FEnOthDt5MlRi2HI3UMp01+1Aden3fvcDNfAH3xBUvNC9G8m4viWoxF24J6h6bL8pqCbEvLpjJoUJQKjRxfMxZLe/AlK6SKNr3XHxmgjdzlC8agRZTMmVnRI0mQsjW7Ekt3oyWHL3SIbR7pskW6koweUJGcphbrnQzYfSlyURYSdY4BV3oH021jeqdjGQ3ow3eCAm9NfkPQ7q0geRUq9n0fXaRahbFZXsy3/OEFpOAH57C16hmXt5gIFUvz4AL7jxxAfJM8F5eubFuXRlXhm/CJg5MLp0ojCdjdXtorxY1F0e+cOYALWflKj+litw33Dn3eYbcKlX1AaQ2p1xWUQ10XUR6WESv6KujDz6OxwybraSG38PRmNH/tfr9vX9/8FRx+7T+V97f/73k5Q/Mv8rnN03cq3C/QtSu0qaFybXAkYlly8UCEWXpF3FGt2o3GrSnLhZDYAOvyQy1Mz30owsK/9iGS/Kv1Vm8v2z5+cXwOBKukLzDTPJa2UkOvMVOYV+2beKlCaeB4+jeGHcGlmF+BRX6Hsjz15cnL++ZM9eXL6U2UL1F5TaL3X2C0kHvyg54Fcki58ohF9q7L+fPn9zfsGqZ3WW/lejGTfuq9Cb9fS9EmKnhm/6S94oCBWTKTjNCT5eXkgIyNkiLJU6S+YVvqrcTk9VXb4VBz6QISJbvCdD+MWtcNYwcZL8SZ684weR2agvF36u89X3m2+84Ht8GL6FiGmFyb/TJ3PrRb/hRb/eRWbB8t/Hpd5Gfx3DCTPdiDFJ7FPtv3eqLRHQkS39Gobc2xeYWDoyY1mA1npgUDG9rACfJvOEUiZhT/dnUwklmeOmlF2lr5te6yBFmnnlgpFotlL0eUqZlD7NSJXd5UhWkGRFkkx9vc7RNr1NgelDT4orK2+EO1gsZvJKGMmxSyfwQa5dfOcELNJH1rEWi/IPqWCQA9Xr3iIqT+SL84GOMXnNBsULaxONTEp875w4+7aMG/lWCCV8dIdWq6yXfIih4eSvUsBcyj39sJQ7a4D0vo6Pyb/zLvXs75GT78u+7Mu+7Mu+7Mu+7Mu+7Mu+7Mu+7Mu+7Mu+7Mu+7Mu+7Mu+7Mu+7Mu+fEz5X3eY3EYAeAAA",
            "content_base64sha256": "oD0eTOCxuO51WyOJie7HOhUh2JyY4ejHtyt6aqB0lkk=",
            "content_base64sha512": "sE3pPD+gIdHUbmW4c7cdtiw6HU0MdwXLXiRa5FKKntCrD4L7LE9hJIYuNwWp0pp+OnfH3C2ifkKteeSstME3eQ==",
            "content_md5": "7622e9af8611c2a8bfd240604089c6cf",
            "content_sha1": "7f6bf6c61678214263884f0d409f521195b3fb05",
            "content_sha256": "a03d1e4ce0b1b8ee755b238989eec73a1521d89c98e1e8c7b72b7a6aa0749649",
            "content_sha512": "b04de93c3fa021d1d46e65b873b71db62c3a1d4d0c7705cb5e245ae4528a9ed0ab0f82fb2c4f6124862e3705a9d29a7e3a77c7dc2da27e42ad79e4acb4c13779",
            "filename": "./web_files/test_board.tar.gz",
            "id": "7f6bf6c61678214263884f0d409f521195b3fb05"
          },
          "sensitive_attributes": [],
          "identity_schema_version": 0
        }
      ]
    },
    {
      "module": "module.as",
      "mode": "managed",
      "type": "aws_autoscaling_group",
      "name": "web",
      "provider": "provider[\"registry.terraform.io/hashicorp/aws\"]",
      "instances": [
        {
          "schema_version": 1,
          "attributes": {
            "arn": "arn:aws:autoscaling:ap-northeast-2:511874874257:autoScalingGroup:6bff0f44-b8c8-4c10-894d-6d589969db5e:autoScalingGroupName/auto-web",
            "availability_zone_distribution": [
              {
                "capacity_distribution_strategy": "balanced-best-effort"
              }
            ],
            "availability_zones": [
              "ap-northeast-2a",
              "ap-northeast-2b"
            ],
            "capacity_rebalance": false,
            "capacity_reservation_specification": [
              {
                "capacity_reservation_preference": "default",
                "capacity_reservation_target": []
              }
            ],
            "context": "",
            "default_cooldown": 300,
            "default_instance_warmup": 120,
            "desired_capacity": 2,
            "desired_capacity_type": "",
            "enabled_metrics": [],
            "force_delete": false,
            "force_delete_warm_pool": false,
            "health_check_grace_period": 120,
            "health_check_type": "ELB",
            "id": "auto-web",
            "ignore_failed_scaling_activities": false,
            "initial_lifecycle_hook": [],
            "instance_maintenance_policy": [
              {
                "max_healthy_percentage": 120,
                "min_healthy_percentage": 100
              }
            ],
            "instance_refresh": [],
            "launch_configuration": "",
            "launch_template": [
              {
                "id": "lt-057f066e4e7b564a3",
                "name": "ec2-temp-web",
                "version": "$Latest"
              }
            ],
            "load_balancers": [],
            "max_instance_lifetime": 0,
            "max_size": 6,
            "metrics_granularity": "1Minute",
            "min_elb_capacity": null,
            "min_size": 2,
            "mixed_instances_policy": [],
            "name": "auto-web",
            "name_prefix": "",
            "placement_group": "",
            "predicted_capacity": 0,
            "protect_from_scale_in": false,
            "region": "ap-northeast-2",
            "service_linked_role_arn": "arn:aws:iam::511874874257:role/aws-service-role/autoscaling.amazonaws.com/AWSServiceRoleForAutoScaling",
            "suspended_processes": [],
            "tag": [],
            "target_group_arns": [
              "arn:aws:elasticloadbalancing:ap-northeast-2:511874874257:targetgroup/tg-webserver/23c33d6e06f1c5a3"
            ],
            "termination_policies": [],
            "timeouts": null,
            "traffic_source": [
              {
                "identifier": "arn:aws:elasticloadbalancing:ap-northeast-2:511874874257:targetgroup/tg-webserver/23c33d6e06f1c5a3",
                "type": "elbv2"
              }
            ],
            "vpc_zone_identifier": [
              "subnet-07ae9798103b37d06",
              "subnet-0ee33f901eb7cc156"
            ],
            "wait_for_capacity_timeout": "10m",
            "wait_for_elb_capacity": null,
            "warm_pool": [],
            "warm_pool_size": 0
          },
          "sensitive_attributes": [],
          "identity_schema_version": 0,
          "identity": {
            "account_id": "511874874257",
            "name": "auto-web",
            "region": "ap-northeast-2"
          },
          "private": "eyJlMmJmYjczMC1lY2FhLTExZTYtOGY4OC0zNDM2M2JjN2M0YzAiOnsiZGVsZXRlIjo2MDAwMDAwMDAwMDAsInVwZGF0ZSI6NjAwMDAwMDAwMDAwfSwic2NoZW1hX3ZlcnNpb24iOiIxIn0=",
          "dependencies": [
            "module.files.local_file.web_script",
            "module.keypair.aws_key_pair.ssh_public_key",
            "module.keypair.tls_private_key.ssh_public_key",
            "module.lt.aws_launch_template.web",
            "module.sg.aws_security_group.sg_map",
            "module.tg.aws_lb_target_group.web",
            "module.vpc.aws_subnet.publics",
            "module.vpc.aws_vpc.main",
            "module.vpc.data.aws_availability_zones.valid"
          ]
        }
      ]
    },
    {
      "module": "module.as",
      "mode": "managed",
      "type": "aws_autoscaling_policy",
      "name": "web",
      "provider": "provider[\"registry.terraform.io/hashicorp/aws\"]",
      "instances": [
        {
          "schema_version": 0,
          "attributes": {
            "adjustment_type": "",
            "arn": "arn:aws:autoscaling:ap-northeast-2:511874874257:scalingPolicy:b304e902-37d7-474a-bd79-d3ec4d56c58f:autoScalingGroupName/auto-web:policyName/cpu-util-policy",
            "autoscaling_group_name": "auto-web",
            "cooldown": 0,
            "enabled": true,
            "estimated_instance_warmup": 0,
            "id": "cpu-util-policy",
            "metric_aggregation_type": "",
            "min_adjustment_magnitude": 0,
            "name": "cpu-util-policy",
            "policy_type": "TargetTrackingScaling",
            "predictive_scaling_configuration": [],
            "region": "ap-northeast-2",
            "scaling_adjustment": 0,
            "step_adjustment": [],
            "target_tracking_configuration": [
              {
                "customized_metric_specification": [],
                "disable_scale_in": false,
                "predefined_metric_specification": [
                  {
                    "predefined_metric_type": "ASGAverageCPUUtilization",
                    "resource_label": ""
                  }
                ],
                "target_value": 30
              }
            ]
          },
          "sensitive_attributes": [],
          "identity_schema_version": 0,
          "identity": {
            "account_id": "511874874257",
            "autoscaling_group_name": "auto-web",
            "name": "cpu-util-policy",
            "region": "ap-northeast-2"
          },
          "private": "bnVsbA==",
          "dependencies": [
            "module.as.aws_autoscaling_group.web",
            "module.files.local_file.web_script",
            "module.keypair.aws_key_pair.ssh_public_key",
            "module.keypair.tls_private_key.ssh_public_key",
            "module.lt.aws_launch_template.web",
            "module.sg.aws_security_group.sg_map",
            "module.tg.aws_lb_target_group.web",
            "module.vpc.aws_subnet.publics",
            "module.vpc.aws_vpc.main",
            "module.vpc.data.aws_availability_zones.valid"
          ]
        }
      ]
    },
    {
      "module": "module.cache",
      "mode": "managed",
      "type": "aws_elasticache_serverless_cache",
      "name": "main",
      "provider": "provider[\"registry.terraform.io/hashicorp/aws\"]",
      "instances": [
        {
          "schema_version": 0,
          "attributes": {
            "arn": "arn:aws:elasticache:ap-northeast-2:511874874257:serverlesscache:cache-test-board",
            "cache_usage_limits": [
              {
                "data_storage": [
                  {
                    "maximum": 10,
                    "minimum": 1,
                    "unit": "GB"
                  }
                ],
                "ecpu_per_second": [
                  {
                    "maximum": 2000,
                    "minimum": 1000
                  }
                ]
              }
            ],
            "create_time": "2026-05-28T05:18:20Z",
            "daily_snapshot_time": "01:00",
            "description": "Test Board Cache Server",
            "endpoint": [
              {
                "address": "cache-test-board-mmjbws.serverless.apn2.cache.amazonaws.com",
                "port": 6379
              }
            ],
            "engine": "valkey",
            "full_engine_version": "7.2",
            "id": "cache-test-board",
            "kms_key_id": null,
            "major_engine_version": "7",
            "name": "cache-test-board",
            "reader_endpoint": [
              {
                "address": "cache-test-board-mmjbws.serverless.apn2.cache.amazonaws.com",
                "port": 6380
              }
            ],
            "region": "ap-northeast-2",
            "security_group_ids": [
              "sg-0a1d510c7c39240a1"
            ],
            "snapshot_arns_to_restore": null,
            "snapshot_retention_limit": 0,
            "status": "available",
            "subnet_ids": [
              "subnet-04696d92c819dbf2a",
              "subnet-0d05deff14fcaf597"
            ],
            "tags": null,
            "tags_all": {},
            "timeouts": null,
            "user_group_id": null
          },
          "sensitive_attributes": [],
          "identity_schema_version": 0,
          "dependencies": [
            "module.sg.aws_security_group.sg_map",
            "module.vpc.aws_subnet.privates",
            "module.vpc.aws_vpc.main",
            "module.vpc.data.aws_availability_zones.valid"
          ]
        }
      ]
    },
    {
      "module": "module.crt",
      "mode": "managed",
      "type": "aws_acm_certificate",
      "name": "web",
      "provider": "provider[\"registry.terraform.io/hashicorp/aws\"]",
      "instances": [
        {
          "schema_version": 0,
          "attributes": {
            "arn": "arn:aws:acm:ap-northeast-2:511874874257:certificate/11757f50-400d-4923-a381-a5623c69ff9b",
            "certificate_authority_arn": "",
            "certificate_body": null,
            "certificate_chain": null,
            "domain_name": "www.ksg.it-edu.org",
            "domain_validation_options": [
              {
                "domain_name": "www.ksg.it-edu.org",
                "resource_record_name": "_598744768f9ca8ecedc869d5fc11e33d.www.ksg.it-edu.org.",
                "resource_record_type": "CNAME",
                "resource_record_value": "_8fe7a08831708336e0b89bb384d6dc53.jkddzztszm.acm-validations.aws."
              }
            ],
            "early_renewal_duration": "",
            "id": "arn:aws:acm:ap-northeast-2:511874874257:certificate/11757f50-400d-4923-a381-a5623c69ff9b",
            "key_algorithm": "RSA_2048",
            "not_after": "2026-12-11T23:59:59Z",
            "not_before": "2026-05-28T00:00:00Z",
            "options": [
              {
                "certificate_transparency_logging_preference": "ENABLED",
                "export": "DISABLED"
              }
            ],
            "pending_renewal": false,
            "private_key": null,
            "region": "ap-northeast-2",
            "renewal_eligibility": "ELIGIBLE",
            "renewal_summary": [],
            "status": "ISSUED",
            "subject_alternative_names": [
              "www.ksg.it-edu.org"
            ],
            "tags": {},
            "tags_all": {},
            "type": "AMAZON_ISSUED",
            "validation_emails": [],
            "validation_method": "DNS",
            "validation_option": []
          },
          "sensitive_attributes": [
            [
              {
                "type": "get_attr",
                "value": "private_key"
              }
            ]
          ],
          "identity_schema_version": 0,
          "identity": {
            "arn": "arn:aws:acm:ap-northeast-2:511874874257:certificate/11757f50-400d-4923-a381-a5623c69ff9b"
          },
          "private": "bnVsbA=="
        }
      ]
    },
    {
      "module": "module.crt",
      "mode": "managed",
      "type": "aws_acm_certificate_validation",
      "name": "crt",
      "provider": "provider[\"registry.terraform.io/hashicorp/aws\"]",
      "instances": [
        {
          "schema_version": 0,
          "attributes": {
            "certificate_arn": "arn:aws:acm:ap-northeast-2:511874874257:certificate/11757f50-400d-4923-a381-a5623c69ff9b",
            "id": "2026-05-28 05:52:43.703 +0000 UTC",
            "region": "ap-northeast-2",
            "timeouts": null,
            "validation_record_fqdns": [
              "_598744768f9ca8ecedc869d5fc11e33d.www.ksg.it-edu.org"
            ]
          },
          "sensitive_attributes": [],
          "identity_schema_version": 0,
          "identity": {
            "certificate_arn": "arn:aws:acm:ap-northeast-2:511874874257:certificate/11757f50-400d-4923-a381-a5623c69ff9b"
          },
          "private": "eyJlMmJmYjczMC1lY2FhLTExZTYtOGY4OC0zNDM2M2JjN2M0YzAiOnsiY3JlYXRlIjo0NTAwMDAwMDAwMDAwfX0=",
          "dependencies": [
            "module.crt.aws_acm_certificate.web",
            "module.route53.aws_route53_record.crt",
            "module.route53.data.aws_route53_zone.main"
          ]
        }
      ]
    },
    {
      "module": "module.files",
      "mode": "managed",
      "type": "local_file",
      "name": "config_php",
      "provider": "provider[\"registry.terraform.io/hashicorp/local\"]",
      "instances": [
        {
          "schema_version": 0,
          "attributes": {
            "content": " \u003c?php\r\n\r\n//$site_title = 'Test Board';\r\n\r\ndefine('ALLOW_SCRIPT_TAGS', true);\r\n$site_title = htmlspecialchars(gethostname(), ENT_QUOTES, 'UTF-8');\r\n\r\ndefine('DB_HOST', 'database-board.c1kik0yioi4k.ap-northeast-2.rds.amazonaws.com');\r\ndefine('DB_USER', 'webmaster');\r\ndefine('DB_PASSWORD', '123');\r\ndefine('DB_NAME', 'test_board');\r\ndefine('DB_CHARSET', 'utf8mb4');\r\n\r\nfunction db_connect()\r\n{\r\n\t$con = mysqli_connect(DB_HOST, DB_USER, DB_PASSWORD, DB_NAME);\r\n\r\n\tif(!$con)\r\n\t\tdie('Database connection failed: '.mysqli_connect_error());\r\n\r\n\tmysqli_set_charset($con, DB_CHARSET);\r\n\r\n\treturn $con;\r\n}\r\n\r\nfunction render_post_content($content)\r\n{\r\n\tif(ALLOW_SCRIPT_TAGS)\r\n\t\treturn nl2br($content, false);\r\n\r\n\treturn nl2br(htmlspecialchars($content, ENT_QUOTES, 'UTF-8'), false);\r\n}\r\n\r\n ?\u003e\r\n\r\n",
            "content_base64": null,
            "content_base64sha256": "X/BmdoOxnoDtMeUV0CB+N0ZNm5b5osKFgBw0nKC2PWc=",
            "content_base64sha512": "d09P5S6qytMu+5YBOnU3eBLcwS+YaB+0h3BauTgmku8+Yyq1pZhJjgxGm1Sl33Xqp26p/zs2q9G3iCbinGwJ0A==",
            "content_md5": "c780827f9021da8e034aefaabe88edce",
            "content_sha1": "85de42bf9afb1c2a6927f6a570252c810241c3db",
            "content_sha256": "5ff0667683b19e80ed31e515d0207e37464d9b96f9a2c285801c349ca0b63d67",
            "content_sha512": "774f4fe52eaacad32efb96013a75377812dcc12f98681fb487705ab9382692ef3e632ab5a598498e0c469b54a5df75eaa76ea9ff3b36abd1b78826e29c6c09d0",
            "directory_permission": "0777",
            "file_permission": "0777",
            "filename": "../seoul/web_files/config.php",
            "id": "85de42bf9afb1c2a6927f6a570252c810241c3db",
            "sensitive_content": null,
            "source": null
          },
          "sensitive_attributes": [
            [
              {
                "type": "get_attr",
                "value": "sensitive_content"
              }
            ]
          ],
          "identity_schema_version": 0,
          "dependencies": [
            "module.rds.aws_db_instance.board",
            "module.rds.aws_db_parameter_group.board",
            "module.rds.aws_db_subnet_group.board",
            "module.sg.aws_security_group.sg_map",
            "module.vpc.aws_subnet.privates",
            "module.vpc.aws_vpc.main",
            "module.vpc.data.aws_availability_zones.valid"
          ]
        }
      ]
    },
    {
      "module": "module.files",
      "mode": "managed",
      "type": "local_file",
      "name": "db_init",
      "provider": "provider[\"registry.terraform.io/hashicorp/local\"]",
      "instances": [
        {
          "schema_version": 0,
          "attributes": {
            "content": "CREATE USER IF NOT EXISTS 'webmaster'@'%' IDENTIFIED BY '123';\r\nGRANT ALL PRIVILEGES ON test_board.* TO 'webmaster'@'%';\r\nCREATE DATABASE IF NOT EXISTS test_board DEFAULT CHARACTER SET utf8mb4 COLLATE utf8mb4_unicode_ci;\r\nUSE test_board;\r\nCREATE TABLE IF NOT EXISTS users (username CHAR(16) NOT NULL PRIMARY KEY, password CHAR(41));\r\n\r\nINSERT IGNORE INTO users VALUES ('user1', '1234');\r\nINSERT IGNORE INTO users VALUES ('user2', '1234');\r\n\r\nCREATE TABLE IF NOT EXISTS board (\r\nid INT UNSIGNED AUTO_INCREMENT,\r\nuser VARCHAR(100) NOT NULL,\r\ntitle VARCHAR(100) NOT NULL,\r\ncomment TEXT NOT NULL,\r\nfile VARCHAR(100),\r\ndate DATETIME NOT NULL,\r\nPRIMARY KEY(id),\r\nFOREIGN KEY (user) REFERENCES users (username));\r\n",
            "content_base64": null,
            "content_base64sha256": "HcsS/uD4cSIv675kTQGK1v056QTqUry5/YlIHNfDVC4=",
            "content_base64sha512": "f8u+cFmEyGUvTN/7mOssvowwEBpB3WJ/2GYjVaskq3Cpjv8bTkcdD6SQRPN10O6j7UT2IMeo2NcHGQH/UwU8cQ==",
            "content_md5": "b3ff7aa5b868e65c2ad6c87a4823f22d",
            "content_sha1": "69edaba416140085efd6db3bd3adbe328573e66a",
            "content_sha256": "1dcb12fee0f871222febbe644d018ad6fd39e904ea52bcb9fd89481cd7c3542e",
            "content_sha512": "7fcbbe705984c8652f4cdffb98eb2cbe8c30101a41dd627fd8662355ab24ab70a98eff1b4e471d0fa49044f375d0eea3ed44f620c7a8d8d7071901ff53053c71",
            "directory_permission": "0777",
            "file_permission": "0777",
            "filename": "../seoul/source/db_init.sql",
            "id": "69edaba416140085efd6db3bd3adbe328573e66a",
            "sensitive_content": null,
            "source": null
          },
          "sensitive_attributes": [
            [
              {
                "type": "get_attr",
                "value": "sensitive_content"
              }
            ]
          ],
          "identity_schema_version": 0
        }
      ]
    },
    {
      "module": "module.files",
      "mode": "managed",
      "type": "local_file",
      "name": "lambda_function",
      "provider": "provider[\"registry.terraform.io/hashicorp/local\"]",
      "instances": [
        {
          "schema_version": 0,
          "attributes": {
            "content": "import json\r\nimport pymysql\r\n\r\ndef lambda_handler(event, context):\r\n  connect = pymysql.connect(\r\n      host=event['host'],\r\n      user = event['user'], \r\n      passwd = event['password'], \r\n      db = event['db']\r\n      )\r\n  cursor = connect.cursor()\r\n  file = open('db_init.sql', 'r', encoding = 'utf-8')\r\n  read = file.read()\r\n  lines = read.split(\";\")\r\n  for line in lines:\r\n      sql = line.strip().replace(\"\\n\", \" \")\r\n      if sql == \"\":\r\n          continue\r\n      cursor.execute(sql)\r\n  return \"Success\"\r\n",
            "content_base64": null,
            "content_base64sha256": "awBoncNrKgTrcwYMQti/qPl2889gssITTkFs0NumEjg=",
            "content_base64sha512": "+nsau6JPsl2xG4HNIG9X/H8v3dsPb3tRwaijiS2Uj6q46Uhe09jRv35pTBqgn/88YI3VG5IBLzEoETCx08i4cQ==",
            "content_md5": "eab47ef16af43b459ac019fdd74155cd",
            "content_sha1": "14c9c05f8e7c098dd85f77830df6985200d0dd68",
            "content_sha256": "6b00689dc36b2a04eb73060c42d8bfa8f976f3cf60b2c2134e416cd0dba61238",
            "content_sha512": "fa7b1abba24fb25db11b81cd206f57fc7f2fdddb0f6f7b51c1a8a3892d948faab8e9485ed3d8d1bf7e694c1aa09fff3c608dd51b92012f31281130b1d3c8b871",
            "directory_permission": "0777",
            "file_permission": "0777",
            "filename": "../seoul/source/lambda_function.py",
            "id": "14c9c05f8e7c098dd85f77830df6985200d0dd68",
            "sensitive_content": null,
            "source": null
          },
          "sensitive_attributes": [
            [
              {
                "type": "get_attr",
                "value": "sensitive_content"
              }
            ]
          ],
          "identity_schema_version": 0
        }
      ]
    },
    {
      "module": "module.files",
      "mode": "managed",
      "type": "local_file",
      "name": "web_script",
      "provider": "provider[\"registry.terraform.io/hashicorp/local\"]",
      "instances": [
        {
          "schema_version": 0,
          "attributes": {
            "content": "#!/bin/bash\r\ndnf install httpd php8.4 php8.4-mysqlnd php8.4-pecl-redis6 -y\r\n    \r\naws s3 cp s3://s3-511874874257-test-board/test_board.tar.gz /tmp/test_board.tar.gz\r\ntar zxf /tmp/test_board.tar.gz -C /var/www/html\r\naws s3 cp s3://s3-511874874257-test-board/config.php /var/www/html/config.php\r\nsleep 3\r\naws s3 cp s3://s3-511874874257-test-board/www.conf /etc/php-fpm.d/www.conf\r\nsleep 3\r\nsystemctl restart httpd\r\nsystemctl enable httpd\r\n",
            "content_base64": null,
            "content_base64sha256": "h+G/MwMk6Pg8IoDUhnkt+3DNiPLgeGrTBK3cvcRbikI=",
            "content_base64sha512": "IWWDtBtabM4EBoFQun7yHWGiMKgLkHOVDJ3LkLS8nufYdLeFQdNAR3lLYRgMWjYNPa9UKezmN9OM7m9wxU3dXw==",
            "content_md5": "73013264baea0eee59295c6fcb8ab7d0",
            "content_sha1": "a899bfc4d61e5c26b42a229ec222983e63ecaba7",
            "content_sha256": "87e1bf330324e8f83c2280d486792dfb70cd88f2e0786ad304addcbdc45b8a42",
            "content_sha512": "216583b41b5a6cce04068150ba7ef21d61a230a80b9073950c9dcb90b4bc9ee7d874b78541d34047794b61180c5a360d3daf5429ece637d38cee6f70c54ddd5f",
            "directory_permission": "0777",
            "file_permission": "0777",
            "filename": "../seoul/web_files/web_script.sh",
            "id": "a899bfc4d61e5c26b42a229ec222983e63ecaba7",
            "sensitive_content": null,
            "source": null
          },
          "sensitive_attributes": [
            [
              {
                "type": "get_attr",
                "value": "sensitive_content"
              }
            ]
          ],
          "identity_schema_version": 0
        }
      ]
    },
    {
      "module": "module.files",
      "mode": "managed",
      "type": "local_file",
      "name": "www_conf",
      "provider": "provider[\"registry.terraform.io/hashicorp/local\"]",
      "instances": [
        {
          "schema_version": 0,
          "attributes": {
            "content": "[www]\r\nuser = apache\r\ngroup = apache\r\nlisten = /run/php-fpm/www.sock\r\nlisten.acl_users = apache,nginx\r\nlisten.allowed_clients = 127.0.0.1\r\npm = dynamic\r\npm.max_children = 50\r\npm.start_servers = 5\r\npm.min_spare_servers = 5\r\npm.max_spare_servers = 35\r\nslowlog = /var/log/php-fpm/www-slow.log\r\nphp_admin_value[error_log] = /var/log/php-fpm/www-error.log\r\nphp_admin_flag[log_errors] = on\r\nphp_value[session.save_handler] = redis\r\nphp_value[session.save_path]    = \"tls://cache-test-board-mmjbws.serverless.apn2.cache.amazonaws.com:6379?cluster=1\"\r\n",
            "content_base64": null,
            "content_base64sha256": "p+LNE90laMDi9FOO85Th6YwwPew438RhVR3MMLPTy6s=",
            "content_base64sha512": "EdtTtUfCka0MC0wUXjEoXlbnQZlnNoGhM84jl2CdT5awt6CYgGnYYGoVxLI5BNMbjMvIfolBCPNIYt/BDWbhkA==",
            "content_md5": "2fcdf510dc7466e9175f307197e3b748",
            "content_sha1": "96b2f7a4d0d8d7c07674529b45e7a6dbde97e21f",
            "content_sha256": "a7e2cd13dd2568c0e2f4538ef394e1e98c303dec38dfc461551dcc30b3d3cbab",
            "content_sha512": "11db53b547c291ad0c0b4c145e31285e56e74199673681a133ce2397609d4f96b0b7a0988069d8606a15c4b23904d31b8ccbc87e894108f34862dfc10d66e190",
            "directory_permission": "0777",
            "file_permission": "0777",
            "filename": "../seoul/web_files/www.conf",
            "id": "96b2f7a4d0d8d7c07674529b45e7a6dbde97e21f",
            "sensitive_content": null,
            "source": null
          },
          "sensitive_attributes": [
            [
              {
                "type": "get_attr",
                "value": "sensitive_content"
              }
            ]
          ],
          "identity_schema_version": 0,
          "dependencies": [
            "module.cache.aws_elasticache_serverless_cache.main",
            "module.sg.aws_security_group.sg_map",
            "module.vpc.aws_subnet.privates",
            "module.vpc.aws_vpc.main",
            "module.vpc.data.aws_availability_zones.valid"
          ]
        }
      ]
    },
    {
      "module": "module.keypair",
      "mode": "managed",
      "type": "aws_key_pair",
      "name": "ssh_public_key",
      "provider": "provider[\"registry.terraform.io/hashicorp/aws\"]",
      "instances": [
        {
          "schema_version": 1,
          "attributes": {
            "arn": "arn:aws:ec2:ap-northeast-2:511874874257:key-pair/terraform-ed25519-key",
            "fingerprint": "XUE5KAGO5bCw1sQ5QSKYzGzkAXspUhqWLue1TrTEEqE=",
            "id": "terraform-ed25519-key",
            "key_name": "terraform-ed25519-key",
            "key_name_prefix": "",
            "key_pair_id": "key-00631ca0dc9e36b95",
            "key_type": "ed25519",
            "public_key": "ssh-ed25519 AAAAC3NzaC1lZDI1NTE5AAAAIM0d6XzuoQWiq9u74LVXVkJtoMvlQpHSbXZyRjuxew86",
            "region": "ap-northeast-2",
            "tags": {},
            "tags_all": {}
          },
          "sensitive_attributes": [],
          "identity_schema_version": 0,
          "private": "eyJzY2hlbWFfdmVyc2lvbiI6IjEifQ==",
          "dependencies": [
            "module.keypair.tls_private_key.ssh_public_key"
          ]
        }
      ]
    },
    {
      "module": "module.keypair",
      "mode": "managed",
      "type": "local_file",
      "name": "private_key",
      "provider": "provider[\"registry.terraform.io/hashicorp/local\"]",
      "instances": [
        {
          "schema_version": 0,
          "attributes": {
            "content": "-----BEGIN OPENSSH PRIVATE KEY-----\nb3BlbnNzaC1rZXktdjEAAAAABG5vbmUAAAAEbm9uZQAAAAAAAAABAAAAMwAAAAtz\nc2gtZWQyNTUxOQAAACDNHel87qEFoqvbu+C1V1ZCbaDL5UKR0m12ckY7sXsPOgAA\nAIhDVVjdQ1VY3QAAAAtzc2gtZWQyNTUxOQAAACDNHel87qEFoqvbu+C1V1ZCbaDL\n5UKR0m12ckY7sXsPOgAAAECOhTMzT0hmc2IaRyYfOwkIS3tKJ0RLXjQKSoP98lxQ\nds0d6XzuoQWiq9u74LVXVkJtoMvlQpHSbXZyRjuxew86AAAAAAECAwQF\n-----END OPENSSH PRIVATE KEY-----\n",
            "content_base64": null,
            "content_base64sha256": "luXdH4WDAFkooGbnwHam6JePTqz8SdNkpVejG/+OXw8=",
            "content_base64sha512": "7HqsA16nhDh7KYt+zixQQ8kA+rUg3c8D01c1T3IQaC9AnJ5fJPxDTgJOzSzfDkSAuGms/8l/xpktnm6f2bRHyA==",
            "content_md5": "a6344aba3970eb91f1fb2a77ae32ea7d",
            "content_sha1": "f49f8fa3f11d727a7877fd303711758229885a65",
            "content_sha256": "96e5dd1f8583005928a066e7c076a6e8978f4eacfc49d364a557a31bff8e5f0f",
            "content_sha512": "ec7aac035ea784387b298b7ece2c5043c900fab520ddcf03d357354f7210682f409c9e5f24fc434e024ecd2cdf0e4480b869acffc97fc6992d9e6e9fd9b447c8",
            "directory_permission": "0777",
            "file_permission": "0777",
            "filename": "../seoul/id_ed25519",
            "id": "f49f8fa3f11d727a7877fd303711758229885a65",
            "sensitive_content": null,
            "source": null
          },
          "sensitive_attributes": [
            [
              {
                "type": "get_attr",
                "value": "content"
              }
            ],
            [
              {
                "type": "get_attr",
                "value": "sensitive_content"
              }
            ]
          ],
          "identity_schema_version": 0,
          "dependencies": [
            "module.keypair.tls_private_key.ssh_public_key"
          ]
        }
      ]
    },
    {
      "module": "module.keypair",
      "mode": "managed",
      "type": "tls_private_key",
      "name": "ssh_public_key",
      "provider": "provider[\"registry.terraform.io/hashicorp/tls\"]",
      "instances": [
        {
          "schema_version": 1,
          "attributes": {
            "algorithm": "ED25519",
            "ecdsa_curve": "P224",
            "id": "775b1d4bfeff89e3f43e4abf8ea32d1da3ddd256",
            "private_key_openssh": "-----BEGIN OPENSSH PRIVATE KEY-----\nb3BlbnNzaC1rZXktdjEAAAAABG5vbmUAAAAEbm9uZQAAAAAAAAABAAAAMwAAAAtz\nc2gtZWQyNTUxOQAAACDNHel87qEFoqvbu+C1V1ZCbaDL5UKR0m12ckY7sXsPOgAA\nAIhDVVjdQ1VY3QAAAAtzc2gtZWQyNTUxOQAAACDNHel87qEFoqvbu+C1V1ZCbaDL\n5UKR0m12ckY7sXsPOgAAAECOhTMzT0hmc2IaRyYfOwkIS3tKJ0RLXjQKSoP98lxQ\nds0d6XzuoQWiq9u74LVXVkJtoMvlQpHSbXZyRjuxew86AAAAAAECAwQF\n-----END OPENSSH PRIVATE KEY-----\n",
            "private_key_pem": "-----BEGIN PRIVATE KEY-----\nMC4CAQAwBQYDK2VwBCIEII6FMzNPSGZzYhpHJh87CQhLe0onREteNApKg/3yXFB2\n-----END PRIVATE KEY-----\n",
            "private_key_pem_pkcs8": "-----BEGIN PRIVATE KEY-----\nMC4CAQAwBQYDK2VwBCIEII6FMzNPSGZzYhpHJh87CQhLe0onREteNApKg/3yXFB2\n-----END PRIVATE KEY-----\n",
            "public_key_fingerprint_md5": "61:e9:a1:57:0c:ac:52:8d:01:2d:ba:ca:55:2e:a0:2b",
            "public_key_fingerprint_sha256": "SHA256:XUE5KAGO5bCw1sQ5QSKYzGzkAXspUhqWLue1TrTEEqE",
            "public_key_openssh": "ssh-ed25519 AAAAC3NzaC1lZDI1NTE5AAAAIM0d6XzuoQWiq9u74LVXVkJtoMvlQpHSbXZyRjuxew86\n",
            "public_key_pem": "-----BEGIN PUBLIC KEY-----\nMCowBQYDK2VwAyEAzR3pfO6hBaKr27vgtVdWQm2gy+VCkdJtdnJGO7F7Dzo=\n-----END PUBLIC KEY-----\n",
            "rsa_bits": 2048
          },
          "sensitive_attributes": [
            [
              {
                "type": "get_attr",
                "value": "private_key_openssh"
              }
            ],
            [
              {
                "type": "get_attr",
                "value": "private_key_pem"
              }
            ],
            [
              {
                "type": "get_attr",
                "value": "private_key_pem_pkcs8"
              }
            ]
          ],
          "identity_schema_version": 0
        }
      ]
    },
    {
      "module": "module.lambda",
      "mode": "data",
      "type": "archive_file",
      "name": "db_init",
      "provider": "provider[\"registry.terraform.io/hashicorp/archive\"]",
      "instances": [
        {
          "schema_version": 0,
          "attributes": {
            "exclude_symlink_directories": null,
            "excludes": null,
            "id": "75b072498b152bb5316c0bc9fe2ffa1f3ddec258",
            "output_base64sha256": "Xtz92tNf9XpVCWZclckraH5ir/t3ceGRWKDcM9xdmvg=",
            "output_base64sha512": "abhYYcn7YzEw7SZGsPH+DSIy7ma/eoNjYEpmwADa/WKoB8cjnkEYRrNDy1rzLK6OCq5X0HzR36MrhX4mJ8tGFQ==",
            "output_file_mode": null,
            "output_md5": "1967cddbe55452d9e02bf0bd833fd7c1",
            "output_path": "../seoul/db_init.zip",
            "output_sha": "75b072498b152bb5316c0bc9fe2ffa1f3ddec258",
            "output_sha256": "5edcfddad35ff57a5509665c95c92b687e62affb7771e19158a0dc33dc5d9af8",
            "output_sha512": "69b85861c9fb633130ed2646b0f1fe0d2232ee66bf7a8363604a66c000dafd62a807c7239e411846b343cb5af32cae8e0aae57d07cd1dfa32b857e2627cb4615",
            "output_size": 127775,
            "source": [],
            "source_content": null,
            "source_content_filename": null,
            "source_dir": "../seoul/source",
            "source_file": null,
            "type": "zip"
          },
          "sensitive_attributes": [],
          "identity_schema_version": 0
        }
      ]
    },
    {
      "module": "module.lambda",
      "mode": "managed",
      "type": "aws_lambda_function",
      "name": "db_init",
      "provider": "provider[\"registry.terraform.io/hashicorp/aws\"]",
      "instances": [
        {
          "schema_version": 0,
          "attributes": {
            "architectures": [
              "x86_64"
            ],
            "arn": "arn:aws:lambda:ap-northeast-2:511874874257:function:db_init",
            "capacity_provider_config": [],
            "code_sha256": "Xtz92tNf9XpVCWZclckraH5ir/t3ceGRWKDcM9xdmvg=",
            "code_signing_config_arn": "",
            "dead_letter_config": [],
            "description": "",
            "durable_config": [],
            "environment": [],
            "ephemeral_storage": [
              {
                "size": 512
              }
            ],
            "file_system_config": [],
            "filename": "../seoul/db_init.zip",
            "function_name": "db_init",
            "handler": "lambda_function.lambda_handler",
            "id": "db_init",
            "image_config": [],
            "image_uri": "",
            "invoke_arn": "arn:aws:apigateway:ap-northeast-2:lambda:path/2015-03-31/functions/arn:aws:lambda:ap-northeast-2:511874874257:function:db_init/invocations",
            "kms_key_arn": "",
            "last_modified": "2026-05-28T05:18:20.308+0000",
            "layers": [],
            "logging_config": [
              {
                "application_log_level": "",
                "log_format": "Text",
                "log_group": "/aws/lambda/db_init",
                "system_log_level": ""
              }
            ],
            "memory_size": 128,
            "package_type": "Zip",
            "publish": false,
            "publish_to": null,
            "qualified_arn": "arn:aws:lambda:ap-northeast-2:511874874257:function:db_init:$LATEST",
            "qualified_invoke_arn": "arn:aws:apigateway:ap-northeast-2:lambda:path/2015-03-31/functions/arn:aws:lambda:ap-northeast-2:511874874257:function:db_init:$LATEST/invocations",
            "region": "ap-northeast-2",
            "replace_security_groups_on_destroy": null,
            "replacement_security_group_ids": null,
            "reserved_concurrent_executions": -1,
            "response_streaming_invoke_arn": "arn:aws:apigateway:ap-northeast-2:lambda:path/2021-11-15/functions/arn:aws:lambda:ap-northeast-2:511874874257:function:db_init/response-streaming-invocations",
            "role": "arn:aws:iam::511874874257:role/role-lambda-access-vpc",
            "runtime": "python3.14",
            "s3_bucket": null,
            "s3_key": null,
            "s3_object_version": null,
            "signing_job_arn": "",
            "signing_profile_version_arn": "",
            "skip_destroy": false,
            "snap_start": [],
            "source_code_hash": "",
            "source_code_size": 127775,
            "source_kms_key_arn": "",
            "tags": {},
            "tags_all": {},
            "tenancy_config": [],
            "timeout": 3,
            "timeouts": null,
            "tracing_config": [
              {
                "mode": "PassThrough"
              }
            ],
            "version": "$LATEST",
            "vpc_config": [
              {
                "ipv6_allowed_for_dual_stack": false,
                "security_group_ids": [
                  "sg-0c2143e8166cf3965"
                ],
                "subnet_ids": [
                  "subnet-04696d92c819dbf2a",
                  "subnet-0d05deff14fcaf597"
                ],
                "vpc_id": "vpc-01e6132773388adc6"
              }
            ]
          },
          "sensitive_attributes": [],
          "identity_schema_version": 0,
          "identity": {
            "account_id": "511874874257",
            "function_name": "db_init",
            "region": "ap-northeast-2"
          },
          "private": "eyJlMmJmYjczMC1lY2FhLTExZTYtOGY4OC0zNDM2M2JjN2M0YzAiOnsiY3JlYXRlIjo2MDAwMDAwMDAwMDAsImRlbGV0ZSI6NjAwMDAwMDAwMDAwLCJ1cGRhdGUiOjYwMDAwMDAwMDAwMH19",
          "dependencies": [
            "module.files.local_file.db_init",
            "module.files.local_file.lambda_function",
            "module.lambda.data.archive_file.db_init",
            "module.sg.aws_security_group.sg_map",
            "module.vpc.aws_subnet.privates",
            "module.vpc.aws_vpc.main",
            "module.vpc.data.aws_availability_zones.valid"
          ]
        }
      ]
    },
    {
      "module": "module.lambda",
      "mode": "managed",
      "type": "aws_lambda_invocation",
      "name": "db_init",
      "provider": "provider[\"registry.terraform.io/hashicorp/aws\"]",
      "instances": [
        {
          "schema_version": 1,
          "attributes": {
            "function_name": "db_init",
            "id": "db_init,$LATEST,83952bd36a89490db3fc2b03b868b9ad",
            "input": "{\"db\":\"\",\"host\":\"database-board.c1kik0yioi4k.ap-northeast-2.rds.amazonaws.com\",\"password\":\"kang47290!\",\"port\":3306,\"user\":\"root\"}",
            "lifecycle_scope": "CREATE_ONLY",
            "qualifier": "$LATEST",
            "region": "ap-northeast-2",
            "result": "\"Success\"",
            "tenant_id": null,
            "terraform_key": "tf",
            "triggers": {
              "rds_id": "db-3UIS37EZZRJ5ZD2VKUHBWWOLKA"
            }
          },
          "sensitive_attributes": [],
          "identity_schema_version": 0,
          "private": "eyJzY2hlbWFfdmVyc2lvbiI6IjEifQ==",
          "dependencies": [
            "module.files.local_file.db_init",
            "module.files.local_file.lambda_function",
            "module.lambda.aws_lambda_function.db_init",
            "module.lambda.data.archive_file.db_init",
            "module.rds.aws_db_instance.board",
            "module.rds.aws_db_parameter_group.board",
            "module.rds.aws_db_subnet_group.board",
            "module.sg.aws_security_group.sg_map",
            "module.vpc.aws_subnet.privates",
            "module.vpc.aws_vpc.main",
            "module.vpc.data.aws_availability_zones.valid"
          ]
        }
      ]
    },
    {
      "module": "module.lb",
      "mode": "managed",
      "type": "aws_lb",
      "name": "web",
      "provider": "provider[\"registry.terraform.io/hashicorp/aws\"]",
      "instances": [
        {
          "schema_version": 0,
          "attributes": {
            "access_logs": [
              {
                "bucket": "",
                "enabled": false,
                "prefix": ""
              }
            ],
            "arn": "arn:aws:elasticloadbalancing:ap-northeast-2:511874874257:loadbalancer/app/lb-web/cd4e8c357d85435e",
            "arn_suffix": "app/lb-web/cd4e8c357d85435e",
            "client_keep_alive": 3600,
            "connection_logs": [
              {
                "bucket": "",
                "enabled": false,
                "prefix": ""
              }
            ],
            "customer_owned_ipv4_pool": "",
            "desync_mitigation_mode": "defensive",
            "dns_name": "lb-web-1745112904.ap-northeast-2.elb.amazonaws.com",
            "dns_record_client_routing_policy": null,
            "drop_invalid_header_fields": false,
            "enable_cross_zone_load_balancing": true,
            "enable_deletion_protection": false,
            "enable_http2": true,
            "enable_tls_version_and_cipher_suite_headers": false,
            "enable_waf_fail_open": false,
            "enable_xff_client_port": false,
            "enable_zonal_shift": false,
            "enforce_security_group_inbound_rules_on_private_link_traffic": "",
            "health_check_logs": [
              {
                "bucket": "",
                "enabled": false,
                "prefix": ""
              }
            ],
            "id": "arn:aws:elasticloadbalancing:ap-northeast-2:511874874257:loadbalancer/app/lb-web/cd4e8c357d85435e",
            "idle_timeout": 60,
            "internal": false,
            "ip_address_type": "ipv4",
            "ipam_pools": [],
            "load_balancer_type": "application",
            "minimum_load_balancer_capacity": [],
            "name": "lb-web",
            "name_prefix": "",
            "preserve_host_header": false,
            "region": "ap-northeast-2",
            "secondary_ips_auto_assigned_per_subnet": null,
            "security_groups": [
              "sg-040f837db6b2917d1"
            ],
            "subnet_mapping": [
              {
                "allocation_id": "",
                "ipv6_address": "",
                "outpost_id": "",
                "private_ipv4_address": "",
                "subnet_id": "subnet-07ae9798103b37d06"
              },
              {
                "allocation_id": "",
                "ipv6_address": "",
                "outpost_id": "",
                "private_ipv4_address": "",
                "subnet_id": "subnet-0ee33f901eb7cc156"
              }
            ],
            "subnets": [
              "subnet-07ae9798103b37d06",
              "subnet-0ee33f901eb7cc156"
            ],
            "tags": {},
            "tags_all": {},
            "timeouts": null,
            "vpc_id": "vpc-01e6132773388adc6",
            "xff_header_processing_mode": "append",
            "zone_id": "ZWKZPGTI48KDX"
          },
          "sensitive_attributes": [],
          "identity_schema_version": 0,
          "identity": {
            "arn": "arn:aws:elasticloadbalancing:ap-northeast-2:511874874257:loadbalancer/app/lb-web/cd4e8c357d85435e"
          },
          "private": "eyJlMmJmYjczMC1lY2FhLTExZTYtOGY4OC0zNDM2M2JjN2M0YzAiOnsiY3JlYXRlIjo2MDAwMDAwMDAwMDAsImRlbGV0ZSI6NjAwMDAwMDAwMDAwLCJ1cGRhdGUiOjYwMDAwMDAwMDAwMH19",
          "dependencies": [
            "module.sg.aws_security_group.sg_map",
            "module.vpc.aws_subnet.publics",
            "module.vpc.aws_vpc.main",
            "module.vpc.data.aws_availability_zones.valid"
          ]
        }
      ]
    },
    {
      "module": "module.lb",
      "mode": "managed",
      "type": "aws_lb_listener",
      "name": "http",
      "provider": "provider[\"registry.terraform.io/hashicorp/aws\"]",
      "instances": [
        {
          "schema_version": 0,
          "attributes": {
            "alpn_policy": null,
            "arn": "arn:aws:elasticloadbalancing:ap-northeast-2:511874874257:listener/app/lb-web/cd4e8c357d85435e/fc0878f0f1daaae8",
            "certificate_arn": null,
            "default_action": [
              {
                "authenticate_cognito": [],
                "authenticate_oidc": [],
                "fixed_response": [],
                "forward": [],
                "jwt_validation": [],
                "order": 1,
                "redirect": [],
                "target_group_arn": "arn:aws:elasticloadbalancing:ap-northeast-2:511874874257:targetgroup/tg-webserver/23c33d6e06f1c5a3",
                "type": "forward"
              }
            ],
            "id": "arn:aws:elasticloadbalancing:ap-northeast-2:511874874257:listener/app/lb-web/cd4e8c357d85435e/fc0878f0f1daaae8",
            "load_balancer_arn": "arn:aws:elasticloadbalancing:ap-northeast-2:511874874257:loadbalancer/app/lb-web/cd4e8c357d85435e",
            "mutual_authentication": [],
            "port": 80,
            "protocol": "HTTP",
            "region": "ap-northeast-2",
            "routing_http_request_x_amzn_mtls_clientcert_header_name": null,
            "routing_http_request_x_amzn_mtls_clientcert_issuer_header_name": null,
            "routing_http_request_x_amzn_mtls_clientcert_leaf_header_name": null,
            "routing_http_request_x_amzn_mtls_clientcert_serial_number_header_name": null,
            "routing_http_request_x_amzn_mtls_clientcert_subject_header_name": null,
            "routing_http_request_x_amzn_mtls_clientcert_validity_header_name": null,
            "routing_http_request_x_amzn_tls_cipher_suite_header_name": null,
            "routing_http_request_x_amzn_tls_version_header_name": null,
            "routing_http_response_access_control_allow_credentials_header_value": "",
            "routing_http_response_access_control_allow_headers_header_value": "",
            "routing_http_response_access_control_allow_methods_header_value": "",
            "routing_http_response_access_control_allow_origin_header_value": "",
            "routing_http_response_access_control_expose_headers_header_value": "",
            "routing_http_response_access_control_max_age_header_value": "",
            "routing_http_response_content_security_policy_header_value": "",
            "routing_http_response_server_enabled": true,
            "routing_http_response_strict_transport_security_header_value": "",
            "routing_http_response_x_content_type_options_header_value": "",
            "routing_http_response_x_frame_options_header_value": "",
            "ssl_policy": "",
            "tags": null,
            "tags_all": {},
            "tcp_idle_timeout_seconds": null,
            "timeouts": null
          },
          "sensitive_attributes": [],
          "identity_schema_version": 0,
          "identity": {
            "arn": "arn:aws:elasticloadbalancing:ap-northeast-2:511874874257:listener/app/lb-web/cd4e8c357d85435e/fc0878f0f1daaae8"
          },
          "private": "eyJlMmJmYjczMC1lY2FhLTExZTYtOGY4OC0zNDM2M2JjN2M0YzAiOnsiY3JlYXRlIjozMDAwMDAwMDAwMDAsInVwZGF0ZSI6MzAwMDAwMDAwMDAwfX0=",
          "dependencies": [
            "module.lb.aws_lb.web",
            "module.sg.aws_security_group.sg_map",
            "module.tg.aws_lb_target_group.web",
            "module.vpc.aws_subnet.publics",
            "module.vpc.aws_vpc.main",
            "module.vpc.data.aws_availability_zones.valid"
          ]
        }
      ]
    },
    {
      "module": "module.lb",
      "mode": "managed",
      "type": "aws_lb_listener",
      "name": "https",
      "provider": "provider[\"registry.terraform.io/hashicorp/aws\"]",
      "instances": [
        {
          "schema_version": 0,
          "attributes": {
            "alpn_policy": null,
            "arn": "arn:aws:elasticloadbalancing:ap-northeast-2:511874874257:listener/app/lb-web/cd4e8c357d85435e/f200d8f8139b2d43",
            "certificate_arn": "arn:aws:acm:ap-northeast-2:511874874257:certificate/11757f50-400d-4923-a381-a5623c69ff9b",
            "default_action": [
              {
                "authenticate_cognito": [],
                "authenticate_oidc": [],
                "fixed_response": [],
                "forward": [],
                "jwt_validation": [],
                "order": 1,
                "redirect": [],
                "target_group_arn": "arn:aws:elasticloadbalancing:ap-northeast-2:511874874257:targetgroup/tg-webserver/23c33d6e06f1c5a3",
                "type": "forward"
              }
            ],
            "id": "arn:aws:elasticloadbalancing:ap-northeast-2:511874874257:listener/app/lb-web/cd4e8c357d85435e/f200d8f8139b2d43",
            "load_balancer_arn": "arn:aws:elasticloadbalancing:ap-northeast-2:511874874257:loadbalancer/app/lb-web/cd4e8c357d85435e",
            "mutual_authentication": [
              {
                "advertise_trust_store_ca_names": "",
                "ignore_client_certificate_expiry": false,
                "mode": "off",
                "trust_store_arn": ""
              }
            ],
            "port": 443,
            "protocol": "HTTPS",
            "region": "ap-northeast-2",
            "routing_http_request_x_amzn_mtls_clientcert_header_name": "",
            "routing_http_request_x_amzn_mtls_clientcert_issuer_header_name": "",
            "routing_http_request_x_amzn_mtls_clientcert_leaf_header_name": "",
            "routing_http_request_x_amzn_mtls_clientcert_serial_number_header_name": "",
            "routing_http_request_x_amzn_mtls_clientcert_subject_header_name": "",
            "routing_http_request_x_amzn_mtls_clientcert_validity_header_name": "",
            "routing_http_request_x_amzn_tls_cipher_suite_header_name": "",
            "routing_http_request_x_amzn_tls_version_header_name": "",
            "routing_http_response_access_control_allow_credentials_header_value": "",
            "routing_http_response_access_control_allow_headers_header_value": "",
            "routing_http_response_access_control_allow_methods_header_value": "",
            "routing_http_response_access_control_allow_origin_header_value": "",
            "routing_http_response_access_control_expose_headers_header_value": "",
            "routing_http_response_access_control_max_age_header_value": "",
            "routing_http_response_content_security_policy_header_value": "",
            "routing_http_response_server_enabled": true,
            "routing_http_response_strict_transport_security_header_value": "",
            "routing_http_response_x_content_type_options_header_value": "",
            "routing_http_response_x_frame_options_header_value": "",
            "ssl_policy": "ELBSecurityPolicy-TLS13-1-2-Res-PQ-2025-09",
            "tags": {},
            "tags_all": {},
            "tcp_idle_timeout_seconds": null,
            "timeouts": null
          },
          "sensitive_attributes": [],
          "identity_schema_version": 0,
          "identity": {
            "arn": "arn:aws:elasticloadbalancing:ap-northeast-2:511874874257:listener/app/lb-web/cd4e8c357d85435e/f200d8f8139b2d43"
          },
          "private": "eyJlMmJmYjczMC1lY2FhLTExZTYtOGY4OC0zNDM2M2JjN2M0YzAiOnsiY3JlYXRlIjozMDAwMDAwMDAwMDAsInVwZGF0ZSI6MzAwMDAwMDAwMDAwfX0=",
          "dependencies": [
            "module.crt.aws_acm_certificate.web",
            "module.lb.aws_lb.web",
            "module.sg.aws_security_group.sg_map",
            "module.tg.aws_lb_target_group.web",
            "module.vpc.aws_subnet.publics",
            "module.vpc.aws_vpc.main",
            "module.vpc.data.aws_availability_zones.valid"
          ]
        }
      ]
    },
    {
      "module": "module.lt",
      "mode": "managed",
      "type": "aws_launch_template",
      "name": "web",
      "provider": "provider[\"registry.terraform.io/hashicorp/aws\"]",
      "instances": [
        {
          "schema_version": 1,
          "attributes": {
            "arn": "arn:aws:ec2:ap-northeast-2:511874874257:launch-template/lt-057f066e4e7b564a3",
            "block_device_mappings": [],
            "capacity_reservation_specification": [],
            "cpu_options": [],
            "credit_specification": [],
            "default_version": 1,
            "description": "web server - test board",
            "disable_api_stop": false,
            "disable_api_termination": false,
            "ebs_optimized": "",
            "enclave_options": [],
            "hibernation_options": [],
            "iam_instance_profile": [
              {
                "arn": "",
                "name": "role-ec2-access-s3"
              }
            ],
            "id": "lt-057f066e4e7b564a3",
            "image_id": "ami-0d4c056a16f3ae150",
            "instance_initiated_shutdown_behavior": "",
            "instance_market_options": [],
            "instance_requirements": [],
            "instance_type": "t3.micro",
            "kernel_id": "",
            "key_name": "terraform-ed25519-key",
            "latest_version": 1,
            "license_specification": [],
            "maintenance_options": [],
            "metadata_options": [],
            "monitoring": [],
            "name": "ec2-temp-web",
            "name_prefix": "",
            "network_interfaces": [],
            "network_performance_options": [],
            "placement": [],
            "private_dns_name_options": [],
            "ram_disk_id": "",
            "region": "ap-northeast-2",
            "secondary_interfaces": [],
            "security_group_names": [],
            "tag_specifications": [],
            "tags": {},
            "tags_all": {},
            "update_default_version": true,
            "user_data": "IyEvYmluL2Jhc2gNCmRuZiBpbnN0YWxsIGh0dHBkIHBocDguNCBwaHA4LjQtbXlzcWxuZCBwaHA4LjQtcGVjbC1yZWRpczYgLXkNCiAgICANCmF3cyBzMyBjcCBzMzovL3MzLTUxMTg3NDg3NDI1Ny10ZXN0LWJvYXJkL3Rlc3RfYm9hcmQudGFyLmd6IC90bXAvdGVzdF9ib2FyZC50YXIuZ3oNCnRhciB6eGYgL3RtcC90ZXN0X2JvYXJkLnRhci5neiAtQyAvdmFyL3d3dy9odG1sDQphd3MgczMgY3AgczM6Ly9zMy01MTE4NzQ4NzQyNTctdGVzdC1ib2FyZC9jb25maWcucGhwIC92YXIvd3d3L2h0bWwvY29uZmlnLnBocA0Kc2xlZXAgMw0KYXdzIHMzIGNwIHMzOi8vczMtNTExODc0ODc0MjU3LXRlc3QtYm9hcmQvd3d3LmNvbmYgL2V0Yy9waHAtZnBtLmQvd3d3LmNvbmYNCnNsZWVwIDMNCnN5c3RlbWN0bCByZXN0YXJ0IGh0dHBkDQpzeXN0ZW1jdGwgZW5hYmxlIGh0dHBkDQo=",
            "vpc_security_group_ids": [
              "sg-01ade9535c0748eb8",
              "sg-06a177f0ffd097924",
              "sg-07c02b5e66389131a",
              "sg-0c2143e8166cf3965"
            ]
          },
          "sensitive_attributes": [],
          "identity_schema_version": 0,
          "identity": {
            "account_id": "511874874257",
            "id": "lt-057f066e4e7b564a3",
            "region": "ap-northeast-2"
          },
          "private": "eyJzY2hlbWFfdmVyc2lvbiI6IjEifQ==",
          "dependencies": [
            "module.files.local_file.web_script",
            "module.keypair.aws_key_pair.ssh_public_key",
            "module.keypair.tls_private_key.ssh_public_key",
            "module.sg.aws_security_group.sg_map",
            "module.vpc.aws_vpc.main"
          ]
        }
      ]
    },
    {
      "module": "module.rds",
      "mode": "managed",
      "type": "aws_db_instance",
      "name": "board",
      "provider": "provider[\"registry.terraform.io/hashicorp/aws\"]",
      "instances": [
        {
          "schema_version": 2,
          "attributes": {
            "address": "database-board.c1kik0yioi4k.ap-northeast-2.rds.amazonaws.com",
            "allocated_storage": 20,
            "allow_major_version_upgrade": null,
            "apply_immediately": false,
            "arn": "arn:aws:rds:ap-northeast-2:511874874257:db:database-board",
            "auto_minor_version_upgrade": true,
            "availability_zone": "ap-northeast-2b",
            "backup_retention_period": 0,
            "backup_target": "region",
            "backup_window": "18:48-19:18",
            "blue_green_update": [],
            "ca_cert_identifier": "rds-ca-rsa2048-g1",
            "character_set_name": "",
            "copy_tags_to_snapshot": false,
            "custom_iam_instance_profile": "",
            "customer_owned_ip_enabled": false,
            "database_insights_mode": "standard",
            "db_name": "",
            "db_subnet_group_name": "group-test board",
            "dedicated_log_volume": false,
            "delete_automated_backups": true,
            "deletion_protection": false,
            "domain": "",
            "domain_auth_secret_arn": "",
            "domain_dns_ips": [],
            "domain_fqdn": "",
            "domain_iam_role_name": "",
            "domain_ou": "",
            "enabled_cloudwatch_logs_exports": [],
            "endpoint": "database-board.c1kik0yioi4k.ap-northeast-2.rds.amazonaws.com:3306",
            "engine": "mariadb",
            "engine_lifecycle_support": "",
            "engine_version": "10.11.16",
            "engine_version_actual": "10.11.16",
            "final_snapshot_identifier": null,
            "hosted_zone_id": "ZLA2NUCOLGUUR",
            "iam_database_authentication_enabled": false,
            "id": "db-3UIS37EZZRJ5ZD2VKUHBWWOLKA",
            "identifier": "database-board",
            "identifier_prefix": "",
            "instance_class": "db.t3.micro",
            "iops": 0,
            "kms_key_id": "",
            "latest_restorable_time": "",
            "license_model": "general-public-license",
            "listener_endpoint": [],
            "maintenance_window": "sun:20:27-sun:20:57",
            "manage_master_user_password": null,
            "master_user_secret": [],
            "master_user_secret_kms_key_id": null,
            "max_allocated_storage": 0,
            "monitoring_interval": 0,
            "monitoring_role_arn": "",
            "multi_az": false,
            "nchar_character_set_name": "",
            "network_type": "IPV4",
            "option_group_name": "default:mariadb-10-11",
            "parameter_group_name": "parameter-test-board",
            "password": "kang47290!",
            "password_wo": null,
            "password_wo_version": null,
            "performance_insights_enabled": false,
            "performance_insights_kms_key_id": "",
            "performance_insights_retention_period": 0,
            "port": 3306,
            "publicly_accessible": false,
            "region": "ap-northeast-2",
            "replica_mode": "",
            "replicas": [],
            "replicate_source_db": "",
            "resource_id": "db-3UIS37EZZRJ5ZD2VKUHBWWOLKA",
            "restore_to_point_in_time": [],
            "s3_import": [],
            "skip_final_snapshot": true,
            "snapshot_identifier": null,
            "status": "available",
            "storage_encrypted": false,
            "storage_throughput": 0,
            "storage_type": "gp2",
            "tags": {},
            "tags_all": {},
            "timeouts": null,
            "timezone": "",
            "upgrade_rollout_order": "second",
            "upgrade_storage_config": null,
            "username": "root",
            "vpc_security_group_ids": [
              "sg-0d964b96d64056942"
            ]
          },
          "sensitive_attributes": [
            [
              {
                "type": "get_attr",
                "value": "password"
              }
            ],
            [
              {
                "type": "get_attr",
                "value": "password_wo"
              }
            ]
          ],
          "identity_schema_version": 0,
          "private": "eyJlMmJmYjczMC1lY2FhLTExZTYtOGY4OC0zNDM2M2JjN2M0YzAiOnsiY3JlYXRlIjozMDAwMDAwMDAwMDAwLCJkZWxldGUiOjM2MDAwMDAwMDAwMDAsInVwZGF0ZSI6NDgwMDAwMDAwMDAwMH0sInNjaGVtYV92ZXJzaW9uIjoiMiJ9",
          "dependencies": [
            "module.rds.aws_db_parameter_group.board",
            "module.rds.aws_db_subnet_group.board",
            "module.sg.aws_security_group.sg_map",
            "module.vpc.aws_subnet.privates",
            "module.vpc.aws_vpc.main",
            "module.vpc.data.aws_availability_zones.valid"
          ]
        }
      ]
    },
    {
      "module": "module.rds",
      "mode": "managed",
      "type": "aws_db_parameter_group",
      "name": "board",
      "provider": "provider[\"registry.terraform.io/hashicorp/aws\"]",
      "instances": [
        {
          "schema_version": 0,
          "attributes": {
            "arn": "arn:aws:rds:ap-northeast-2:511874874257:pg:parameter-test-board",
            "description": "test-board DB parameter-Group",
            "family": "mariadb10.11",
            "id": "parameter-test-board",
            "name": "parameter-test-board",
            "name_prefix": "",
            "parameter": [
              {
                "apply_method": "immediate",
                "name": "character_set_database",
                "value": "utf8mb4"
              },
              {
                "apply_method": "immediate",
                "name": "time_zone",
                "value": "Asia/Seoul"
              }
            ],
            "region": "ap-northeast-2",
            "skip_destroy": false,
            "tags": {},
            "tags_all": {}
          },
          "sensitive_attributes": [],
          "identity_schema_version": 0,
          "private": "bnVsbA=="
        }
      ]
    },
    {
      "module": "module.rds",
      "mode": "managed",
      "type": "aws_db_subnet_group",
      "name": "board",
      "provider": "provider[\"registry.terraform.io/hashicorp/aws\"]",
      "instances": [
        {
          "schema_version": 0,
          "attributes": {
            "arn": "arn:aws:rds:ap-northeast-2:511874874257:subgrp:group-test board",
            "description": "test boardDB Subnet Group",
            "id": "group-test board",
            "name": "group-test board",
            "name_prefix": "",
            "region": "ap-northeast-2",
            "subnet_ids": [
              "subnet-04696d92c819dbf2a",
              "subnet-0d05deff14fcaf597"
            ],
            "supported_network_types": [
              "IPV4"
            ],
            "tags": {},
            "tags_all": {},
            "vpc_id": "vpc-01e6132773388adc6"
          },
          "sensitive_attributes": [],
          "identity_schema_version": 0,
          "identity": {
            "account_id": "511874874257",
            "name": "group-test board",
            "region": "ap-northeast-2"
          },
          "private": "bnVsbA==",
          "dependencies": [
            "module.vpc.aws_subnet.privates",
            "module.vpc.aws_vpc.main",
            "module.vpc.data.aws_availability_zones.valid"
          ]
        }
      ]
    },
    {
      "module": "module.route53",
      "mode": "data",
      "type": "aws_route53_zone",
      "name": "main",
      "provider": "provider[\"registry.terraform.io/hashicorp/aws\"]",
      "instances": [
        {
          "schema_version": 0,
          "attributes": {
            "arn": "arn:aws:route53:::hostedzone/Z0406162Q899DTR54VSH",
            "caller_reference": "9c141b26-9f0a-42ea-91e2-7390dbff4aaa",
            "comment": "",
            "enable_accelerated_recovery": false,
            "id": "Z0406162Q899DTR54VSH",
            "linked_service_description": null,
            "linked_service_principal": null,
            "name": "ksg.it-edu.org",
            "name_servers": [
              "ns-23.awsdns-02.com",
              "ns-1794.awsdns-32.co.uk",
              "ns-1437.awsdns-51.org",
              "ns-887.awsdns-46.net"
            ],
            "primary_name_server": "ns-23.awsdns-02.com",
            "private_zone": false,
            "resource_record_set_count": 4,
            "tags": {},
            "vpc_id": null,
            "zone_id": "Z0406162Q899DTR54VSH"
          },
          "sensitive_attributes": [],
          "identity_schema_version": 0
        }
      ]
    },
    {
      "module": "module.route53",
      "mode": "managed",
      "type": "aws_route53_record",
      "name": "crt",
      "provider": "provider[\"registry.terraform.io/hashicorp/aws\"]",
      "instances": [
        {
          "schema_version": 2,
          "attributes": {
            "alias": [],
            "allow_overwrite": null,
            "cidr_routing_policy": [],
            "failover_routing_policy": [],
            "fqdn": "_598744768f9ca8ecedc869d5fc11e33d.www.ksg.it-edu.org",
            "geolocation_routing_policy": [],
            "geoproximity_routing_policy": [],
            "health_check_id": "",
            "id": "Z0406162Q899DTR54VSH__598744768f9ca8ecedc869d5fc11e33d.www.ksg.it-edu.org._CNAME",
            "latency_routing_policy": [],
            "multivalue_answer_routing_policy": false,
            "name": "_598744768f9ca8ecedc869d5fc11e33d.www.ksg.it-edu.org",
            "records": [
              "_8fe7a08831708336e0b89bb384d6dc53.jkddzztszm.acm-validations.aws."
            ],
            "set_identifier": "",
            "timeouts": null,
            "ttl": 60,
            "type": "CNAME",
            "weighted_routing_policy": [],
            "zone_id": "Z0406162Q899DTR54VSH"
          },
          "sensitive_attributes": [],
          "identity_schema_version": 0,
          "identity": {
            "account_id": "511874874257",
            "name": "_598744768f9ca8ecedc869d5fc11e33d.www.ksg.it-edu.org",
            "set_identifier": null,
            "type": "CNAME",
            "zone_id": "Z0406162Q899DTR54VSH"
          },
          "private": "eyJlMmJmYjczMC1lY2FhLTExZTYtOGY4OC0zNDM2M2JjN2M0YzAiOnsiY3JlYXRlIjoxODAwMDAwMDAwMDAwLCJkZWxldGUiOjE4MDAwMDAwMDAwMDAsInVwZGF0ZSI6MTgwMDAwMDAwMDAwMH0sInNjaGVtYV92ZXJzaW9uIjoiMiJ9",
          "dependencies": [
            "module.crt.aws_acm_certificate.web",
            "module.route53.data.aws_route53_zone.main"
          ]
        }
      ]
    },
    {
      "module": "module.route53",
      "mode": "managed",
      "type": "aws_route53_record",
      "name": "web",
      "provider": "provider[\"registry.terraform.io/hashicorp/aws\"]",
      "instances": [
        {
          "schema_version": 2,
          "attributes": {
            "alias": [],
            "allow_overwrite": null,
            "cidr_routing_policy": [],
            "failover_routing_policy": [],
            "fqdn": "www.ksg.it-edu.org",
            "geolocation_routing_policy": [],
            "geoproximity_routing_policy": [],
            "health_check_id": "",
            "id": "Z0406162Q899DTR54VSH_www.ksg.it-edu.org_CNAME",
            "latency_routing_policy": [],
            "multivalue_answer_routing_policy": false,
            "name": "www.ksg.it-edu.org",
            "records": [
              "lb-web-1745112904.ap-northeast-2.elb.amazonaws.com"
            ],
            "set_identifier": "",
            "timeouts": null,
            "ttl": 60,
            "type": "CNAME",
            "weighted_routing_policy": [],
            "zone_id": "Z0406162Q899DTR54VSH"
          },
          "sensitive_attributes": [],
          "identity_schema_version": 0,
          "identity": {
            "account_id": "511874874257",
            "name": "www.ksg.it-edu.org",
            "set_identifier": null,
            "type": "CNAME",
            "zone_id": "Z0406162Q899DTR54VSH"
          },
          "private": "eyJlMmJmYjczMC1lY2FhLTExZTYtOGY4OC0zNDM2M2JjN2M0YzAiOnsiY3JlYXRlIjoxODAwMDAwMDAwMDAwLCJkZWxldGUiOjE4MDAwMDAwMDAwMDAsInVwZGF0ZSI6MTgwMDAwMDAwMDAwMH0sInNjaGVtYV92ZXJzaW9uIjoiMiJ9",
          "dependencies": [
            "module.lb.aws_lb.web",
            "module.route53.data.aws_route53_zone.main",
            "module.sg.aws_security_group.sg_map",
            "module.vpc.aws_subnet.publics",
            "module.vpc.aws_vpc.main",
            "module.vpc.data.aws_availability_zones.valid"
          ]
        }
      ]
    },
    {
      "module": "module.s3",
      "mode": "managed",
      "type": "aws_s3_bucket",
      "name": "web",
      "provider": "provider[\"registry.terraform.io/hashicorp/aws\"]",
      "instances": [
        {
          "schema_version": 0,
          "attributes": {
            "acceleration_status": "",
            "acl": null,
            "arn": "arn:aws:s3:::s3-511874874257-test-board",
            "bucket": "s3-511874874257-test-board",
            "bucket_domain_name": "s3-511874874257-test-board.s3.amazonaws.com",
            "bucket_namespace": "global",
            "bucket_prefix": "",
            "bucket_region": "ap-northeast-2",
            "bucket_regional_domain_name": "s3-511874874257-test-board.s3.ap-northeast-2.amazonaws.com",
            "cors_rule": [],
            "force_destroy": false,
            "grant": [
              {
                "id": "dd100b89e12d7fa281048fd4a0c050a1b77add691229bc4d85347a702724f8d5",
                "permissions": [
                  "FULL_CONTROL"
                ],
                "type": "CanonicalUser",
                "uri": ""
              }
            ],
            "hosted_zone_id": "Z3W03O7B5YMIYP",
            "id": "s3-511874874257-test-board",
            "lifecycle_rule": [],
            "logging": [],
            "object_lock_configuration": [],
            "object_lock_enabled": false,
            "policy": "{\"Statement\":[{\"Action\":\"s3:*\",\"Effect\":\"Allow\",\"Principal\":{\"AWS\":\"arn:aws:iam::511874874257:role/role-ec2-access-s3\"},\"Resource\":[\"arn:aws:s3:::s3-511874874257-test-board\",\"arn:aws:s3:::s3-511874874257-test-board/*\"],\"Sid\":\"Statement1\"}],\"Version\":\"2012-10-17\"}",
            "region": "ap-northeast-2",
            "replication_configuration": [],
            "request_payer": "BucketOwner",
            "server_side_encryption_configuration": [
              {
                "rule": [
                  {
                    "apply_server_side_encryption_by_default": [
                      {
                        "kms_master_key_id": "",
                        "sse_algorithm": "AES256"
                      }
                    ],
                    "bucket_key_enabled": false
                  }
                ]
              }
            ],
            "tags": {},
            "tags_all": {},
            "timeouts": null,
            "versioning": [
              {
                "enabled": false,
                "mfa_delete": false
              }
            ],
            "website": [],
            "website_domain": null,
            "website_endpoint": null
          },
          "sensitive_attributes": [],
          "identity_schema_version": 0,
          "identity": {
            "account_id": "511874874257",
            "bucket": "s3-511874874257-test-board",
            "region": "ap-northeast-2"
          },
          "private": "eyJlMmJmYjczMC1lY2FhLTExZTYtOGY4OC0zNDM2M2JjN2M0YzAiOnsiY3JlYXRlIjoxMjAwMDAwMDAwMDAwLCJkZWxldGUiOjM2MDAwMDAwMDAwMDAsInJlYWQiOjEyMDAwMDAwMDAwMDAsInVwZGF0ZSI6MTIwMDAwMDAwMDAwMH19",
          "dependencies": [
            "module.cache.aws_elasticache_serverless_cache.main",
            "module.files.local_file.config_php",
            "module.files.local_file.www_conf",
            "module.rds.aws_db_instance.board",
            "module.rds.aws_db_parameter_group.board",
            "module.rds.aws_db_subnet_group.board",
            "module.sg.aws_security_group.sg_map",
            "module.vpc.aws_subnet.privates",
            "module.vpc.aws_vpc.main",
            "module.vpc.data.aws_availability_zones.valid"
          ]
        }
      ]
    },
    {
      "module": "module.s3",
      "mode": "managed",
      "type": "aws_s3_bucket_policy",
      "name": "web",
      "provider": "provider[\"registry.terraform.io/hashicorp/aws\"]",
      "instances": [
        {
          "schema_version": 0,
          "attributes": {
            "bucket": "s3-511874874257-test-board",
            "id": "s3-511874874257-test-board",
            "policy": "{\"Statement\":[{\"Action\":\"s3:*\",\"Effect\":\"Allow\",\"Principal\":{\"AWS\":\"arn:aws:iam::511874874257:role/role-ec2-access-s3\"},\"Resource\":[\"arn:aws:s3:::s3-511874874257-test-board\",\"arn:aws:s3:::s3-511874874257-test-board/*\"],\"Sid\":\"Statement1\"}],\"Version\":\"2012-10-17\"}",
            "region": "ap-northeast-2"
          },
          "sensitive_attributes": [],
          "identity_schema_version": 0,
          "identity": {
            "account_id": "511874874257",
            "bucket": "s3-511874874257-test-board",
            "region": "ap-northeast-2"
          },
          "private": "bnVsbA==",
          "dependencies": [
            "module.cache.aws_elasticache_serverless_cache.main",
            "module.files.local_file.config_php",
            "module.files.local_file.www_conf",
            "module.rds.aws_db_instance.board",
            "module.rds.aws_db_parameter_group.board",
            "module.rds.aws_db_subnet_group.board",
            "module.s3.aws_s3_bucket.web",
            "module.sg.aws_security_group.sg_map",
            "module.vpc.aws_subnet.privates",
            "module.vpc.aws_vpc.main",
            "module.vpc.data.aws_availability_zones.valid"
          ]
        }
      ]
    },
    {
      "module": "module.s3",
      "mode": "managed",
      "type": "aws_s3_object",
      "name": "files",
      "provider": "provider[\"registry.terraform.io/hashicorp/aws\"]",
      "instances": [
        {
          "index_key": "config_php",
          "schema_version": 0,
          "attributes": {
            "acl": null,
            "arn": "arn:aws:s3:::s3-511874874257-test-board/config.php",
            "bucket": "s3-511874874257-test-board",
            "bucket_key_enabled": false,
            "cache_control": "",
            "checksum_algorithm": null,
            "checksum_crc32": "",
            "checksum_crc32c": "",
            "checksum_crc64nvme": "",
            "checksum_sha1": "",
            "checksum_sha256": "",
            "content": null,
            "content_base64": null,
            "content_disposition": "",
            "content_encoding": "",
            "content_language": "",
            "content_type": "application/octet-stream",
            "etag": "c780827f9021da8e034aefaabe88edce",
            "force_destroy": false,
            "id": "s3-511874874257-test-board/config.php",
            "key": "config.php",
            "kms_key_id": null,
            "metadata": {},
            "object_lock_legal_hold_status": "",
            "object_lock_mode": "",
            "object_lock_retain_until_date": "",
            "override_provider": [],
            "region": "ap-northeast-2",
            "server_side_encryption": "AES256",
            "source": "../seoul/web_files/config.php",
            "source_hash": "c780827f9021da8e034aefaabe88edce",
            "storage_class": "STANDARD",
            "tags": {},
            "tags_all": {},
            "version_id": "",
            "website_redirect": ""
          },
          "sensitive_attributes": [],
          "identity_schema_version": 0,
          "identity": {
            "account_id": "511874874257",
            "bucket": "s3-511874874257-test-board",
            "key": "config.php",
            "region": "ap-northeast-2"
          },
          "private": "bnVsbA==",
          "dependencies": [
            "data.local_file.test_board_tar_gz",
            "module.cache.aws_elasticache_serverless_cache.main",
            "module.files.local_file.config_php",
            "module.files.local_file.www_conf",
            "module.rds.aws_db_instance.board",
            "module.rds.aws_db_parameter_group.board",
            "module.rds.aws_db_subnet_group.board",
            "module.s3.aws_s3_bucket.web",
            "module.sg.aws_security_group.sg_map",
            "module.vpc.aws_subnet.privates",
            "module.vpc.aws_vpc.main",
            "module.vpc.data.aws_availability_zones.valid"
          ]
        },
        {
          "index_key": "web_app_file",
          "schema_version": 0,
          "attributes": {
            "acl": null,
            "arn": "arn:aws:s3:::s3-511874874257-test-board/test_board.tar.gz",
            "bucket": "s3-511874874257-test-board",
            "bucket_key_enabled": false,
            "cache_control": "",
            "checksum_algorithm": null,
            "checksum_crc32": "",
            "checksum_crc32c": "",
            "checksum_crc64nvme": "",
            "checksum_sha1": "",
            "checksum_sha256": "",
            "content": null,
            "content_base64": null,
            "content_disposition": "",
            "content_encoding": "",
            "content_language": "",
            "content_type": "application/octet-stream",
            "etag": "7622e9af8611c2a8bfd240604089c6cf",
            "force_destroy": false,
            "id": "s3-511874874257-test-board/test_board.tar.gz",
            "key": "test_board.tar.gz",
            "kms_key_id": null,
            "metadata": {},
            "object_lock_legal_hold_status": "",
            "object_lock_mode": "",
            "object_lock_retain_until_date": "",
            "override_provider": [],
            "region": "ap-northeast-2",
            "server_side_encryption": "AES256",
            "source": "../seoul/web_files/test_board.tar.gz",
            "source_hash": "7622e9af8611c2a8bfd240604089c6cf",
            "storage_class": "STANDARD",
            "tags": {},
            "tags_all": {},
            "version_id": "",
            "website_redirect": ""
          },
          "sensitive_attributes": [],
          "identity_schema_version": 0,
          "identity": {
            "account_id": "511874874257",
            "bucket": "s3-511874874257-test-board",
            "key": "test_board.tar.gz",
            "region": "ap-northeast-2"
          },
          "private": "bnVsbA==",
          "dependencies": [
            "data.local_file.test_board_tar_gz",
            "module.cache.aws_elasticache_serverless_cache.main",
            "module.files.local_file.config_php",
            "module.files.local_file.www_conf",
            "module.rds.aws_db_instance.board",
            "module.rds.aws_db_parameter_group.board",
            "module.rds.aws_db_subnet_group.board",
            "module.s3.aws_s3_bucket.web",
            "module.sg.aws_security_group.sg_map",
            "module.vpc.aws_subnet.privates",
            "module.vpc.aws_vpc.main",
            "module.vpc.data.aws_availability_zones.valid"
          ]
        },
        {
          "index_key": "www_conf",
          "schema_version": 0,
          "attributes": {
            "acl": null,
            "arn": "arn:aws:s3:::s3-511874874257-test-board/www.conf",
            "bucket": "s3-511874874257-test-board",
            "bucket_key_enabled": false,
            "cache_control": "",
            "checksum_algorithm": null,
            "checksum_crc32": "",
            "checksum_crc32c": "",
            "checksum_crc64nvme": "",
            "checksum_sha1": "",
            "checksum_sha256": "",
            "content": null,
            "content_base64": null,
            "content_disposition": "",
            "content_encoding": "",
            "content_language": "",
            "content_type": "application/octet-stream",
            "etag": "2fcdf510dc7466e9175f307197e3b748",
            "force_destroy": false,
            "id": "s3-511874874257-test-board/www.conf",
            "key": "www.conf",
            "kms_key_id": null,
            "metadata": {},
            "object_lock_legal_hold_status": "",
            "object_lock_mode": "",
            "object_lock_retain_until_date": "",
            "override_provider": [],
            "region": "ap-northeast-2",
            "server_side_encryption": "AES256",
            "source": "../seoul/web_files/www.conf",
            "source_hash": "2fcdf510dc7466e9175f307197e3b748",
            "storage_class": "STANDARD",
            "tags": {},
            "tags_all": {},
            "version_id": "",
            "website_redirect": ""
          },
          "sensitive_attributes": [],
          "identity_schema_version": 0,
          "identity": {
            "account_id": "511874874257",
            "bucket": "s3-511874874257-test-board",
            "key": "www.conf",
            "region": "ap-northeast-2"
          },
          "private": "bnVsbA==",
          "dependencies": [
            "data.local_file.test_board_tar_gz",
            "module.cache.aws_elasticache_serverless_cache.main",
            "module.files.local_file.config_php",
            "module.files.local_file.www_conf",
            "module.rds.aws_db_instance.board",
            "module.rds.aws_db_parameter_group.board",
            "module.rds.aws_db_subnet_group.board",
            "module.s3.aws_s3_bucket.web",
            "module.sg.aws_security_group.sg_map",
            "module.vpc.aws_subnet.privates",
            "module.vpc.aws_vpc.main",
            "module.vpc.data.aws_availability_zones.valid"
          ]
        }
      ]
    },
    {
      "module": "module.sg",
      "mode": "managed",
      "type": "aws_security_group",
      "name": "sg_map",
      "provider": "provider[\"registry.terraform.io/hashicorp/aws\"]",
      "instances": [
        {
          "index_key": "cache",
          "schema_version": 1,
          "attributes": {
            "arn": "arn:aws:ec2:ap-northeast-2:511874874257:security-group/sg-0a1d510c7c39240a1",
            "description": "Managed by Terraform",
            "egress": [],
            "id": "sg-0a1d510c7c39240a1",
            "ingress": [
              {
                "cidr_blocks": [
                  "10.2.0.0/16"
                ],
                "description": "",
                "from_port": 6379,
                "ipv6_cidr_blocks": [],
                "prefix_list_ids": [],
                "protocol": "tcp",
                "security_groups": [],
                "self": false,
                "to_port": 6379
              }
            ],
            "name": "fw-cache",
            "name_prefix": "",
            "owner_id": "511874874257",
            "region": "ap-northeast-2",
            "revoke_rules_on_delete": false,
            "tags": {
              "Name": "fw-cache"
            },
            "tags_all": {
              "Name": "fw-cache"
            },
            "timeouts": null,
            "vpc_id": "vpc-01e6132773388adc6"
          },
          "sensitive_attributes": [],
          "identity_schema_version": 0,
          "identity": {
            "account_id": "511874874257",
            "id": "sg-0a1d510c7c39240a1",
            "region": "ap-northeast-2"
          },
          "private": "eyJlMmJmYjczMC1lY2FhLTExZTYtOGY4OC0zNDM2M2JjN2M0YzAiOnsiY3JlYXRlIjo2MDAwMDAwMDAwMDAsImRlbGV0ZSI6OTAwMDAwMDAwMDAwfSwic2NoZW1hX3ZlcnNpb24iOiIxIn0=",
          "dependencies": [
            "module.vpc.aws_vpc.main"
          ]
        },
        {
          "index_key": "db",
          "schema_version": 1,
          "attributes": {
            "arn": "arn:aws:ec2:ap-northeast-2:511874874257:security-group/sg-0d964b96d64056942",
            "description": "Managed by Terraform",
            "egress": [],
            "id": "sg-0d964b96d64056942",
            "ingress": [
              {
                "cidr_blocks": [
                  "10.2.0.0/16"
                ],
                "description": "",
                "from_port": 3306,
                "ipv6_cidr_blocks": [],
                "prefix_list_ids": [],
                "protocol": "tcp",
                "security_groups": [],
                "self": false,
                "to_port": 3306
              }
            ],
            "name": "fw-db",
            "name_prefix": "",
            "owner_id": "511874874257",
            "region": "ap-northeast-2",
            "revoke_rules_on_delete": false,
            "tags": {
              "Name": "fw-db"
            },
            "tags_all": {
              "Name": "fw-db"
            },
            "timeouts": null,
            "vpc_id": "vpc-01e6132773388adc6"
          },
          "sensitive_attributes": [],
          "identity_schema_version": 0,
          "identity": {
            "account_id": "511874874257",
            "id": "sg-0d964b96d64056942",
            "region": "ap-northeast-2"
          },
          "private": "eyJlMmJmYjczMC1lY2FhLTExZTYtOGY4OC0zNDM2M2JjN2M0YzAiOnsiY3JlYXRlIjo2MDAwMDAwMDAwMDAsImRlbGV0ZSI6OTAwMDAwMDAwMDAwfSwic2NoZW1hX3ZlcnNpb24iOiIxIn0=",
          "dependencies": [
            "module.vpc.aws_vpc.main"
          ]
        },
        {
          "index_key": "icmp",
          "schema_version": 1,
          "attributes": {
            "arn": "arn:aws:ec2:ap-northeast-2:511874874257:security-group/sg-06a177f0ffd097924",
            "description": "Managed by Terraform",
            "egress": [],
            "id": "sg-06a177f0ffd097924",
            "ingress": [
              {
                "cidr_blocks": [
                  "0.0.0.0/0"
                ],
                "description": "",
                "from_port": 8,
                "ipv6_cidr_blocks": [],
                "prefix_list_ids": [],
                "protocol": "icmp",
                "security_groups": [],
                "self": false,
                "to_port": 0
              }
            ],
            "name": "fw-icmp",
            "name_prefix": "",
            "owner_id": "511874874257",
            "region": "ap-northeast-2",
            "revoke_rules_on_delete": false,
            "tags": {
              "Name": "fw-icmp"
            },
            "tags_all": {
              "Name": "fw-icmp"
            },
            "timeouts": null,
            "vpc_id": "vpc-01e6132773388adc6"
          },
          "sensitive_attributes": [],
          "identity_schema_version": 0,
          "identity": {
            "account_id": "511874874257",
            "id": "sg-06a177f0ffd097924",
            "region": "ap-northeast-2"
          },
          "private": "eyJlMmJmYjczMC1lY2FhLTExZTYtOGY4OC0zNDM2M2JjN2M0YzAiOnsiY3JlYXRlIjo2MDAwMDAwMDAwMDAsImRlbGV0ZSI6OTAwMDAwMDAwMDAwfSwic2NoZW1hX3ZlcnNpb24iOiIxIn0=",
          "dependencies": [
            "module.vpc.aws_vpc.main"
          ]
        },
        {
          "index_key": "lb",
          "schema_version": 1,
          "attributes": {
            "arn": "arn:aws:ec2:ap-northeast-2:511874874257:security-group/sg-040f837db6b2917d1",
            "description": "Managed by Terraform",
            "egress": [
              {
                "cidr_blocks": [
                  "10.2.0.0/16"
                ],
                "description": "",
                "from_port": 80,
                "ipv6_cidr_blocks": [],
                "prefix_list_ids": [],
                "protocol": "tcp",
                "security_groups": [],
                "self": false,
                "to_port": 80
              }
            ],
            "id": "sg-040f837db6b2917d1",
            "ingress": [
              {
                "cidr_blocks": [
                  "0.0.0.0/0"
                ],
                "description": "",
                "from_port": 443,
                "ipv6_cidr_blocks": [],
                "prefix_list_ids": [],
                "protocol": "tcp",
                "security_groups": [],
                "self": false,
                "to_port": 443
              },
              {
                "cidr_blocks": [
                  "0.0.0.0/0"
                ],
                "description": "",
                "from_port": 80,
                "ipv6_cidr_blocks": [],
                "prefix_list_ids": [],
                "protocol": "tcp",
                "security_groups": [],
                "self": false,
                "to_port": 80
              }
            ],
            "name": "fw-lb",
            "name_prefix": "",
            "owner_id": "511874874257",
            "region": "ap-northeast-2",
            "revoke_rules_on_delete": false,
            "tags": {
              "Name": "fw-lb"
            },
            "tags_all": {
              "Name": "fw-lb"
            },
            "timeouts": null,
            "vpc_id": "vpc-01e6132773388adc6"
          },
          "sensitive_attributes": [],
          "identity_schema_version": 0,
          "identity": {
            "account_id": "511874874257",
            "id": "sg-040f837db6b2917d1",
            "region": "ap-northeast-2"
          },
          "private": "eyJlMmJmYjczMC1lY2FhLTExZTYtOGY4OC0zNDM2M2JjN2M0YzAiOnsiY3JlYXRlIjo2MDAwMDAwMDAwMDAsImRlbGV0ZSI6OTAwMDAwMDAwMDAwfSwic2NoZW1hX3ZlcnNpb24iOiIxIn0=",
          "dependencies": [
            "module.vpc.aws_vpc.main"
          ]
        },
        {
          "index_key": "out",
          "schema_version": 1,
          "attributes": {
            "arn": "arn:aws:ec2:ap-northeast-2:511874874257:security-group/sg-0c2143e8166cf3965",
            "description": "Managed by Terraform",
            "egress": [
              {
                "cidr_blocks": [
                  "0.0.0.0/0"
                ],
                "description": "",
                "from_port": 0,
                "ipv6_cidr_blocks": [],
                "prefix_list_ids": [],
                "protocol": "-1",
                "security_groups": [],
                "self": false,
                "to_port": 0
              }
            ],
            "id": "sg-0c2143e8166cf3965",
            "ingress": [],
            "name": "fw-out",
            "name_prefix": "",
            "owner_id": "511874874257",
            "region": "ap-northeast-2",
            "revoke_rules_on_delete": false,
            "tags": {
              "Name": "fw-out"
            },
            "tags_all": {
              "Name": "fw-out"
            },
            "timeouts": null,
            "vpc_id": "vpc-01e6132773388adc6"
          },
          "sensitive_attributes": [],
          "identity_schema_version": 0,
          "identity": {
            "account_id": "511874874257",
            "id": "sg-0c2143e8166cf3965",
            "region": "ap-northeast-2"
          },
          "private": "eyJlMmJmYjczMC1lY2FhLTExZTYtOGY4OC0zNDM2M2JjN2M0YzAiOnsiY3JlYXRlIjo2MDAwMDAwMDAwMDAsImRlbGV0ZSI6OTAwMDAwMDAwMDAwfSwic2NoZW1hX3ZlcnNpb24iOiIxIn0=",
          "dependencies": [
            "module.vpc.aws_vpc.main"
          ]
        },
        {
          "index_key": "remote",
          "schema_version": 1,
          "attributes": {
            "arn": "arn:aws:ec2:ap-northeast-2:511874874257:security-group/sg-01ade9535c0748eb8",
            "description": "Managed by Terraform",
            "egress": [],
            "id": "sg-01ade9535c0748eb8",
            "ingress": [
              {
                "cidr_blocks": [
                  "183.98.32.210/32"
                ],
                "description": "",
                "from_port": 22,
                "ipv6_cidr_blocks": [],
                "prefix_list_ids": [],
                "protocol": "tcp",
                "security_groups": [],
                "self": false,
                "to_port": 22
              }
            ],
            "name": "fw-remote",
            "name_prefix": "",
            "owner_id": "511874874257",
            "region": "ap-northeast-2",
            "revoke_rules_on_delete": false,
            "tags": {
              "Name": "fw-remote"
            },
            "tags_all": {
              "Name": "fw-remote"
            },
            "timeouts": null,
            "vpc_id": "vpc-01e6132773388adc6"
          },
          "sensitive_attributes": [],
          "identity_schema_version": 0,
          "identity": {
            "account_id": "511874874257",
            "id": "sg-01ade9535c0748eb8",
            "region": "ap-northeast-2"
          },
          "private": "eyJlMmJmYjczMC1lY2FhLTExZTYtOGY4OC0zNDM2M2JjN2M0YzAiOnsiY3JlYXRlIjo2MDAwMDAwMDAwMDAsImRlbGV0ZSI6OTAwMDAwMDAwMDAwfSwic2NoZW1hX3ZlcnNpb24iOiIxIn0=",
          "dependencies": [
            "module.vpc.aws_vpc.main"
          ]
        },
        {
          "index_key": "web",
          "schema_version": 1,
          "attributes": {
            "arn": "arn:aws:ec2:ap-northeast-2:511874874257:security-group/sg-07c02b5e66389131a",
            "description": "Managed by Terraform",
            "egress": [],
            "id": "sg-07c02b5e66389131a",
            "ingress": [
              {
                "cidr_blocks": [
                  "0.0.0.0/0"
                ],
                "description": "",
                "from_port": 80,
                "ipv6_cidr_blocks": [],
                "prefix_list_ids": [],
                "protocol": "tcp",
                "security_groups": [],
                "self": false,
                "to_port": 80
              }
            ],
            "name": "fw-web",
            "name_prefix": "",
            "owner_id": "511874874257",
            "region": "ap-northeast-2",
            "revoke_rules_on_delete": false,
            "tags": {
              "Name": "fw-web"
            },
            "tags_all": {
              "Name": "fw-web"
            },
            "timeouts": null,
            "vpc_id": "vpc-01e6132773388adc6"
          },
          "sensitive_attributes": [],
          "identity_schema_version": 0,
          "identity": {
            "account_id": "511874874257",
            "id": "sg-07c02b5e66389131a",
            "region": "ap-northeast-2"
          },
          "private": "eyJlMmJmYjczMC1lY2FhLTExZTYtOGY4OC0zNDM2M2JjN2M0YzAiOnsiY3JlYXRlIjo2MDAwMDAwMDAwMDAsImRlbGV0ZSI6OTAwMDAwMDAwMDAwfSwic2NoZW1hX3ZlcnNpb24iOiIxIn0=",
          "dependencies": [
            "module.vpc.aws_vpc.main"
          ]
        }
      ]
    },
    {
      "module": "module.tg",
      "mode": "managed",
      "type": "aws_lb_target_group",
      "name": "web",
      "provider": "provider[\"registry.terraform.io/hashicorp/aws\"]",
      "instances": [
        {
          "schema_version": 0,
          "attributes": {
            "arn": "arn:aws:elasticloadbalancing:ap-northeast-2:511874874257:targetgroup/tg-webserver/23c33d6e06f1c5a3",
            "arn_suffix": "targetgroup/tg-webserver/23c33d6e06f1c5a3",
            "connection_termination": null,
            "deregistration_delay": "300",
            "health_check": [
              {
                "enabled": true,
                "healthy_threshold": 3,
                "interval": 5,
                "matcher": "200-299",
                "path": "/",
                "port": "traffic-port",
                "protocol": "HTTP",
                "timeout": 2,
                "unhealthy_threshold": 3
              }
            ],
            "id": "arn:aws:elasticloadbalancing:ap-northeast-2:511874874257:targetgroup/tg-webserver/23c33d6e06f1c5a3",
            "ip_address_type": "ipv4",
            "lambda_multi_value_headers_enabled": false,
            "load_balancer_arns": [
              "arn:aws:elasticloadbalancing:ap-northeast-2:511874874257:loadbalancer/app/lb-web/cd4e8c357d85435e"
            ],
            "load_balancing_algorithm_type": "round_robin",
            "load_balancing_anomaly_mitigation": "off",
            "load_balancing_cross_zone_enabled": "use_load_balancer_configuration",
            "name": "tg-webserver",
            "name_prefix": "",
            "port": 80,
            "preserve_client_ip": null,
            "protocol": "HTTP",
            "protocol_version": "HTTP1",
            "proxy_protocol_v2": false,
            "region": "ap-northeast-2",
            "slow_start": 0,
            "stickiness": [
              {
                "cookie_duration": 86400,
                "cookie_name": "",
                "enabled": false,
                "type": "lb_cookie"
              }
            ],
            "tags": {},
            "tags_all": {},
            "target_control_port": 0,
            "target_failover": [
              {
                "on_deregistration": null,
                "on_unhealthy": null
              }
            ],
            "target_group_health": [
              {
                "dns_failover": [
                  {
                    "minimum_healthy_targets_count": "1",
                    "minimum_healthy_targets_percentage": "off"
                  }
                ],
                "unhealthy_state_routing": [
                  {
                    "minimum_healthy_targets_count": 1,
                    "minimum_healthy_targets_percentage": "off"
                  }
                ]
              }
            ],
            "target_health_state": [
              {
                "enable_unhealthy_connection_termination": null,
                "unhealthy_draining_interval": null
              }
            ],
            "target_type": "instance",
            "vpc_id": "vpc-01e6132773388adc6"
          },
          "sensitive_attributes": [],
          "identity_schema_version": 0,
          "identity": {
            "arn": "arn:aws:elasticloadbalancing:ap-northeast-2:511874874257:targetgroup/tg-webserver/23c33d6e06f1c5a3"
          },
          "private": "bnVsbA==",
          "dependencies": [
            "module.vpc.aws_vpc.main"
          ]
        }
      ]
    },
    {
      "module": "module.vpc",
      "mode": "data",
      "type": "aws_availability_zones",
      "name": "valid",
      "provider": "provider[\"registry.terraform.io/hashicorp/aws\"]",
      "instances": [
        {
          "schema_version": 0,
          "attributes": {
            "all_availability_zones": null,
            "exclude_names": null,
            "exclude_zone_ids": null,
            "filter": null,
            "group_names": [
              "ap-northeast-2-zg-1"
            ],
            "id": "ap-northeast-2",
            "names": [
              "ap-northeast-2a",
              "ap-northeast-2b",
              "ap-northeast-2c",
              "ap-northeast-2d"
            ],
            "region": "ap-northeast-2",
            "state": null,
            "timeouts": null,
            "zone_ids": [
              "apne2-az1",
              "apne2-az2",
              "apne2-az3",
              "apne2-az4"
            ]
          },
          "sensitive_attributes": [],
          "identity_schema_version": 0
        }
      ]
    },
    {
      "module": "module.vpc",
      "mode": "managed",
      "type": "aws_internet_gateway",
      "name": "main",
      "provider": "provider[\"registry.terraform.io/hashicorp/aws\"]",
      "instances": [
        {
          "schema_version": 0,
          "attributes": {
            "arn": "arn:aws:ec2:ap-northeast-2:511874874257:internet-gateway/igw-04d381db5c21400d6",
            "id": "igw-04d381db5c21400d6",
            "owner_id": "511874874257",
            "region": "ap-northeast-2",
            "tags": {
              "Name": "seoul-igw-main"
            },
            "tags_all": {
              "Name": "seoul-igw-main"
            },
            "timeouts": null,
            "vpc_id": "vpc-01e6132773388adc6"
          },
          "sensitive_attributes": [],
          "identity_schema_version": 0,
          "identity": {
            "account_id": "511874874257",
            "id": "igw-04d381db5c21400d6",
            "region": "ap-northeast-2"
          },
          "private": "eyJlMmJmYjczMC1lY2FhLTExZTYtOGY4OC0zNDM2M2JjN2M0YzAiOnsiY3JlYXRlIjoxMjAwMDAwMDAwMDAwLCJkZWxldGUiOjEyMDAwMDAwMDAwMDAsInVwZGF0ZSI6MTIwMDAwMDAwMDAwMH19",
          "dependencies": [
            "module.vpc.aws_vpc.main"
          ]
        }
      ]
    },
    {
      "module": "module.vpc",
      "mode": "managed",
      "type": "aws_route_table",
      "name": "public",
      "provider": "provider[\"registry.terraform.io/hashicorp/aws\"]",
      "instances": [
        {
          "schema_version": 0,
          "attributes": {
            "arn": "arn:aws:ec2:ap-northeast-2:511874874257:route-table/rtb-019d8f35e3ff1c8a4",
            "id": "rtb-019d8f35e3ff1c8a4",
            "owner_id": "511874874257",
            "propagating_vgws": [],
            "region": "ap-northeast-2",
            "route": [
              {
                "carrier_gateway_id": "",
                "cidr_block": "0.0.0.0/0",
                "core_network_arn": "",
                "destination_prefix_list_id": "",
                "egress_only_gateway_id": "",
                "gateway_id": "igw-04d381db5c21400d6",
                "ipv6_cidr_block": "",
                "local_gateway_id": "",
                "nat_gateway_id": "",
                "network_interface_id": "",
                "transit_gateway_id": "",
                "vpc_endpoint_id": "",
                "vpc_peering_connection_id": ""
              }
            ],
            "tags": {
              "Name": "seoul-route-public"
            },
            "tags_all": {
              "Name": "seoul-route-public"
            },
            "timeouts": null,
            "vpc_id": "vpc-01e6132773388adc6"
          },
          "sensitive_attributes": [],
          "identity_schema_version": 0,
          "identity": {
            "account_id": "511874874257",
            "id": "rtb-019d8f35e3ff1c8a4",
            "region": "ap-northeast-2"
          },
          "private": "eyJlMmJmYjczMC1lY2FhLTExZTYtOGY4OC0zNDM2M2JjN2M0YzAiOnsiY3JlYXRlIjozMDAwMDAwMDAwMDAsImRlbGV0ZSI6MzAwMDAwMDAwMDAwLCJ1cGRhdGUiOjEyMDAwMDAwMDAwMH19",
          "dependencies": [
            "module.vpc.aws_internet_gateway.main",
            "module.vpc.aws_vpc.main"
          ]
        }
      ]
    },
    {
      "module": "module.vpc",
      "mode": "managed",
      "type": "aws_route_table",
      "name": "without_nat_privates",
      "provider": "provider[\"registry.terraform.io/hashicorp/aws\"]",
      "instances": [
        {
          "index_key": 0,
          "schema_version": 0,
          "attributes": {
            "arn": "arn:aws:ec2:ap-northeast-2:511874874257:route-table/rtb-08a17599f0811c0ed",
            "id": "rtb-08a17599f0811c0ed",
            "owner_id": "511874874257",
            "propagating_vgws": [],
            "region": "ap-northeast-2",
            "route": [],
            "tags": {
              "Name": "seoul-route-private-1"
            },
            "tags_all": {
              "Name": "seoul-route-private-1"
            },
            "timeouts": null,
            "vpc_id": "vpc-01e6132773388adc6"
          },
          "sensitive_attributes": [],
          "identity_schema_version": 0,
          "identity": {
            "account_id": "511874874257",
            "id": "rtb-08a17599f0811c0ed",
            "region": "ap-northeast-2"
          },
          "private": "eyJlMmJmYjczMC1lY2FhLTExZTYtOGY4OC0zNDM2M2JjN2M0YzAiOnsiY3JlYXRlIjozMDAwMDAwMDAwMDAsImRlbGV0ZSI6MzAwMDAwMDAwMDAwLCJ1cGRhdGUiOjEyMDAwMDAwMDAwMH19",
          "dependencies": [
            "module.vpc.aws_vpc.main"
          ]
        },
        {
          "index_key": 1,
          "schema_version": 0,
          "attributes": {
            "arn": "arn:aws:ec2:ap-northeast-2:511874874257:route-table/rtb-0f8ff3a1019a8bb20",
            "id": "rtb-0f8ff3a1019a8bb20",
            "owner_id": "511874874257",
            "propagating_vgws": [],
            "region": "ap-northeast-2",
            "route": [],
            "tags": {
              "Name": "seoul-route-private-2"
            },
            "tags_all": {
              "Name": "seoul-route-private-2"
            },
            "timeouts": null,
            "vpc_id": "vpc-01e6132773388adc6"
          },
          "sensitive_attributes": [],
          "identity_schema_version": 0,
          "identity": {
            "account_id": "511874874257",
            "id": "rtb-0f8ff3a1019a8bb20",
            "region": "ap-northeast-2"
          },
          "private": "eyJlMmJmYjczMC1lY2FhLTExZTYtOGY4OC0zNDM2M2JjN2M0YzAiOnsiY3JlYXRlIjozMDAwMDAwMDAwMDAsImRlbGV0ZSI6MzAwMDAwMDAwMDAwLCJ1cGRhdGUiOjEyMDAwMDAwMDAwMH19",
          "dependencies": [
            "module.vpc.aws_vpc.main"
          ]
        }
      ]
    },
    {
      "module": "module.vpc",
      "mode": "managed",
      "type": "aws_route_table_association",
      "name": "privates",
      "provider": "provider[\"registry.terraform.io/hashicorp/aws\"]",
      "instances": [
        {
          "index_key": 0,
          "schema_version": 0,
          "attributes": {
            "gateway_id": "",
            "id": "rtbassoc-071d33aa8fee52fad",
            "region": "ap-northeast-2",
            "route_table_id": "rtb-08a17599f0811c0ed",
            "subnet_id": "subnet-04696d92c819dbf2a",
            "timeouts": null
          },
          "sensitive_attributes": [],
          "identity_schema_version": 0,
          "identity": {
            "account_id": "511874874257",
            "id": "rtbassoc-071d33aa8fee52fad",
            "region": "ap-northeast-2"
          },
          "private": "eyJlMmJmYjczMC1lY2FhLTExZTYtOGY4OC0zNDM2M2JjN2M0YzAiOnsiY3JlYXRlIjozMDAwMDAwMDAwMDAsImRlbGV0ZSI6MzAwMDAwMDAwMDAwLCJ1cGRhdGUiOjEyMDAwMDAwMDAwMH19",
          "dependencies": [
            "module.vpc.aws_eip.nat_ips",
            "module.vpc.aws_nat_gateway.private_nat_gws",
            "module.vpc.aws_route_table.with_nat_privates",
            "module.vpc.aws_route_table.without_nat_privates",
            "module.vpc.aws_subnet.privates",
            "module.vpc.aws_subnet.publics",
            "module.vpc.aws_vpc.main",
            "module.vpc.data.aws_availability_zones.valid"
          ]
        },
        {
          "index_key": 1,
          "schema_version": 0,
          "attributes": {
            "gateway_id": "",
            "id": "rtbassoc-0e938cf6a385eb3d1",
            "region": "ap-northeast-2",
            "route_table_id": "rtb-0f8ff3a1019a8bb20",
            "subnet_id": "subnet-0d05deff14fcaf597",
            "timeouts": null
          },
          "sensitive_attributes": [],
          "identity_schema_version": 0,
          "identity": {
            "account_id": "511874874257",
            "id": "rtbassoc-0e938cf6a385eb3d1",
            "region": "ap-northeast-2"
          },
          "private": "eyJlMmJmYjczMC1lY2FhLTExZTYtOGY4OC0zNDM2M2JjN2M0YzAiOnsiY3JlYXRlIjozMDAwMDAwMDAwMDAsImRlbGV0ZSI6MzAwMDAwMDAwMDAwLCJ1cGRhdGUiOjEyMDAwMDAwMDAwMH19",
          "dependencies": [
            "module.vpc.aws_eip.nat_ips",
            "module.vpc.aws_nat_gateway.private_nat_gws",
            "module.vpc.aws_route_table.with_nat_privates",
            "module.vpc.aws_route_table.without_nat_privates",
            "module.vpc.aws_subnet.privates",
            "module.vpc.aws_subnet.publics",
            "module.vpc.aws_vpc.main",
            "module.vpc.data.aws_availability_zones.valid"
          ]
        }
      ]
    },
    {
      "module": "module.vpc",
      "mode": "managed",
      "type": "aws_route_table_association",
      "name": "publics",
      "provider": "provider[\"registry.terraform.io/hashicorp/aws\"]",
      "instances": [
        {
          "index_key": 0,
          "schema_version": 0,
          "attributes": {
            "gateway_id": "",
            "id": "rtbassoc-0cd5b0aac2c5196e1",
            "region": "ap-northeast-2",
            "route_table_id": "rtb-019d8f35e3ff1c8a4",
            "subnet_id": "subnet-0ee33f901eb7cc156",
            "timeouts": null
          },
          "sensitive_attributes": [],
          "identity_schema_version": 0,
          "identity": {
            "account_id": "511874874257",
            "id": "rtbassoc-0cd5b0aac2c5196e1",
            "region": "ap-northeast-2"
          },
          "private": "eyJlMmJmYjczMC1lY2FhLTExZTYtOGY4OC0zNDM2M2JjN2M0YzAiOnsiY3JlYXRlIjozMDAwMDAwMDAwMDAsImRlbGV0ZSI6MzAwMDAwMDAwMDAwLCJ1cGRhdGUiOjEyMDAwMDAwMDAwMH19",
          "dependencies": [
            "module.vpc.aws_internet_gateway.main",
            "module.vpc.aws_route_table.public",
            "module.vpc.aws_subnet.publics",
            "module.vpc.aws_vpc.main",
            "module.vpc.data.aws_availability_zones.valid"
          ]
        },
        {
          "index_key": 1,
          "schema_version": 0,
          "attributes": {
            "gateway_id": "",
            "id": "rtbassoc-02076d5f36828b738",
            "region": "ap-northeast-2",
            "route_table_id": "rtb-019d8f35e3ff1c8a4",
            "subnet_id": "subnet-07ae9798103b37d06",
            "timeouts": null
          },
          "sensitive_attributes": [],
          "identity_schema_version": 0,
          "identity": {
            "account_id": "511874874257",
            "id": "rtbassoc-02076d5f36828b738",
            "region": "ap-northeast-2"
          },
          "private": "eyJlMmJmYjczMC1lY2FhLTExZTYtOGY4OC0zNDM2M2JjN2M0YzAiOnsiY3JlYXRlIjozMDAwMDAwMDAwMDAsImRlbGV0ZSI6MzAwMDAwMDAwMDAwLCJ1cGRhdGUiOjEyMDAwMDAwMDAwMH19",
          "dependencies": [
            "module.vpc.aws_internet_gateway.main",
            "module.vpc.aws_route_table.public",
            "module.vpc.aws_subnet.publics",
            "module.vpc.aws_vpc.main",
            "module.vpc.data.aws_availability_zones.valid"
          ]
        }
      ]
    },
    {
      "module": "module.vpc",
      "mode": "managed",
      "type": "aws_subnet",
      "name": "privates",
      "provider": "provider[\"registry.terraform.io/hashicorp/aws\"]",
      "instances": [
        {
          "index_key": 0,
          "schema_version": 1,
          "attributes": {
            "arn": "arn:aws:ec2:ap-northeast-2:511874874257:subnet/subnet-04696d92c819dbf2a",
            "assign_ipv6_address_on_creation": false,
            "availability_zone": "ap-northeast-2a",
            "availability_zone_id": "apne2-az1",
            "cidr_block": "10.2.2.0/24",
            "customer_owned_ipv4_pool": "",
            "enable_dns64": false,
            "enable_lni_at_device_index": 0,
            "enable_resource_name_dns_a_record_on_launch": false,
            "enable_resource_name_dns_aaaa_record_on_launch": false,
            "id": "subnet-04696d92c819dbf2a",
            "ipv4_ipam_pool_id": null,
            "ipv4_netmask_length": null,
            "ipv6_cidr_block": "",
            "ipv6_cidr_block_association_id": "",
            "ipv6_ipam_pool_id": null,
            "ipv6_native": false,
            "ipv6_netmask_length": null,
            "map_customer_owned_ip_on_launch": false,
            "map_public_ip_on_launch": false,
            "outpost_arn": "",
            "owner_id": "511874874257",
            "private_dns_hostname_type_on_launch": "ip-name",
            "region": "ap-northeast-2",
            "tags": {
              "Name": "seoul-subnet-private-1"
            },
            "tags_all": {
              "Name": "seoul-subnet-private-1"
            },
            "timeouts": null,
            "vpc_id": "vpc-01e6132773388adc6"
          },
          "sensitive_attributes": [],
          "identity_schema_version": 0,
          "identity": {
            "account_id": "511874874257",
            "id": "subnet-04696d92c819dbf2a",
            "region": "ap-northeast-2"
          },
          "private": "eyJlMmJmYjczMC1lY2FhLTExZTYtOGY4OC0zNDM2M2JjN2M0YzAiOnsiY3JlYXRlIjo2MDAwMDAwMDAwMDAsImRlbGV0ZSI6MTIwMDAwMDAwMDAwMH0sInNjaGVtYV92ZXJzaW9uIjoiMSJ9",
          "dependencies": [
            "module.vpc.aws_vpc.main",
            "module.vpc.data.aws_availability_zones.valid"
          ]
        },
        {
          "index_key": 1,
          "schema_version": 1,
          "attributes": {
            "arn": "arn:aws:ec2:ap-northeast-2:511874874257:subnet/subnet-0d05deff14fcaf597",
            "assign_ipv6_address_on_creation": false,
            "availability_zone": "ap-northeast-2b",
            "availability_zone_id": "apne2-az2",
            "cidr_block": "10.2.3.0/24",
            "customer_owned_ipv4_pool": "",
            "enable_dns64": false,
            "enable_lni_at_device_index": 0,
            "enable_resource_name_dns_a_record_on_launch": false,
            "enable_resource_name_dns_aaaa_record_on_launch": false,
            "id": "subnet-0d05deff14fcaf597",
            "ipv4_ipam_pool_id": null,
            "ipv4_netmask_length": null,
            "ipv6_cidr_block": "",
            "ipv6_cidr_block_association_id": "",
            "ipv6_ipam_pool_id": null,
            "ipv6_native": false,
            "ipv6_netmask_length": null,
            "map_customer_owned_ip_on_launch": false,
            "map_public_ip_on_launch": false,
            "outpost_arn": "",
            "owner_id": "511874874257",
            "private_dns_hostname_type_on_launch": "ip-name",
            "region": "ap-northeast-2",
            "tags": {
              "Name": "seoul-subnet-private-2"
            },
            "tags_all": {
              "Name": "seoul-subnet-private-2"
            },
            "timeouts": null,
            "vpc_id": "vpc-01e6132773388adc6"
          },
          "sensitive_attributes": [],
          "identity_schema_version": 0,
          "identity": {
            "account_id": "511874874257",
            "id": "subnet-0d05deff14fcaf597",
            "region": "ap-northeast-2"
          },
          "private": "eyJlMmJmYjczMC1lY2FhLTExZTYtOGY4OC0zNDM2M2JjN2M0YzAiOnsiY3JlYXRlIjo2MDAwMDAwMDAwMDAsImRlbGV0ZSI6MTIwMDAwMDAwMDAwMH0sInNjaGVtYV92ZXJzaW9uIjoiMSJ9",
          "dependencies": [
            "module.vpc.aws_vpc.main",
            "module.vpc.data.aws_availability_zones.valid"
          ]
        }
      ]
    },
    {
      "module": "module.vpc",
      "mode": "managed",
      "type": "aws_subnet",
      "name": "publics",
      "provider": "provider[\"registry.terraform.io/hashicorp/aws\"]",
      "instances": [
        {
          "index_key": 0,
          "schema_version": 1,
          "attributes": {
            "arn": "arn:aws:ec2:ap-northeast-2:511874874257:subnet/subnet-0ee33f901eb7cc156",
            "assign_ipv6_address_on_creation": false,
            "availability_zone": "ap-northeast-2a",
            "availability_zone_id": "apne2-az1",
            "cidr_block": "10.2.0.0/24",
            "customer_owned_ipv4_pool": "",
            "enable_dns64": false,
            "enable_lni_at_device_index": 0,
            "enable_resource_name_dns_a_record_on_launch": false,
            "enable_resource_name_dns_aaaa_record_on_launch": false,
            "id": "subnet-0ee33f901eb7cc156",
            "ipv4_ipam_pool_id": null,
            "ipv4_netmask_length": null,
            "ipv6_cidr_block": "",
            "ipv6_cidr_block_association_id": "",
            "ipv6_ipam_pool_id": null,
            "ipv6_native": false,
            "ipv6_netmask_length": null,
            "map_customer_owned_ip_on_launch": false,
            "map_public_ip_on_launch": true,
            "outpost_arn": "",
            "owner_id": "511874874257",
            "private_dns_hostname_type_on_launch": "ip-name",
            "region": "ap-northeast-2",
            "tags": {
              "Name": "seoul-subnet-public-1"
            },
            "tags_all": {
              "Name": "seoul-subnet-public-1"
            },
            "timeouts": null,
            "vpc_id": "vpc-01e6132773388adc6"
          },
          "sensitive_attributes": [],
          "identity_schema_version": 0,
          "identity": {
            "account_id": "511874874257",
            "id": "subnet-0ee33f901eb7cc156",
            "region": "ap-northeast-2"
          },
          "private": "eyJlMmJmYjczMC1lY2FhLTExZTYtOGY4OC0zNDM2M2JjN2M0YzAiOnsiY3JlYXRlIjo2MDAwMDAwMDAwMDAsImRlbGV0ZSI6MTIwMDAwMDAwMDAwMH0sInNjaGVtYV92ZXJzaW9uIjoiMSJ9",
          "dependencies": [
            "module.vpc.aws_vpc.main",
            "module.vpc.data.aws_availability_zones.valid"
          ]
        },
        {
          "index_key": 1,
          "schema_version": 1,
          "attributes": {
            "arn": "arn:aws:ec2:ap-northeast-2:511874874257:subnet/subnet-07ae9798103b37d06",
            "assign_ipv6_address_on_creation": false,
            "availability_zone": "ap-northeast-2b",
            "availability_zone_id": "apne2-az2",
            "cidr_block": "10.2.1.0/24",
            "customer_owned_ipv4_pool": "",
            "enable_dns64": false,
            "enable_lni_at_device_index": 0,
            "enable_resource_name_dns_a_record_on_launch": false,
            "enable_resource_name_dns_aaaa_record_on_launch": false,
            "id": "subnet-07ae9798103b37d06",
            "ipv4_ipam_pool_id": null,
            "ipv4_netmask_length": null,
            "ipv6_cidr_block": "",
            "ipv6_cidr_block_association_id": "",
            "ipv6_ipam_pool_id": null,
            "ipv6_native": false,
            "ipv6_netmask_length": null,
            "map_customer_owned_ip_on_launch": false,
            "map_public_ip_on_launch": true,
            "outpost_arn": "",
            "owner_id": "511874874257",
            "private_dns_hostname_type_on_launch": "ip-name",
            "region": "ap-northeast-2",
            "tags": {
              "Name": "seoul-subnet-public-2"
            },
            "tags_all": {
              "Name": "seoul-subnet-public-2"
            },
            "timeouts": null,
            "vpc_id": "vpc-01e6132773388adc6"
          },
          "sensitive_attributes": [],
          "identity_schema_version": 0,
          "identity": {
            "account_id": "511874874257",
            "id": "subnet-07ae9798103b37d06",
            "region": "ap-northeast-2"
          },
          "private": "eyJlMmJmYjczMC1lY2FhLTExZTYtOGY4OC0zNDM2M2JjN2M0YzAiOnsiY3JlYXRlIjo2MDAwMDAwMDAwMDAsImRlbGV0ZSI6MTIwMDAwMDAwMDAwMH0sInNjaGVtYV92ZXJzaW9uIjoiMSJ9",
          "dependencies": [
            "module.vpc.aws_vpc.main",
            "module.vpc.data.aws_availability_zones.valid"
          ]
        }
      ]
    },
    {
      "module": "module.vpc",
      "mode": "managed",
      "type": "aws_vpc",
      "name": "main",
      "provider": "provider[\"registry.terraform.io/hashicorp/aws\"]",
      "instances": [
        {
          "schema_version": 1,
          "attributes": {
            "arn": "arn:aws:ec2:ap-northeast-2:511874874257:vpc/vpc-01e6132773388adc6",
            "assign_generated_ipv6_cidr_block": false,
            "cidr_block": "10.2.0.0/16",
            "default_network_acl_id": "acl-0e1c4768b2482c266",
            "default_route_table_id": "rtb-0b46f8310866c1087",
            "default_security_group_id": "sg-0aa4452d48cefb955",
            "dhcp_options_id": "dopt-08f1e1c8c978b36fd",
            "enable_dns_hostnames": false,
            "enable_dns_support": true,
            "enable_network_address_usage_metrics": false,
            "id": "vpc-01e6132773388adc6",
            "instance_tenancy": "default",
            "ipv4_ipam_pool_id": null,
            "ipv4_netmask_length": null,
            "ipv6_association_id": "",
            "ipv6_cidr_block": "",
            "ipv6_cidr_block_network_border_group": "",
            "ipv6_ipam_pool_id": "",
            "ipv6_netmask_length": 0,
            "main_route_table_id": "rtb-0b46f8310866c1087",
            "owner_id": "511874874257",
            "region": "ap-northeast-2",
            "tags": {
              "Name": "seoul-vpc-main"
            },
            "tags_all": {
              "Name": "seoul-vpc-main"
            }
          },
          "sensitive_attributes": [],
          "identity_schema_version": 0,
          "identity": {
            "account_id": "511874874257",
            "id": "vpc-01e6132773388adc6",
            "region": "ap-northeast-2"
          },
          "private": "eyJzY2hlbWFfdmVyc2lvbiI6IjEifQ=="
        }
      ]
    }
  ],
  "check_results": null
}
