{
  "version": 4,
  "terraform_version": "1.15.2",
  "serial": 3,
  "lineage": "4076c159-b757-73bb-8827-125edad0eefb",
  "outputs": {},
  "resources": [
    {
      "mode": "managed",
      "type": "local_file",
      "name": "file1",
      "provider": "provider[\"registry.terraform.io/hashicorp/local\"]",
      "instances": [
        {
          "schema_version": 0,
          "attributes": {
            "content": "안녕하세요.",
            "content_base64": null,
            "content_base64sha256": "ixGNZ0H3z6Gn7iRtDdo58vAL+f0ge05sf62HoVQ0pRM=",
            "content_base64sha512": "1qhBgINpHHFDpzXJMUw5AePQV5t8TL2UfRzjX5AAwsKxR0ZuYzBqGXEEazS0AvqTQ85B6bb8e3iG83Cfo+IQnw==",
            "content_md5": "20fe90b72e2875bd86705e76d22fa5ee",
            "content_sha1": "e53e643c131b8fe3c4ba6c58a355064c5d4c31f7",
            "content_sha256": "8b118d6741f7cfa1a7ee246d0dda39f2f00bf9fd207b4e6c7fad87a15434a513",
            "content_sha512": "d6a8418083691c7143a735c9314c3901e3d0579b7c4cbd947d1ce35f9000c2c2b147466e63306a1971046b34b402fa9343ce41e9b6fc7b7886f3709fa3e2109f",
            "directory_permission": "0777",
            "file_permission": "0777",
            "filename": "./file1.txt",
            "id": "e53e643c131b8fe3c4ba6c58a355064c5d4c31f7",
            "sensitive_content": null,
            "source": null
          },
          "sensitive_attributes": [
            [
              {
                "type": "get_attr",
                "value": "sensitive_content"
              }
            ]
          ],
          "identity_schema_version": 0
        }
      ]
    }
  ],
  "check_results": null
}
