{
  "version": 4,
  "terraform_version": "1.15.2",
  "serial": 8,
  "lineage": "c1cf5643-b314-6360-d156-8f12b5c6de48",
  "outputs": {},
  "resources": [
    {
      "mode": "managed",
      "type": "local_file",
      "name": "files",
      "provider": "provider[\"registry.terraform.io/hashicorp/local\"]",
      "instances": [
        {
          "index_key": 0,
          "schema_version": 0,
          "attributes": {
            "content": "10.2.0.0/24",
            "content_base64": null,
            "content_base64sha256": "YyRwUNCWyMgS6dR6X+sSHQ+J7vjus7ZpMMRoong0iNQ=",
            "content_base64sha512": "gkJwi//MTsE5bX0Zv30boKaiRMl5ifz0dCGZYOrjS/7Qx2F8q33iSVrsowBPwIugBQvF6xhDd5roifJKj5FEmQ==",
            "content_md5": "017dfd54111deb980d8a6b1ea22ac274",
            "content_sha1": "e7dcef076efaa92788d8686595deb611166ae680",
            "content_sha256": "63247050d096c8c812e9d47a5feb121d0f89eef8eeb3b66930c468a2783488d4",
            "content_sha512": "8242708bffcc4ec1396d7d19bf7d1ba0a6a244c97989fcf474219960eae34bfed0c7617cab7de2495aeca3004fc08ba0050bc5eb1843779ae889f24a8f914499",
            "directory_permission": "0777",
            "file_permission": "0777",
            "filename": "file1.txt",
            "id": "e7dcef076efaa92788d8686595deb611166ae680",
            "sensitive_content": null,
            "source": null
          },
          "sensitive_attributes": [
            [
              {
                "type": "get_attr",
                "value": "sensitive_content"
              }
            ]
          ],
          "identity_schema_version": 0
        },
        {
          "index_key": 1,
          "schema_version": 0,
          "attributes": {
            "content": "10.2.1.0/24",
            "content_base64": null,
            "content_base64sha256": "gxKkoHbFexX3yoiBEGfENjsTLKB4elq2XRnrjrN6nBA=",
            "content_base64sha512": "XxUv3v411sRz0dYtbIuUclzuvlxYFLOshgmMRvl3loTPYvpL3CL7RviLQI4YwrrWmK5OixIQC9Eo1DQ30EQ0DA==",
            "content_md5": "1f937f8b02902a079faf651bda55fe0d",
            "content_sha1": "44870f2837720311e61ff653970c70b9657ebeb4",
            "content_sha256": "8312a4a076c57b15f7ca88811067c4363b132ca0787a5ab65d19eb8eb37a9c10",
            "content_sha512": "5f152fdefe35d6c473d1d62d6c8b94725ceebe5c5814b3ac86098c46f9779684cf62fa4bdc22fb46f88b408e18c2bad698ae4e8b12100bd128d43437d044340c",
            "directory_permission": "0777",
            "file_permission": "0777",
            "filename": "file2.txt",
            "id": "44870f2837720311e61ff653970c70b9657ebeb4",
            "sensitive_content": null,
            "source": null
          },
          "sensitive_attributes": [
            [
              {
                "type": "get_attr",
                "value": "sensitive_content"
              }
            ]
          ],
          "identity_schema_version": 0
        },
        {
          "index_key": 2,
          "schema_version": 0,
          "attributes": {
            "content": "10.2.2.0/24",
            "content_base64": null,
            "content_base64sha256": "brRO7x/QHVS0Cs7GQPPNVpqs2tPqEyjlM7aNuUnGtJE=",
            "content_base64sha512": "FjX5p+VFUTZqN44WzhVghs60afxUTMmVZTYGPkK1uDq3oqjdaY6C38kNNnOCD9TzTMQ1GYmIR713WtCOvVupuQ==",
            "content_md5": "9903a5b855e5b3bccc50fb6aab1f4acf",
            "content_sha1": "5fc918951270c84a8daee25a55c7325435b696c6",
            "content_sha256": "6eb44eef1fd01d54b40acec640f3cd569aacdad3ea1328e533b68db949c6b491",
            "content_sha512": "1635f9a7e54551366a378e16ce156086ceb469fc544cc9956536063e42b5b83ab7a2a8dd698e82dfc90d3673820fd4f34cc43519898847bd775ad08ebd5ba9b9",
            "directory_permission": "0777",
            "file_permission": "0777",
            "filename": "file3.txt",
            "id": "5fc918951270c84a8daee25a55c7325435b696c6",
            "sensitive_content": null,
            "source": null
          },
          "sensitive_attributes": [
            [
              {
                "type": "get_attr",
                "value": "sensitive_content"
              }
            ]
          ],
          "identity_schema_version": 0
        },
        {
          "index_key": 3,
          "schema_version": 0,
          "attributes": {
            "content": "10.2.3.0/24",
            "content_base64": null,
            "content_base64sha256": "voEvLn/6ihMlzN8ZtbfgVntnMdRQ7Rw3o9k6bZgE+MA=",
            "content_base64sha512": "p1KfbXhNKXN9fMIWHJnwNn2DhfTDcozWRmihwLMvFjGY9SwWZjnt8PeQqvKNB2R2rsVeWhw5xV/UpOdSRuZTCg==",
            "content_md5": "83b038cbbb9ba278030586236ccb9e6f",
            "content_sha1": "48bd3081ef929208122f8343a67361933b17a8bc",
            "content_sha256": "be812f2e7ffa8a1325ccdf19b5b7e0567b6731d450ed1c37a3d93a6d9804f8c0",
            "content_sha512": "a7529f6d784d29737d7cc2161c99f0367d8385f4c3728cd64668a1c0b32f163198f52c166639edf0f790aaf28d076476aec55e5a1c39c55fd4a4e75246e6530a",
            "directory_permission": "0777",
            "file_permission": "0777",
            "filename": "file4.txt",
            "id": "48bd3081ef929208122f8343a67361933b17a8bc",
            "sensitive_content": null,
            "source": null
          },
          "sensitive_attributes": [
            [
              {
                "type": "get_attr",
                "value": "sensitive_content"
              }
            ]
          ],
          "identity_schema_version": 0
        }
      ]
    }
  ],
  "check_results": null
}
