{
  "version": 4,
  "terraform_version": "1.15.2",
  "serial": 1,
  "lineage": "c1cf5643-b314-6360-d156-8f12b5c6de48",
  "outputs": {},
  "resources": [
    {
      "mode": "managed",
      "type": "local_file",
      "name": "file1",
      "provider": "provider[\"registry.terraform.io/hashicorp/local\"]",
      "instances": [
        {
          "schema_version": 0,
          "attributes": {
            "content": "10.2.0.0/24",
            "content_base64": null,
            "content_base64sha256": "YyRwUNCWyMgS6dR6X+sSHQ+J7vjus7ZpMMRoong0iNQ=",
            "content_base64sha512": "gkJwi//MTsE5bX0Zv30boKaiRMl5ifz0dCGZYOrjS/7Qx2F8q33iSVrsowBPwIugBQvF6xhDd5roifJKj5FEmQ==",
            "content_md5": "017dfd54111deb980d8a6b1ea22ac274",
            "content_sha1": "e7dcef076efaa92788d8686595deb611166ae680",
            "content_sha256": "63247050d096c8c812e9d47a5feb121d0f89eef8eeb3b66930c468a2783488d4",
            "content_sha512": "8242708bffcc4ec1396d7d19bf7d1ba0a6a244c97989fcf474219960eae34bfed0c7617cab7de2495aeca3004fc08ba0050bc5eb1843779ae889f24a8f914499",
            "directory_permission": "0777",
            "file_permission": "0777",
            "filename": "file1.txt",
            "id": "e7dcef076efaa92788d8686595deb611166ae680",
            "sensitive_content": null,
            "source": null
          },
          "sensitive_attributes": [
            [
              {
                "type": "get_attr",
                "value": "sensitive_content"
              }
            ]
          ],
          "identity_schema_version": 0
        }
      ]
    },
    {
      "mode": "managed",
      "type": "local_file",
      "name": "file2",
      "provider": "provider[\"registry.terraform.io/hashicorp/local\"]",
      "instances": [
        {
          "schema_version": 0,
          "attributes": {
            "content": "10.2.1.0/24",
            "content_base64": null,
            "content_base64sha256": "gxKkoHbFexX3yoiBEGfENjsTLKB4elq2XRnrjrN6nBA=",
            "content_base64sha512": "XxUv3v411sRz0dYtbIuUclzuvlxYFLOshgmMRvl3loTPYvpL3CL7RviLQI4YwrrWmK5OixIQC9Eo1DQ30EQ0DA==",
            "content_md5": "1f937f8b02902a079faf651bda55fe0d",
            "content_sha1": "44870f2837720311e61ff653970c70b9657ebeb4",
            "content_sha256": "8312a4a076c57b15f7ca88811067c4363b132ca0787a5ab65d19eb8eb37a9c10",
            "content_sha512": "5f152fdefe35d6c473d1d62d6c8b94725ceebe5c5814b3ac86098c46f9779684cf62fa4bdc22fb46f88b408e18c2bad698ae4e8b12100bd128d43437d044340c",
            "directory_permission": "0777",
            "file_permission": "0777",
            "filename": "file2.txt",
            "id": "44870f2837720311e61ff653970c70b9657ebeb4",
            "sensitive_content": null,
            "source": null
          },
          "sensitive_attributes": [
            [
              {
                "type": "get_attr",
                "value": "sensitive_content"
              }
            ]
          ],
          "identity_schema_version": 0
        }
      ]
    }
  ],
  "check_results": null
}
