{
  "version": 4,
  "terraform_version": "1.15.2",
  "serial": 42,
  "lineage": "924aa89f-a8dd-ff57-8156-dbc871a6724e",
  "outputs": {},
  "resources": [
    {
      "mode": "managed",
      "type": "local_file",
      "name": "abc",
      "provider": "provider[\"registry.terraform.io/hashicorp/local\"]",
      "instances": [
        {
          "schema_version": 0,
          "attributes": {
            "content": "lifecycle - step 1",
            "content_base64": null,
            "content_base64sha256": "mWPFMXSOz+Q/uQKVbykSD/aZqtO8THFqRCcH2NaqkXc=",
            "content_base64sha512": "Wa0KB/Qm0YIFpVWUcDMFSiC42nNRLzGsB+MOox8EnJMWGwJ5gkfx4GdODN9BX9lPO+C1lWMAhUNTOLD6j1cBRg==",
            "content_md5": "973913f00967dad5c7f311448854eadf",
            "content_sha1": "7e817d811209db576335597bcd326518fe13398b",
            "content_sha256": "9963c531748ecfe43fb902956f29120ff699aad3bc4c716a442707d8d6aa9177",
            "content_sha512": "59ad0a07f426d18205a555947033054a20b8da73512f31ac07e30ea31f049c93161b02798247f1e0674e0cdf415fd94f3be0b595630085435338b0fa8f570146",
            "directory_permission": "0777",
            "file_permission": "0777",
            "filename": "./abc.txt",
            "id": "7e817d811209db576335597bcd326518fe13398b",
            "sensitive_content": null,
            "source": null
          },
          "sensitive_attributes": [
            [
              {
                "type": "get_attr",
                "value": "sensitive_content"
              }
            ]
          ],
          "identity_schema_version": 0
        }
      ]
    },
    {
      "mode": "managed",
      "type": "local_file",
      "name": "def",
      "provider": "provider[\"registry.terraform.io/hashicorp/local\"]",
      "instances": [
        {
          "schema_version": 0,
          "attributes": {
            "content": "lifecycle - step 8",
            "content_base64": null,
            "content_base64sha256": "8F+0vJLgmuCPnuByEjGc3xRR/+ALMp8MznHG2cL/nLA=",
            "content_base64sha512": "Jk+FqPpvdkB8gUxm6/PcQoddOcJwzzDkNXH76RPBZmhzRUhqNTiyuG5NX7QcQuBjRP1K0Bq/sAVoxCABEVaFYg==",
            "content_md5": "0f4fb23bc541b491031b9d24e00345af",
            "content_sha1": "86ea5ff62d4ed49c7d989d9b3dca3f07769aa732",
            "content_sha256": "f05fb4bc92e09ae08f9ee07212319cdf1451ffe00b329f0cce71c6d9c2ff9cb0",
            "content_sha512": "264f85a8fa6f76407c814c66ebf3dc42875d39c270cf30e43571fbe913c166687345486a3538b2b86e4d5fb41c42e06344fd4ad01abfb00568c4200111568562",
            "directory_permission": "0777",
            "file_permission": "0777",
            "filename": "./deg.txt",
            "id": "86ea5ff62d4ed49c7d989d9b3dca3f07769aa732",
            "sensitive_content": null,
            "source": null
          },
          "sensitive_attributes": [
            [
              {
                "type": "get_attr",
                "value": "sensitive_content"
              }
            ]
          ],
          "identity_schema_version": 0
        }
      ]
    },
    {
      "mode": "managed",
      "type": "local_file",
      "name": "step6",
      "provider": "provider[\"registry.terraform.io/hashicorp/local\"]",
      "instances": [
        {
          "schema_version": 0,
          "attributes": {
            "content": "lifecycle - step 8",
            "content_base64": null,
            "content_base64sha256": "8F+0vJLgmuCPnuByEjGc3xRR/+ALMp8MznHG2cL/nLA=",
            "content_base64sha512": "Jk+FqPpvdkB8gUxm6/PcQoddOcJwzzDkNXH76RPBZmhzRUhqNTiyuG5NX7QcQuBjRP1K0Bq/sAVoxCABEVaFYg==",
            "content_md5": "0f4fb23bc541b491031b9d24e00345af",
            "content_sha1": "86ea5ff62d4ed49c7d989d9b3dca3f07769aa732",
            "content_sha256": "f05fb4bc92e09ae08f9ee07212319cdf1451ffe00b329f0cce71c6d9c2ff9cb0",
            "content_sha512": "264f85a8fa6f76407c814c66ebf3dc42875d39c270cf30e43571fbe913c166687345486a3538b2b86e4d5fb41c42e06344fd4ad01abfb00568c4200111568562",
            "directory_permission": "0777",
            "file_permission": "0777",
            "filename": "step0.txt",
            "id": "86ea5ff62d4ed49c7d989d9b3dca3f07769aa732",
            "sensitive_content": null,
            "source": null
          },
          "sensitive_attributes": [
            [
              {
                "type": "get_attr",
                "value": "sensitive_content"
              }
            ]
          ],
          "identity_schema_version": 0
        }
      ]
    },
    {
      "mode": "managed",
      "type": "local_file",
      "name": "step7",
      "provider": "provider[\"registry.terraform.io/hashicorp/local\"]",
      "instances": [
        {
          "schema_version": 0,
          "attributes": {
            "content": "",
            "content_base64": null,
            "content_base64sha256": "47DEQpj8HBSa+/TImW+5JCeuQeRkm5NMpJWZG3hSuFU=",
            "content_base64sha512": "z4PhNX7vuL3xVChQ1m2AB9Yg5AULVxXcg/SpIdNs6c5H0NE8XYXysP+DGNKHfuwvY7kxvUdBeoGlODJ6+SfaPg==",
            "content_md5": "d41d8cd98f00b204e9800998ecf8427e",
            "content_sha1": "da39a3ee5e6b4b0d3255bfef95601890afd80709",
            "content_sha256": "e3b0c44298fc1c149afbf4c8996fb92427ae41e4649b934ca495991b7852b855",
            "content_sha512": "cf83e1357eefb8bdf1542850d66d8007d620e4050b5715dc83f4a921d36ce9ce47d0d13c5d85f2b0ff8318d2877eec2f63b931bd47417a81a538327af927da3e",
            "directory_permission": "0777",
            "file_permission": "0777",
            "filename": "./step7.txt",
            "id": "da39a3ee5e6b4b0d3255bfef95601890afd80709",
            "sensitive_content": null,
            "source": null
          },
          "sensitive_attributes": [
            [
              {
                "type": "get_attr",
                "value": "sensitive_content"
              }
            ]
          ],
          "identity_schema_version": 0
        }
      ]
    }
  ],
  "check_results": [
    {
      "object_kind": "resource",
      "config_addr": "local_file.step7",
      "status": "pass",
      "objects": [
        {
          "object_addr": "local_file.step7",
          "status": "pass"
        }
      ]
    },
    {
      "object_kind": "resource",
      "config_addr": "local_file.step6",
      "status": "pass",
      "objects": [
        {
          "object_addr": "local_file.step6",
          "status": "pass"
        }
      ]
    }
  ]
}
