{
  "version": 4,
  "terraform_version": "1.15.2",
  "serial": 41,
  "lineage": "51699bc1-546f-7f8e-8a34-10fb724b28c8",
  "outputs": {},
  "resources": [
    {
      "mode": "managed",
      "type": "local_file",
      "name": "index",
      "provider": "provider[\"registry.terraform.io/hashicorp/local\"]",
      "instances": [
        {
          "status": "tainted",
          "schema_version": 0,
          "attributes": {
            "content": "\u003c?php phpinfo(); ?\u003e",
            "content_base64": null,
            "content_base64sha256": "B1No+UfntTme/uTwArmcjNxwQnbmO0atrppGJW3fHrg=",
            "content_base64sha512": "9PVOrbfmPZSBz16fSQkWUR1K6Yfx4/lDqBH+suxqdqdNwhwDfBYJ39K1JCJeu9Ae4na46P/YLUwWXbktP9icqQ==",
            "content_md5": "a3a97306a17681f7d765db612a6cb2b2",
            "content_sha1": "8779a5eca57bc55e8ed68d3b8bd5188adca1325c",
            "content_sha256": "075368f947e7b5399efee4f002b99c8cdc704276e63b46adae9a46256ddf1eb8",
            "content_sha512": "f4f54eadb7e63d9481cf5e9f490916511d4ae987f1e3f943a811feb2ec6a76a74dc21c037c1609dfd2b524225ebbd01ee276b8e8ffd82d4c165db92d3fd89ca9",
            "directory_permission": "0777",
            "file_permission": "0777",
            "filename": "./index.php",
            "id": "8779a5eca57bc55e8ed68d3b8bd5188adca1325c",
            "sensitive_content": null,
            "source": null
          },
          "sensitive_attributes": [
            [
              {
                "type": "get_attr",
                "value": "sensitive_content"
              }
            ]
          ],
          "identity_schema_version": 0
        }
      ]
    }
  ],
  "check_results": null
}
