{
  "version": 4,
  "terraform_version": "1.15.2",
  "serial": 723,
  "lineage": "bb774bde-046d-29a5-9f9b-dcb8b4c402f3",
  "outputs": {},
  "resources": [
    {
      "mode": "managed",
      "type": "local_file",
      "name": "key",
      "provider": "provider[\"registry.terraform.io/hashicorp/local\"]",
      "instances": [
        {
          "schema_version": 0,
          "attributes": {
            "content": "-----BEGIN OPENSSH PRIVATE KEY-----\nb3BlbnNzaC1rZXktdjEAAAAABG5vbmUAAAAEbm9uZQAAAAAAAAABAAAAMwAAAAtz\nc2gtZWQyNTUxOQAAACC3FRuQbN8ed7hdQOL5EiydpzpXYoMxeoPj2V+nUTCWaQAA\nAIirI3XtqyN17QAAAAtzc2gtZWQyNTUxOQAAACC3FRuQbN8ed7hdQOL5EiydpzpX\nYoMxeoPj2V+nUTCWaQAAAEDYMFfjF2XGVMEaJImEoUW83AMkZniOmnn2vx1y3cTE\nVLcVG5Bs3x53uF1A4vkSLJ2nOldigzF6g+PZX6dRMJZpAAAAAAECAwQF\n-----END OPENSSH PRIVATE KEY-----\n",
            "content_base64": null,
            "content_base64sha256": "RDkENbZa1FreIkaHQB7Z16DzrtQkbv0VSfV8bEKiAyU=",
            "content_base64sha512": "oCfOLcFrb7bpHaVUXZQ+BkD0QwksymA5EAOnC1ey1GA8FFR+/i7L7Eq2CdbgusQJoi+/5KXT5sCKM9v92jkAuw==",
            "content_md5": "cc9bd3288779f86ecc3e7675ed8d6e66",
            "content_sha1": "67b4f9ec04f79887fedaccbedff00f7e2674abbe",
            "content_sha256": "44390435b65ad45ade224687401ed9d7a0f3aed4246efd1549f57c6c42a20325",
            "content_sha512": "a027ce2dc16b6fb6e91da5545d943e0640f443092cca60391003a70b57b2d4603c14547efe2ecbec4ab609d6e0bac409a22fbfe4a5d3e6c08a33dbfdda3900bb",
            "directory_permission": "0777",
            "file_permission": "0777",
            "filename": "./id_ed25519",
            "id": "67b4f9ec04f79887fedaccbedff00f7e2674abbe",
            "sensitive_content": null,
            "source": null
          },
          "sensitive_attributes": [
            [
              {
                "type": "get_attr",
                "value": "content"
              }
            ],
            [
              {
                "type": "get_attr",
                "value": "sensitive_content"
              }
            ]
          ],
          "identity_schema_version": 0,
          "dependencies": [
            "module.keypair.aws_key_pair.ssh_public_key",
            "module.keypair.tls_private_key.ssh_public_key"
          ]
        }
      ]
    },
    {
      "module": "module.cache",
      "mode": "managed",
      "type": "aws_elasticache_serverless_cache",
      "name": "main",
      "provider": "provider[\"registry.terraform.io/hashicorp/aws\"]",
      "instances": [
        {
          "schema_version": 0,
          "attributes": {
            "arn": "arn:aws:elasticache:ap-northeast-2:511874874257:serverlesscache:cache-test-board",
            "cache_usage_limits": [
              {
                "data_storage": [
                  {
                    "maximum": 10,
                    "minimum": 1,
                    "unit": "GB"
                  }
                ],
                "ecpu_per_second": [
                  {
                    "maximum": 2000,
                    "minimum": 1000
                  }
                ]
              }
            ],
            "create_time": "2026-05-22T06:43:42Z",
            "daily_snapshot_time": "01:30",
            "description": "Test Board Cache Server",
            "endpoint": [
              {
                "address": "cache-test-board-mmjbws.serverless.apn2.cache.amazonaws.com",
                "port": 6379
              }
            ],
            "engine": "valkey",
            "full_engine_version": "7.2",
            "id": "cache-test-board",
            "kms_key_id": null,
            "major_engine_version": "7",
            "name": "cache-test-board",
            "reader_endpoint": [
              {
                "address": "cache-test-board-mmjbws.serverless.apn2.cache.amazonaws.com",
                "port": 6380
              }
            ],
            "region": "ap-northeast-2",
            "security_group_ids": [
              "sg-0aa29bf46fe0cb745"
            ],
            "snapshot_arns_to_restore": null,
            "snapshot_retention_limit": 0,
            "status": "available",
            "subnet_ids": [
              "subnet-025b2a4cc711b9c30",
              "subnet-0e0d537172cc63dcf"
            ],
            "tags": null,
            "tags_all": {},
            "timeouts": null,
            "user_group_id": null
          },
          "sensitive_attributes": [],
          "identity_schema_version": 0,
          "dependencies": [
            "module.sg.aws_security_group.sg_map",
            "module.vpc.aws_subnet.privates",
            "module.vpc.aws_vpc.main",
            "module.vpc.data.aws_availability_zones.valid"
          ]
        }
      ]
    },
    {
      "module": "module.ec2",
      "mode": "managed",
      "type": "aws_instance",
      "name": "webs",
      "provider": "provider[\"registry.terraform.io/hashicorp/aws\"]",
      "instances": [
        {
          "index_key": 0,
          "schema_version": 2,
          "attributes": {
            "ami": "ami-0d4c056a16f3ae150",
            "arn": "arn:aws:ec2:ap-northeast-2:511874874257:instance/i-023b15d455739220c",
            "associate_public_ip_address": true,
            "availability_zone": "ap-northeast-2a",
            "capacity_reservation_specification": [
              {
                "capacity_reservation_preference": "open",
                "capacity_reservation_target": []
              }
            ],
            "cpu_options": [
              {
                "amd_sev_snp": "",
                "core_count": 1,
                "nested_virtualization": "",
                "threads_per_core": 2
              }
            ],
            "credit_specification": [
              {
                "cpu_credits": "unlimited"
              }
            ],
            "disable_api_stop": false,
            "disable_api_termination": false,
            "ebs_block_device": [],
            "ebs_optimized": false,
            "enable_primary_ipv6": null,
            "enclave_options": [
              {
                "enabled": false
              }
            ],
            "ephemeral_block_device": [],
            "force_destroy": false,
            "get_password_data": false,
            "hibernation": false,
            "host_id": "",
            "host_resource_group_arn": null,
            "iam_instance_profile": "role-ec2-access-s3",
            "id": "i-023b15d455739220c",
            "instance_initiated_shutdown_behavior": "stop",
            "instance_lifecycle": "",
            "instance_market_options": [],
            "instance_state": "running",
            "instance_type": "t3.micro",
            "ipv6_address_count": 0,
            "ipv6_addresses": [],
            "key_name": "terraform-ed25519-key",
            "launch_template": [
              {
                "id": "lt-06c067ba60226de76",
                "name": "ec2-temp-web",
                "version": "$Latest"
              }
            ],
            "maintenance_options": [
              {
                "auto_recovery": "default"
              }
            ],
            "metadata_options": [
              {
                "http_endpoint": "enabled",
                "http_protocol_ipv6": "disabled",
                "http_put_response_hop_limit": 2,
                "http_tokens": "required",
                "instance_metadata_tags": "disabled"
              }
            ],
            "monitoring": false,
            "network_interface": [],
            "outpost_arn": "",
            "password_data": "",
            "placement_group": "",
            "placement_group_id": "",
            "placement_partition_number": 0,
            "primary_network_interface": [
              {
                "delete_on_termination": true,
                "network_interface_id": "eni-09c71d59601686021"
              }
            ],
            "primary_network_interface_id": "eni-09c71d59601686021",
            "private_dns": "ip-10-2-0-78.ap-northeast-2.compute.internal",
            "private_dns_name_options": [
              {
                "enable_resource_name_dns_a_record": false,
                "enable_resource_name_dns_aaaa_record": false,
                "hostname_type": "ip-name"
              }
            ],
            "private_ip": "10.2.0.78",
            "public_dns": "",
            "public_ip": "3.36.130.58",
            "region": "ap-northeast-2",
            "root_block_device": [
              {
                "delete_on_termination": true,
                "device_name": "/dev/xvda",
                "encrypted": false,
                "iops": 3000,
                "kms_key_id": "",
                "tags": {},
                "tags_all": {},
                "throughput": 125,
                "volume_id": "vol-0fc6c2f3807fbcdc7",
                "volume_size": 8,
                "volume_type": "gp3"
              }
            ],
            "secondary_network_interface": [],
            "secondary_private_ips": [],
            "security_groups": [],
            "source_dest_check": true,
            "spot_instance_request_id": "",
            "subnet_id": "subnet-05135fe2f70523351",
            "tags": {
              "Name": "ec2-web-1"
            },
            "tags_all": {
              "Name": "ec2-web-1"
            },
            "tenancy": "default",
            "timeouts": null,
            "user_data": "",
            "user_data_base64": null,
            "user_data_replace_on_change": false,
            "volume_tags": null,
            "vpc_security_group_ids": [
              "sg-01592640b0f59a92e",
              "sg-039644451c9269f9e",
              "sg-0510f9b0e076b7fc2",
              "sg-0b0037c8cc40780ca"
            ]
          },
          "sensitive_attributes": [],
          "identity_schema_version": 0,
          "identity": {
            "account_id": "511874874257",
            "id": "i-023b15d455739220c",
            "region": "ap-northeast-2"
          },
          "private": "eyJlMmJmYjczMC1lY2FhLTExZTYtOGY4OC0zNDM2M2JjN2M0YzAiOnsiY3JlYXRlIjo2MDAwMDAwMDAwMDAsImRlbGV0ZSI6MTIwMDAwMDAwMDAwMCwicmVhZCI6OTAwMDAwMDAwMDAwLCJ1cGRhdGUiOjYwMDAwMDAwMDAwMH0sInNjaGVtYV92ZXJzaW9uIjoiMiJ9",
          "dependencies": [
            "module.keypair.aws_key_pair.ssh_public_key",
            "module.keypair.tls_private_key.ssh_public_key",
            "module.lt.aws_launch_template.web",
            "module.sg.aws_security_group.sg_map",
            "module.vpc.aws_subnet.publics",
            "module.vpc.aws_vpc.main",
            "module.vpc.data.aws_availability_zones.valid"
          ]
        },
        {
          "index_key": 1,
          "schema_version": 2,
          "attributes": {
            "ami": "ami-0d4c056a16f3ae150",
            "arn": "arn:aws:ec2:ap-northeast-2:511874874257:instance/i-0cd8c9a0f7346a953",
            "associate_public_ip_address": true,
            "availability_zone": "ap-northeast-2b",
            "capacity_reservation_specification": [
              {
                "capacity_reservation_preference": "open",
                "capacity_reservation_target": []
              }
            ],
            "cpu_options": [
              {
                "amd_sev_snp": "",
                "core_count": 1,
                "nested_virtualization": "",
                "threads_per_core": 2
              }
            ],
            "credit_specification": [
              {
                "cpu_credits": "unlimited"
              }
            ],
            "disable_api_stop": false,
            "disable_api_termination": false,
            "ebs_block_device": [],
            "ebs_optimized": false,
            "enable_primary_ipv6": null,
            "enclave_options": [
              {
                "enabled": false
              }
            ],
            "ephemeral_block_device": [],
            "force_destroy": false,
            "get_password_data": false,
            "hibernation": false,
            "host_id": "",
            "host_resource_group_arn": null,
            "iam_instance_profile": "role-ec2-access-s3",
            "id": "i-0cd8c9a0f7346a953",
            "instance_initiated_shutdown_behavior": "stop",
            "instance_lifecycle": "",
            "instance_market_options": [],
            "instance_state": "running",
            "instance_type": "t3.micro",
            "ipv6_address_count": 0,
            "ipv6_addresses": [],
            "key_name": "terraform-ed25519-key",
            "launch_template": [
              {
                "id": "lt-06c067ba60226de76",
                "name": "ec2-temp-web",
                "version": "$Latest"
              }
            ],
            "maintenance_options": [
              {
                "auto_recovery": "default"
              }
            ],
            "metadata_options": [
              {
                "http_endpoint": "enabled",
                "http_protocol_ipv6": "disabled",
                "http_put_response_hop_limit": 2,
                "http_tokens": "required",
                "instance_metadata_tags": "disabled"
              }
            ],
            "monitoring": false,
            "network_interface": [],
            "outpost_arn": "",
            "password_data": "",
            "placement_group": "",
            "placement_group_id": "",
            "placement_partition_number": 0,
            "primary_network_interface": [
              {
                "delete_on_termination": true,
                "network_interface_id": "eni-0644d974bbf45a5a8"
              }
            ],
            "primary_network_interface_id": "eni-0644d974bbf45a5a8",
            "private_dns": "ip-10-2-1-188.ap-northeast-2.compute.internal",
            "private_dns_name_options": [
              {
                "enable_resource_name_dns_a_record": false,
                "enable_resource_name_dns_aaaa_record": false,
                "hostname_type": "ip-name"
              }
            ],
            "private_ip": "10.2.1.188",
            "public_dns": "",
            "public_ip": "15.164.242.95",
            "region": "ap-northeast-2",
            "root_block_device": [
              {
                "delete_on_termination": true,
                "device_name": "/dev/xvda",
                "encrypted": false,
                "iops": 3000,
                "kms_key_id": "",
                "tags": {},
                "tags_all": {},
                "throughput": 125,
                "volume_id": "vol-003a3dbe7f8aedb92",
                "volume_size": 8,
                "volume_type": "gp3"
              }
            ],
            "secondary_network_interface": [],
            "secondary_private_ips": [],
            "security_groups": [],
            "source_dest_check": true,
            "spot_instance_request_id": "",
            "subnet_id": "subnet-0880a9dfc04893e97",
            "tags": {
              "Name": "ec2-web-2"
            },
            "tags_all": {
              "Name": "ec2-web-2"
            },
            "tenancy": "default",
            "timeouts": null,
            "user_data": "",
            "user_data_base64": null,
            "user_data_replace_on_change": false,
            "volume_tags": null,
            "vpc_security_group_ids": [
              "sg-01592640b0f59a92e",
              "sg-039644451c9269f9e",
              "sg-0510f9b0e076b7fc2",
              "sg-0b0037c8cc40780ca"
            ]
          },
          "sensitive_attributes": [],
          "identity_schema_version": 0,
          "identity": {
            "account_id": "511874874257",
            "id": "i-0cd8c9a0f7346a953",
            "region": "ap-northeast-2"
          },
          "private": "eyJlMmJmYjczMC1lY2FhLTExZTYtOGY4OC0zNDM2M2JjN2M0YzAiOnsiY3JlYXRlIjo2MDAwMDAwMDAwMDAsImRlbGV0ZSI6MTIwMDAwMDAwMDAwMCwicmVhZCI6OTAwMDAwMDAwMDAwLCJ1cGRhdGUiOjYwMDAwMDAwMDAwMH0sInNjaGVtYV92ZXJzaW9uIjoiMiJ9",
          "dependencies": [
            "module.keypair.aws_key_pair.ssh_public_key",
            "module.keypair.tls_private_key.ssh_public_key",
            "module.lt.aws_launch_template.web",
            "module.sg.aws_security_group.sg_map",
            "module.vpc.aws_subnet.publics",
            "module.vpc.aws_vpc.main",
            "module.vpc.data.aws_availability_zones.valid"
          ]
        }
      ]
    },
    {
      "module": "module.files",
      "mode": "managed",
      "type": "local_file",
      "name": "config",
      "provider": "provider[\"registry.terraform.io/hashicorp/local\"]",
      "instances": [
        {
          "schema_version": 0,
          "attributes": {
            "content": " \u003c?php\r\n\r\n$site_title = 'Test Board';\r\n\r\ndefine('ALLOW_SCRIPT_TAGS', true);\r\n//$site_title = htmlspecialchars(gethostname(), ENT_QUOTES, 'UTF-8');\r\n\r\ndefine('DB_HOST', 'database-board.c1kik0yioi4k.ap-northeast-2.rds.amazonaws.com');\r\ndefine('DB_USER', 'webmaster');\r\ndefine('DB_PASSWORD', '123');\r\ndefine('DB_NAME', 'test_board');\r\ndefine('DB_CHARSET', 'utf8mb4');\r\n\r\nfunction db_connect()\r\n{\r\n\t$con = mysqli_connect(DB_HOST, DB_USER, DB_PASSWORD, DB_NAME);\r\n\r\n\tif(!$con)\r\n\t\tdie('Database connection failed: '.mysqli_connect_error());\r\n\r\n\tmysqli_set_charset($con, DB_CHARSET);\r\n\r\n\treturn $con;\r\n}\r\n\r\nfunction render_post_content($content)\r\n{\r\n\tif(ALLOW_SCRIPT_TAGS)\r\n\t\treturn nl2br($content, false);\r\n\r\n\treturn nl2br(htmlspecialchars($content, ENT_QUOTES, 'UTF-8'), false);\r\n}\r\n\r\n ?\u003e\r\n\r\n",
            "content_base64": null,
            "content_base64sha256": "HEYiAshwTp1JdBMBtjNd6pP+HNm0DDTa1aiGxj58JdY=",
            "content_base64sha512": "4RsWZ6WZea05Ev1XM/SS3nSgD6wEb6tLjZowqYNmztyTA7/KWrzCnI+gRLL4at2pchIGKgLqEVqfyxsnUi4NVA==",
            "content_md5": "699c619547fb4b69ea1169d981b0e619",
            "content_sha1": "dbb1aabe5b471653162b13afa4f121111d57df80",
            "content_sha256": "1c462202c8704e9d49741301b6335dea93fe1cd9b40c34dad5a886c63e7c25d6",
            "content_sha512": "e11b1667a59979ad3912fd5733f492de74a00fac046fab4b8d9a30a98366cedc9303bfca5abcc29c8fa044b2f86adda97212062a02ea115a9fcb1b27522e0d54",
            "directory_permission": "0777",
            "file_permission": "0777",
            "filename": "../../project/files/config.php",
            "id": "dbb1aabe5b471653162b13afa4f121111d57df80",
            "sensitive_content": null,
            "source": null
          },
          "sensitive_attributes": [
            [
              {
                "type": "get_attr",
                "value": "sensitive_content"
              }
            ]
          ],
          "identity_schema_version": 0,
          "dependencies": [
            "module.rds.aws_db_instance.board",
            "module.rds.aws_db_parameter_group.board",
            "module.rds.aws_db_subnet_group.board",
            "module.sg.aws_security_group.sg_map",
            "module.vpc.aws_subnet.privates",
            "module.vpc.aws_vpc.main",
            "module.vpc.data.aws_availability_zones.valid"
          ]
        }
      ]
    },
    {
      "module": "module.files",
      "mode": "managed",
      "type": "local_file",
      "name": "db_script",
      "provider": "provider[\"registry.terraform.io/hashicorp/local\"]",
      "instances": [
        {
          "schema_version": 0,
          "attributes": {
            "content": "#!/bin/bash\r\n\r\ndnf install mariadb1011-client-utils -y\r\naws s3 cp s3://s3-511874874257-test-board/db_init.sql /tmp/db_init.sql\r\n\r\nmariadb -h database-board.c1kik0yioi4k.ap-northeast-2.rds.amazonaws.com -u root -pkang47290! \u003c /tmp/db_init.sql\r\n\r\nsleep 6\r\nshutdown -P now\r\n\r\n",
            "content_base64": null,
            "content_base64sha256": "+WE91y5fHrfqFum2EPPpzrt1Gf7eG55z21xHo2oG6tM=",
            "content_base64sha512": "9unm+Ps+nc4fHIx9NxX2v4U7z3zoztfDUS6z55Ahs8xjD8SUFGfTKZO/WfFpphQouk2avRvkP6J2133SXg+nSw==",
            "content_md5": "536d1bc11f994bf2d1962d7fa87e3105",
            "content_sha1": "09cf74520cc1f4ddd65b8d107afea1f23898065a",
            "content_sha256": "f9613dd72e5f1eb7ea16e9b610f3e9cebb7519fede1b9e73db5c47a36a06ead3",
            "content_sha512": "f6e9e6f8fb3e9dce1f1c8c7d3715f6bf853bcf7ce8ced7c3512eb3e79021b3cc630fc4941467d32993bf59f169a61428ba4d9abd1be43fa276d77dd25e0fa74b",
            "directory_permission": "0777",
            "file_permission": "0777",
            "filename": "../../project/files/db_script.sh",
            "id": "09cf74520cc1f4ddd65b8d107afea1f23898065a",
            "sensitive_content": null,
            "source": null
          },
          "sensitive_attributes": [
            [
              {
                "type": "get_attr",
                "value": "sensitive_content"
              }
            ]
          ],
          "identity_schema_version": 0,
          "dependencies": [
            "module.rds.aws_db_instance.board",
            "module.rds.aws_db_parameter_group.board",
            "module.rds.aws_db_subnet_group.board",
            "module.sg.aws_security_group.sg_map",
            "module.vpc.aws_subnet.privates",
            "module.vpc.aws_vpc.main",
            "module.vpc.data.aws_availability_zones.valid"
          ]
        }
      ]
    },
    {
      "module": "module.files",
      "mode": "managed",
      "type": "local_file",
      "name": "sql",
      "provider": "provider[\"registry.terraform.io/hashicorp/local\"]",
      "instances": [
        {
          "schema_version": 0,
          "attributes": {
            "content": "DROP DATABASE IF EXISTS test_board;\r\nDROP USER IF EXISTS 'webmaster'@'%';\r\n\r\nCREATE USER 'webmaster'@'%' IDENTIFIED BY '123';\r\nGRANT ALL PRIVILEGES ON test_board.* TO 'webmaster'@'%';\r\nCREATE DATABASE test_board DEFAULT CHARACTER SET utf8mb4 COLLATE utf8mb4_unicode_ci;\r\nUSE test_board;\r\nCREATE TABLE users (username CHAR(16) NOT NULL PRIMARY KEY, password CHAR(41));\r\n\r\nINSERT INTO users VALUES ('user1', '1234');\r\nINSERT INTO users VALUES ('user2', '1234');\r\n\r\nCREATE TABLE board (\r\nid INT UNSIGNED AUTO_INCREMENT,\r\nuser VARCHAR(100) NOT NULL,\r\ntitle VARCHAR(100) NOT NULL,\r\ncomment TEXT NOT NULL,\r\nfile VARCHAR(100),\r\ndate DATETIME NOT NULL,\r\nPRIMARY KEY(id),\r\nFOREIGN KEY (user) REFERENCES users (username));\r\n\r\n",
            "content_base64": null,
            "content_base64sha256": "w5zsu+qi3YPktyA2Ii7JxASsaC694a/bfehldMV9wZI=",
            "content_base64sha512": "sFsjREvFbbM/V7gF+HiFnGDQ3dXqlv5bA2jXPgDhM0CQnySQX+rj2ZFnddKfiTNHsJcFsHaa1FnDJY/ep+2Yvw==",
            "content_md5": "415734ced67e6d6435713e0d49e65f5f",
            "content_sha1": "2bfd9d0ee488a9c50804070c36f08153395ad19e",
            "content_sha256": "c39cecbbeaa2dd83e4b72036222ec9c404ac682ebde1afdb7de86574c57dc192",
            "content_sha512": "b05b23444bc56db33f57b805f878859c60d0ddd5ea96fe5b0368d73e00e13340909f24905feae3d9916775d29f893347b09705b0769ad459c3258fdea7ed98bf",
            "directory_permission": "0777",
            "file_permission": "0777",
            "filename": "../../project/files/db_init.sql",
            "id": "2bfd9d0ee488a9c50804070c36f08153395ad19e",
            "sensitive_content": null,
            "source": null
          },
          "sensitive_attributes": [
            [
              {
                "type": "get_attr",
                "value": "sensitive_content"
              }
            ]
          ],
          "identity_schema_version": 0
        }
      ]
    },
    {
      "module": "module.files",
      "mode": "managed",
      "type": "local_file",
      "name": "web_script",
      "provider": "provider[\"registry.terraform.io/hashicorp/local\"]",
      "instances": [
        {
          "schema_version": 0,
          "attributes": {
            "content": "#!/bin/bash\r\ndnf install httpd php8.4 php8.4-mysqlnd php8.4-pecl-redis6 -y\r\n    \r\naws s3 cp s3://s3-511874874257-board/test_board.tar.gz /tmp/test_board.tar.gz\r\ntar zxf /tmp/test_board.tar.gz -C /var/www/html\r\naws s3 cp s3://s3-511874874257-test-board/config.php /var/www/html/config.php\r\nsleep 3\r\naws s3 cp s3://s3-511874874257-test-board/www.conf /etc/php-fpm.d/www.conf\r\nsleep 3\r\nsystemctl restart httpd\r\nsystemctl enable httpd\r\n",
            "content_base64": null,
            "content_base64sha256": "lnGCGPfZ19HxqJCrU7Jti2xJ9zn2QaFSVe7ZLwwM6W0=",
            "content_base64sha512": "WSImaS3HJll21Xr8QNswsnKQqNArelkS0LoI6/4har0Jm2hE4k71LCuUvsvE5BhoOuYzMJt0pqo+pIwCqFaO/g==",
            "content_md5": "d3d7e40532d294ff3c443d98d4632f58",
            "content_sha1": "e6821c8fa23bf4180952241f5609bc1b33203b85",
            "content_sha256": "96718218f7d9d7d1f1a890ab53b26d8b6c49f739f641a15255eed92f0c0ce96d",
            "content_sha512": "592226692dc7265976d57afc40db30b27290a8d02b7a5912d0ba08ebfe216abd099b6844e24ef52c2b94becbc4e418683ae633309b74a6aa3ea48c02a8568efe",
            "directory_permission": "0777",
            "file_permission": "0777",
            "filename": "../../project/files/web_script.sh",
            "id": "e6821c8fa23bf4180952241f5609bc1b33203b85",
            "sensitive_content": null,
            "source": null
          },
          "sensitive_attributes": [
            [
              {
                "type": "get_attr",
                "value": "sensitive_content"
              }
            ]
          ],
          "identity_schema_version": 0
        }
      ]
    },
    {
      "module": "module.files",
      "mode": "managed",
      "type": "local_file",
      "name": "www_conf",
      "provider": "provider[\"registry.terraform.io/hashicorp/local\"]",
      "instances": [
        {
          "schema_version": 0,
          "attributes": {
            "content": "[www]\r\nuser = apache\r\ngroup = apache\r\nlisten = /run/php-fpm/www.sock\r\nlisten.acl_users = apache,nginx\r\nlisten.allowed_clients = 127.0.0.1\r\npm = dynamic\r\npm.max_children = 50\r\npm.start_servers = 5\r\npm.min_spare_servers = 5\r\npm.max_spare_servers = 35\r\nslowlog = /var/log/php-fpm/www-slow.log\r\nphp_admin_value[error_log] = /var/log/php-fpm/www-error.log\r\nphp_admin_flag[log_errors] = on\r\nphp_value[session.save_handler] = redis\r\nphp_value[session.save_path]    = \"tls://cache-test-board-mmjbws.serverless.apn2.cache.amazonaws.com:6379?cluster=1\"\r\n",
            "content_base64": null,
            "content_base64sha256": "p+LNE90laMDi9FOO85Th6YwwPew438RhVR3MMLPTy6s=",
            "content_base64sha512": "EdtTtUfCka0MC0wUXjEoXlbnQZlnNoGhM84jl2CdT5awt6CYgGnYYGoVxLI5BNMbjMvIfolBCPNIYt/BDWbhkA==",
            "content_md5": "2fcdf510dc7466e9175f307197e3b748",
            "content_sha1": "96b2f7a4d0d8d7c07674529b45e7a6dbde97e21f",
            "content_sha256": "a7e2cd13dd2568c0e2f4538ef394e1e98c303dec38dfc461551dcc30b3d3cbab",
            "content_sha512": "11db53b547c291ad0c0b4c145e31285e56e74199673681a133ce2397609d4f96b0b7a0988069d8606a15c4b23904d31b8ccbc87e894108f34862dfc10d66e190",
            "directory_permission": "0777",
            "file_permission": "0777",
            "filename": "../../project/files/www.conf",
            "id": "96b2f7a4d0d8d7c07674529b45e7a6dbde97e21f",
            "sensitive_content": null,
            "source": null
          },
          "sensitive_attributes": [
            [
              {
                "type": "get_attr",
                "value": "sensitive_content"
              }
            ]
          ],
          "identity_schema_version": 0,
          "dependencies": [
            "module.cache.aws_elasticache_serverless_cache.main",
            "module.sg.aws_security_group.sg_map",
            "module.vpc.aws_subnet.privates",
            "module.vpc.aws_vpc.main",
            "module.vpc.data.aws_availability_zones.valid"
          ]
        }
      ]
    },
    {
      "module": "module.keypair",
      "mode": "managed",
      "type": "aws_key_pair",
      "name": "ssh_public_key",
      "provider": "provider[\"registry.terraform.io/hashicorp/aws\"]",
      "instances": [
        {
          "schema_version": 1,
          "attributes": {
            "arn": "arn:aws:ec2:ap-northeast-2:511874874257:key-pair/terraform-ed25519-key",
            "fingerprint": "5pmY8nJEfzLCTr6bhNKm9ZCgVSuc//tAPWm78E+dsd8=",
            "id": "terraform-ed25519-key",
            "key_name": "terraform-ed25519-key",
            "key_name_prefix": "",
            "key_pair_id": "key-03348e7aaa7ebaf41",
            "key_type": "ed25519",
            "public_key": "ssh-ed25519 AAAAC3NzaC1lZDI1NTE5AAAAILcVG5Bs3x53uF1A4vkSLJ2nOldigzF6g+PZX6dRMJZp",
            "region": "ap-northeast-2",
            "tags": {},
            "tags_all": {}
          },
          "sensitive_attributes": [],
          "identity_schema_version": 0,
          "private": "eyJzY2hlbWFfdmVyc2lvbiI6IjEifQ==",
          "dependencies": [
            "module.keypair.tls_private_key.ssh_public_key"
          ]
        }
      ]
    },
    {
      "module": "module.keypair",
      "mode": "managed",
      "type": "tls_private_key",
      "name": "ssh_public_key",
      "provider": "provider[\"registry.terraform.io/hashicorp/tls\"]",
      "instances": [
        {
          "schema_version": 1,
          "attributes": {
            "algorithm": "ED25519",
            "ecdsa_curve": "P224",
            "id": "fbb42fc42f8ebba81523c0ef4fe813a40756e55d",
            "private_key_openssh": "-----BEGIN OPENSSH PRIVATE KEY-----\nb3BlbnNzaC1rZXktdjEAAAAABG5vbmUAAAAEbm9uZQAAAAAAAAABAAAAMwAAAAtz\nc2gtZWQyNTUxOQAAACC3FRuQbN8ed7hdQOL5EiydpzpXYoMxeoPj2V+nUTCWaQAA\nAIirI3XtqyN17QAAAAtzc2gtZWQyNTUxOQAAACC3FRuQbN8ed7hdQOL5EiydpzpX\nYoMxeoPj2V+nUTCWaQAAAEDYMFfjF2XGVMEaJImEoUW83AMkZniOmnn2vx1y3cTE\nVLcVG5Bs3x53uF1A4vkSLJ2nOldigzF6g+PZX6dRMJZpAAAAAAECAwQF\n-----END OPENSSH PRIVATE KEY-----\n",
            "private_key_pem": "-----BEGIN PRIVATE KEY-----\nMC4CAQAwBQYDK2VwBCIEINgwV+MXZcZUwRokiYShRbzcAyRmeI6aefa/HXLdxMRU\n-----END PRIVATE KEY-----\n",
            "private_key_pem_pkcs8": "-----BEGIN PRIVATE KEY-----\nMC4CAQAwBQYDK2VwBCIEINgwV+MXZcZUwRokiYShRbzcAyRmeI6aefa/HXLdxMRU\n-----END PRIVATE KEY-----\n",
            "public_key_fingerprint_md5": "49:22:c5:9f:ed:a3:6e:fc:39:f4:16:56:65:d8:17:18",
            "public_key_fingerprint_sha256": "SHA256:5pmY8nJEfzLCTr6bhNKm9ZCgVSuc//tAPWm78E+dsd8",
            "public_key_openssh": "ssh-ed25519 AAAAC3NzaC1lZDI1NTE5AAAAILcVG5Bs3x53uF1A4vkSLJ2nOldigzF6g+PZX6dRMJZp\n",
            "public_key_pem": "-----BEGIN PUBLIC KEY-----\nMCowBQYDK2VwAyEAtxUbkGzfHne4XUDi+RIsnac6V2KDMXqD49lfp1Ewlmk=\n-----END PUBLIC KEY-----\n",
            "rsa_bits": 2048
          },
          "sensitive_attributes": [
            [
              {
                "type": "get_attr",
                "value": "private_key_openssh"
              }
            ],
            [
              {
                "type": "get_attr",
                "value": "private_key_pem"
              }
            ],
            [
              {
                "type": "get_attr",
                "value": "private_key_pem_pkcs8"
              }
            ]
          ],
          "identity_schema_version": 0
        }
      ]
    },
    {
      "module": "module.lb",
      "mode": "managed",
      "type": "aws_lb",
      "name": "wordpress",
      "provider": "provider[\"registry.terraform.io/hashicorp/aws\"]",
      "instances": [
        {
          "schema_version": 0,
          "attributes": {
            "access_logs": [
              {
                "bucket": "",
                "enabled": false,
                "prefix": ""
              }
            ],
            "arn": "arn:aws:elasticloadbalancing:ap-northeast-2:511874874257:loadbalancer/app/lb-wordpress/e70959a912c717d6",
            "arn_suffix": "app/lb-wordpress/e70959a912c717d6",
            "client_keep_alive": 3600,
            "connection_logs": [
              {
                "bucket": "",
                "enabled": false,
                "prefix": ""
              }
            ],
            "customer_owned_ipv4_pool": "",
            "desync_mitigation_mode": "defensive",
            "dns_name": "lb-wordpress-1321246378.ap-northeast-2.elb.amazonaws.com",
            "dns_record_client_routing_policy": null,
            "drop_invalid_header_fields": false,
            "enable_cross_zone_load_balancing": true,
            "enable_deletion_protection": false,
            "enable_http2": true,
            "enable_tls_version_and_cipher_suite_headers": false,
            "enable_waf_fail_open": false,
            "enable_xff_client_port": false,
            "enable_zonal_shift": false,
            "enforce_security_group_inbound_rules_on_private_link_traffic": "",
            "health_check_logs": [
              {
                "bucket": "",
                "enabled": false,
                "prefix": ""
              }
            ],
            "id": "arn:aws:elasticloadbalancing:ap-northeast-2:511874874257:loadbalancer/app/lb-wordpress/e70959a912c717d6",
            "idle_timeout": 60,
            "internal": false,
            "ip_address_type": "ipv4",
            "ipam_pools": [],
            "load_balancer_type": "application",
            "minimum_load_balancer_capacity": [],
            "name": "lb-wordpress",
            "name_prefix": "",
            "preserve_host_header": false,
            "region": "ap-northeast-2",
            "secondary_ips_auto_assigned_per_subnet": null,
            "security_groups": [
              "sg-0a8506436920c81ed"
            ],
            "subnet_mapping": [
              {
                "allocation_id": "",
                "ipv6_address": "",
                "outpost_id": "",
                "private_ipv4_address": "",
                "subnet_id": "subnet-05135fe2f70523351"
              },
              {
                "allocation_id": "",
                "ipv6_address": "",
                "outpost_id": "",
                "private_ipv4_address": "",
                "subnet_id": "subnet-0880a9dfc04893e97"
              }
            ],
            "subnets": [
              "subnet-05135fe2f70523351",
              "subnet-0880a9dfc04893e97"
            ],
            "tags": {},
            "tags_all": {},
            "timeouts": null,
            "vpc_id": "vpc-08aed3f5dff4df9c4",
            "xff_header_processing_mode": "append",
            "zone_id": "ZWKZPGTI48KDX"
          },
          "sensitive_attributes": [],
          "identity_schema_version": 0,
          "identity": {
            "arn": "arn:aws:elasticloadbalancing:ap-northeast-2:511874874257:loadbalancer/app/lb-wordpress/e70959a912c717d6"
          },
          "private": "eyJlMmJmYjczMC1lY2FhLTExZTYtOGY4OC0zNDM2M2JjN2M0YzAiOnsiY3JlYXRlIjo2MDAwMDAwMDAwMDAsImRlbGV0ZSI6NjAwMDAwMDAwMDAwLCJ1cGRhdGUiOjYwMDAwMDAwMDAwMH19",
          "dependencies": [
            "module.sg.aws_security_group.sg_map",
            "module.vpc.aws_subnet.publics",
            "module.vpc.aws_vpc.main",
            "module.vpc.data.aws_availability_zones.valid"
          ]
        }
      ]
    },
    {
      "module": "module.lb",
      "mode": "managed",
      "type": "aws_lb_listener",
      "name": "wordpress",
      "provider": "provider[\"registry.terraform.io/hashicorp/aws\"]",
      "instances": [
        {
          "schema_version": 0,
          "attributes": {
            "alpn_policy": null,
            "arn": "arn:aws:elasticloadbalancing:ap-northeast-2:511874874257:listener/app/lb-wordpress/e70959a912c717d6/dbb6043f10530ec0",
            "certificate_arn": null,
            "default_action": [
              {
                "authenticate_cognito": [],
                "authenticate_oidc": [],
                "fixed_response": [],
                "forward": [],
                "jwt_validation": [],
                "order": 1,
                "redirect": [],
                "target_group_arn": "arn:aws:elasticloadbalancing:ap-northeast-2:511874874257:targetgroup/tg-webserver/b303eb414a8b4665",
                "type": "forward"
              }
            ],
            "id": "arn:aws:elasticloadbalancing:ap-northeast-2:511874874257:listener/app/lb-wordpress/e70959a912c717d6/dbb6043f10530ec0",
            "load_balancer_arn": "arn:aws:elasticloadbalancing:ap-northeast-2:511874874257:loadbalancer/app/lb-wordpress/e70959a912c717d6",
            "mutual_authentication": [],
            "port": 80,
            "protocol": "HTTP",
            "region": "ap-northeast-2",
            "routing_http_request_x_amzn_mtls_clientcert_header_name": null,
            "routing_http_request_x_amzn_mtls_clientcert_issuer_header_name": null,
            "routing_http_request_x_amzn_mtls_clientcert_leaf_header_name": null,
            "routing_http_request_x_amzn_mtls_clientcert_serial_number_header_name": null,
            "routing_http_request_x_amzn_mtls_clientcert_subject_header_name": null,
            "routing_http_request_x_amzn_mtls_clientcert_validity_header_name": null,
            "routing_http_request_x_amzn_tls_cipher_suite_header_name": null,
            "routing_http_request_x_amzn_tls_version_header_name": null,
            "routing_http_response_access_control_allow_credentials_header_value": "",
            "routing_http_response_access_control_allow_headers_header_value": "",
            "routing_http_response_access_control_allow_methods_header_value": "",
            "routing_http_response_access_control_allow_origin_header_value": "",
            "routing_http_response_access_control_expose_headers_header_value": "",
            "routing_http_response_access_control_max_age_header_value": "",
            "routing_http_response_content_security_policy_header_value": "",
            "routing_http_response_server_enabled": true,
            "routing_http_response_strict_transport_security_header_value": "",
            "routing_http_response_x_content_type_options_header_value": "",
            "routing_http_response_x_frame_options_header_value": "",
            "ssl_policy": "",
            "tags": {},
            "tags_all": {},
            "tcp_idle_timeout_seconds": null,
            "timeouts": null
          },
          "sensitive_attributes": [],
          "identity_schema_version": 0,
          "identity": {
            "arn": "arn:aws:elasticloadbalancing:ap-northeast-2:511874874257:listener/app/lb-wordpress/e70959a912c717d6/dbb6043f10530ec0"
          },
          "private": "eyJlMmJmYjczMC1lY2FhLTExZTYtOGY4OC0zNDM2M2JjN2M0YzAiOnsiY3JlYXRlIjozMDAwMDAwMDAwMDAsInVwZGF0ZSI6MzAwMDAwMDAwMDAwfX0=",
          "dependencies": [
            "module.lb.aws_lb.wordpress",
            "module.sg.aws_security_group.sg_map",
            "module.tg.aws_lb_target_group.web",
            "module.vpc.aws_subnet.publics",
            "module.vpc.aws_vpc.main",
            "module.vpc.data.aws_availability_zones.valid"
          ]
        }
      ]
    },
    {
      "module": "module.lt",
      "mode": "managed",
      "type": "aws_launch_template",
      "name": "web",
      "provider": "provider[\"registry.terraform.io/hashicorp/aws\"]",
      "instances": [
        {
          "schema_version": 1,
          "attributes": {
            "arn": "arn:aws:ec2:ap-northeast-2:511874874257:launch-template/lt-06c067ba60226de76",
            "block_device_mappings": [],
            "capacity_reservation_specification": [],
            "cpu_options": [],
            "credit_specification": [],
            "default_version": 2,
            "description": "web server - wordpress",
            "disable_api_stop": false,
            "disable_api_termination": false,
            "ebs_optimized": "",
            "enclave_options": [],
            "hibernation_options": [],
            "iam_instance_profile": [
              {
                "arn": "",
                "name": "role-ec2-access-s3"
              }
            ],
            "id": "lt-06c067ba60226de76",
            "image_id": "ami-0d4c056a16f3ae150",
            "instance_initiated_shutdown_behavior": "",
            "instance_market_options": [],
            "instance_requirements": [],
            "instance_type": "t3.micro",
            "kernel_id": "",
            "key_name": "terraform-ed25519-key",
            "latest_version": 2,
            "license_specification": [],
            "maintenance_options": [],
            "metadata_options": [],
            "monitoring": [],
            "name": "ec2-temp-web",
            "name_prefix": "",
            "network_interfaces": [],
            "network_performance_options": [],
            "placement": [],
            "private_dns_name_options": [],
            "ram_disk_id": "",
            "region": "ap-northeast-2",
            "secondary_interfaces": [],
            "security_group_names": [],
            "tag_specifications": [],
            "tags": {},
            "tags_all": {},
            "update_default_version": true,
            "user_data": "IyEvYmluL2Jhc2gNCmRuZiBpbnN0YWxsIGh0dHBkIHBocDguNCBwaHA4LjQtbXlzcWxuZCBwaHA4LjQtcGVjbC1yZWRpczYgLXkNCiAgICANCmF3cyBzMyBjcCBzMzovL3MzLTUxMTg3NDg3NDI1Ny1ib2FyZC90ZXN0X2JvYXJkLnRhci5neiAvdG1wL3Rlc3RfYm9hcmQudGFyLmd6DQp0YXIgenhmIC90bXAvdGVzdF9ib2FyZC50YXIuZ3ogLUMgL3Zhci93d3cvaHRtbA0KYXdzIHMzIGNwIHMzOi8vczMtNTExODc0ODc0MjU3LXRlc3QtYm9hcmQvY29uZmlnLnBocCAvdmFyL3d3dy9odG1sL2NvbmZpZy5waHANCnNsZWVwIDMNCmF3cyBzMyBjcCBzMzovL3MzLTUxMTg3NDg3NDI1Ny10ZXN0LWJvYXJkL3d3dy5jb25mIC9ldGMvcGhwLWZwbS5kL3d3dy5jb25mDQpzbGVlcCAzDQpzeXN0ZW1jdGwgcmVzdGFydCBodHRwZA0Kc3lzdGVtY3RsIGVuYWJsZSBodHRwZA0K",
            "vpc_security_group_ids": []
          },
          "sensitive_attributes": [],
          "identity_schema_version": 0,
          "identity": {
            "account_id": "511874874257",
            "id": "lt-06c067ba60226de76",
            "region": "ap-northeast-2"
          },
          "private": "eyJzY2hlbWFfdmVyc2lvbiI6IjEifQ==",
          "dependencies": [
            "module.keypair.aws_key_pair.ssh_public_key",
            "module.keypair.tls_private_key.ssh_public_key"
          ]
        }
      ]
    },
    {
      "module": "module.rds",
      "mode": "data",
      "type": "aws_ami",
      "name": "al2023_x86",
      "provider": "provider[\"registry.terraform.io/hashicorp/aws\"]",
      "instances": [
        {
          "schema_version": 0,
          "attributes": {
            "allow_unsafe_filter": null,
            "architecture": "x86_64",
            "arn": "arn:aws:ec2:ap-northeast-2::image/ami-010502f62836f0c67",
            "block_device_mappings": [
              {
                "device_name": "/dev/xvda",
                "ebs": {
                  "delete_on_termination": "true",
                  "encrypted": "false",
                  "iops": "3000",
                  "snapshot_id": "snap-07b01b2aab4c929cc",
                  "throughput": "125",
                  "volume_initialization_rate": "0",
                  "volume_size": "8",
                  "volume_type": "gp3"
                },
                "no_device": "",
                "virtual_name": ""
              }
            ],
            "boot_mode": "uefi-preferred",
            "creation_date": "2026-05-15T01:53:02.000Z",
            "deprecation_time": "2026-08-13T02:00:00.000Z",
            "description": "Amazon Linux 2023 AMI 2023.11.20260514.0 x86_64 HVM kernel-6.1",
            "ena_support": true,
            "executable_users": null,
            "filter": [
              {
                "name": "architecture",
                "values": [
                  "x86_64"
                ]
              },
              {
                "name": "name",
                "values": [
                  "al2023-ami-2023.*-kernel-6.1-x86_64"
                ]
              },
              {
                "name": "virtualization-type",
                "values": [
                  "hvm"
                ]
              }
            ],
            "hypervisor": "xen",
            "id": "ami-010502f62836f0c67",
            "image_id": "ami-010502f62836f0c67",
            "image_location": "amazon/al2023-ami-2023.11.20260514.0-kernel-6.1-x86_64",
            "image_owner_alias": "amazon",
            "image_type": "machine",
            "imds_support": "v2.0",
            "include_deprecated": false,
            "kernel_id": "",
            "last_launched_time": "",
            "most_recent": true,
            "name": "al2023-ami-2023.11.20260514.0-kernel-6.1-x86_64",
            "name_regex": null,
            "owner_id": "137112412989",
            "owners": [
              "amazon"
            ],
            "platform": "",
            "platform_details": "Linux/UNIX",
            "product_codes": [],
            "public": true,
            "ramdisk_id": "",
            "region": "ap-northeast-2",
            "root_device_name": "/dev/xvda",
            "root_device_type": "ebs",
            "root_snapshot_id": "snap-07b01b2aab4c929cc",
            "sriov_net_support": "simple",
            "state": "available",
            "state_reason": {
              "code": "UNSET",
              "message": "UNSET"
            },
            "tags": {},
            "timeouts": null,
            "tpm_support": "",
            "uefi_data": null,
            "usage_operation": "RunInstances",
            "virtualization_type": "hvm"
          },
          "sensitive_attributes": [],
          "identity_schema_version": 0
        }
      ]
    },
    {
      "module": "module.rds",
      "mode": "managed",
      "type": "aws_db_instance",
      "name": "board",
      "provider": "provider[\"registry.terraform.io/hashicorp/aws\"]",
      "instances": [
        {
          "schema_version": 2,
          "attributes": {
            "address": "database-board.c1kik0yioi4k.ap-northeast-2.rds.amazonaws.com",
            "allocated_storage": 20,
            "allow_major_version_upgrade": null,
            "apply_immediately": false,
            "arn": "arn:aws:rds:ap-northeast-2:511874874257:db:database-board",
            "auto_minor_version_upgrade": true,
            "availability_zone": "ap-northeast-2b",
            "backup_retention_period": 0,
            "backup_target": "region",
            "backup_window": "19:24-19:54",
            "blue_green_update": [],
            "ca_cert_identifier": "rds-ca-rsa2048-g1",
            "character_set_name": "",
            "copy_tags_to_snapshot": false,
            "custom_iam_instance_profile": "",
            "customer_owned_ip_enabled": false,
            "database_insights_mode": "standard",
            "db_name": "",
            "db_subnet_group_name": "group-database-board",
            "dedicated_log_volume": false,
            "delete_automated_backups": true,
            "deletion_protection": false,
            "domain": "",
            "domain_auth_secret_arn": "",
            "domain_dns_ips": [],
            "domain_fqdn": "",
            "domain_iam_role_name": "",
            "domain_ou": "",
            "enabled_cloudwatch_logs_exports": [],
            "endpoint": "database-board.c1kik0yioi4k.ap-northeast-2.rds.amazonaws.com:3306",
            "engine": "mariadb",
            "engine_lifecycle_support": "",
            "engine_version": "10.11.16",
            "engine_version_actual": "10.11.16",
            "final_snapshot_identifier": null,
            "hosted_zone_id": "ZLA2NUCOLGUUR",
            "iam_database_authentication_enabled": false,
            "id": "db-BUQE4NYR6U5RQRZX3B7QXV3USM",
            "identifier": "database-board",
            "identifier_prefix": "",
            "instance_class": "db.t3.micro",
            "iops": 0,
            "kms_key_id": "",
            "latest_restorable_time": "",
            "license_model": "general-public-license",
            "listener_endpoint": [],
            "maintenance_window": "sat:18:44-sat:19:14",
            "manage_master_user_password": null,
            "master_user_secret": [],
            "master_user_secret_kms_key_id": null,
            "max_allocated_storage": 0,
            "monitoring_interval": 0,
            "monitoring_role_arn": "",
            "multi_az": false,
            "nchar_character_set_name": "",
            "network_type": "IPV4",
            "option_group_name": "default:mariadb-10-11",
            "parameter_group_name": "para-board",
            "password": "kang47290!",
            "password_wo": null,
            "password_wo_version": null,
            "performance_insights_enabled": false,
            "performance_insights_kms_key_id": "",
            "performance_insights_retention_period": 0,
            "port": 3306,
            "publicly_accessible": false,
            "region": "ap-northeast-2",
            "replica_mode": "",
            "replicas": [],
            "replicate_source_db": "",
            "resource_id": "db-BUQE4NYR6U5RQRZX3B7QXV3USM",
            "restore_to_point_in_time": [],
            "s3_import": [],
            "skip_final_snapshot": true,
            "snapshot_identifier": null,
            "status": "available",
            "storage_encrypted": false,
            "storage_throughput": 0,
            "storage_type": "gp2",
            "tags": {},
            "tags_all": {},
            "timeouts": null,
            "timezone": "",
            "upgrade_rollout_order": "second",
            "upgrade_storage_config": null,
            "username": "root",
            "vpc_security_group_ids": [
              "sg-0ab5bed24777ecb8b"
            ]
          },
          "sensitive_attributes": [
            [
              {
                "type": "get_attr",
                "value": "password"
              }
            ],
            [
              {
                "type": "get_attr",
                "value": "password_wo"
              }
            ]
          ],
          "identity_schema_version": 0,
          "private": "eyJlMmJmYjczMC1lY2FhLTExZTYtOGY4OC0zNDM2M2JjN2M0YzAiOnsiY3JlYXRlIjozMDAwMDAwMDAwMDAwLCJkZWxldGUiOjM2MDAwMDAwMDAwMDAsInVwZGF0ZSI6NDgwMDAwMDAwMDAwMH0sInNjaGVtYV92ZXJzaW9uIjoiMiJ9",
          "dependencies": [
            "module.rds.aws_db_parameter_group.board",
            "module.rds.aws_db_subnet_group.board",
            "module.sg.aws_security_group.sg_map",
            "module.vpc.aws_subnet.privates",
            "module.vpc.aws_vpc.main",
            "module.vpc.data.aws_availability_zones.valid"
          ]
        }
      ]
    },
    {
      "module": "module.rds",
      "mode": "managed",
      "type": "aws_db_parameter_group",
      "name": "board",
      "provider": "provider[\"registry.terraform.io/hashicorp/aws\"]",
      "instances": [
        {
          "schema_version": 0,
          "attributes": {
            "arn": "arn:aws:rds:ap-northeast-2:511874874257:pg:para-board",
            "description": "board DB parameter-map",
            "family": "mariadb10.11",
            "id": "para-board",
            "name": "para-board",
            "name_prefix": "",
            "parameter": [
              {
                "apply_method": "immediate",
                "name": "time_zone",
                "value": "Asia/Seoul"
              }
            ],
            "region": "ap-northeast-2",
            "skip_destroy": false,
            "tags": {},
            "tags_all": {}
          },
          "sensitive_attributes": [],
          "identity_schema_version": 0,
          "private": "bnVsbA=="
        }
      ]
    },
    {
      "module": "module.rds",
      "mode": "managed",
      "type": "aws_db_subnet_group",
      "name": "board",
      "provider": "provider[\"registry.terraform.io/hashicorp/aws\"]",
      "instances": [
        {
          "schema_version": 0,
          "attributes": {
            "arn": "arn:aws:rds:ap-northeast-2:511874874257:subgrp:group-database-board",
            "description": "Test Board DB Group",
            "id": "group-database-board",
            "name": "group-database-board",
            "name_prefix": "",
            "region": "ap-northeast-2",
            "subnet_ids": [
              "subnet-025b2a4cc711b9c30",
              "subnet-0e0d537172cc63dcf"
            ],
            "supported_network_types": [
              "IPV4"
            ],
            "tags": {},
            "tags_all": {},
            "vpc_id": "vpc-08aed3f5dff4df9c4"
          },
          "sensitive_attributes": [],
          "identity_schema_version": 0,
          "identity": {
            "account_id": "511874874257",
            "name": "group-database-board",
            "region": "ap-northeast-2"
          },
          "private": "bnVsbA==",
          "dependencies": [
            "module.vpc.aws_subnet.privates",
            "module.vpc.aws_vpc.main",
            "module.vpc.data.aws_availability_zones.valid"
          ]
        }
      ]
    },
    {
      "module": "module.rds",
      "mode": "managed",
      "type": "aws_instance",
      "name": "db_init",
      "provider": "provider[\"registry.terraform.io/hashicorp/aws\"]",
      "instances": [
        {
          "index_key": 0,
          "schema_version": 2,
          "attributes": {
            "ami": "ami-010502f62836f0c67",
            "arn": "arn:aws:ec2:ap-northeast-2:511874874257:instance/i-07951967b90b0a9e5",
            "associate_public_ip_address": true,
            "availability_zone": "ap-northeast-2a",
            "capacity_reservation_specification": [
              {
                "capacity_reservation_preference": "open",
                "capacity_reservation_target": []
              }
            ],
            "cpu_options": [
              {
                "amd_sev_snp": "",
                "core_count": 1,
                "nested_virtualization": "",
                "threads_per_core": 2
              }
            ],
            "credit_specification": [
              {
                "cpu_credits": "unlimited"
              }
            ],
            "disable_api_stop": false,
            "disable_api_termination": false,
            "ebs_block_device": [],
            "ebs_optimized": false,
            "enable_primary_ipv6": null,
            "enclave_options": [
              {
                "enabled": false
              }
            ],
            "ephemeral_block_device": [],
            "force_destroy": false,
            "get_password_data": false,
            "hibernation": false,
            "host_id": "",
            "host_resource_group_arn": null,
            "iam_instance_profile": "role-ec2-access-s3",
            "id": "i-07951967b90b0a9e5",
            "instance_initiated_shutdown_behavior": "terminate",
            "instance_lifecycle": "",
            "instance_market_options": [],
            "instance_state": "running",
            "instance_type": "t3.micro",
            "ipv6_address_count": 0,
            "ipv6_addresses": [],
            "key_name": "terraform-ed25519-key",
            "launch_template": [],
            "maintenance_options": [
              {
                "auto_recovery": "default"
              }
            ],
            "metadata_options": [
              {
                "http_endpoint": "enabled",
                "http_protocol_ipv6": "disabled",
                "http_put_response_hop_limit": 2,
                "http_tokens": "required",
                "instance_metadata_tags": "disabled"
              }
            ],
            "monitoring": false,
            "network_interface": [],
            "outpost_arn": "",
            "password_data": "",
            "placement_group": "",
            "placement_group_id": "",
            "placement_partition_number": 0,
            "primary_network_interface": [
              {
                "delete_on_termination": true,
                "network_interface_id": "eni-0522f53432bc873ba"
              }
            ],
            "primary_network_interface_id": "eni-0522f53432bc873ba",
            "private_dns": "ip-10-2-0-99.ap-northeast-2.compute.internal",
            "private_dns_name_options": [
              {
                "enable_resource_name_dns_a_record": false,
                "enable_resource_name_dns_aaaa_record": false,
                "hostname_type": "ip-name"
              }
            ],
            "private_ip": "10.2.0.99",
            "public_dns": "",
            "public_ip": "54.180.226.199",
            "region": "ap-northeast-2",
            "root_block_device": [
              {
                "delete_on_termination": true,
                "device_name": "/dev/xvda",
                "encrypted": false,
                "iops": 3000,
                "kms_key_id": "",
                "tags": {},
                "tags_all": {},
                "throughput": 125,
                "volume_id": "vol-0b99edc61dc8f1add",
                "volume_size": 8,
                "volume_type": "gp3"
              }
            ],
            "secondary_network_interface": [],
            "secondary_private_ips": [],
            "security_groups": [
              "sg-0510f9b0e076b7fc2",
              "sg-0b0037c8cc40780ca"
            ],
            "source_dest_check": true,
            "spot_instance_request_id": "",
            "subnet_id": "subnet-05135fe2f70523351",
            "tags": null,
            "tags_all": {},
            "tenancy": "default",
            "timeouts": null,
            "user_data": "#!/bin/bash\r\n\r\ndnf install mariadb1011-client-utils -y\r\naws s3 cp s3://s3-511874874257-test-board/db_init.sql /tmp/db_init.sql\r\n\r\nmariadb -h database-board.c1kik0yioi4k.ap-northeast-2.rds.amazonaws.com -u root -pkang47290! \u003c /tmp/db_init.sql\r\n\r\nsleep 6\r\nshutdown -P now\r\n\r\n",
            "user_data_base64": null,
            "user_data_replace_on_change": false,
            "volume_tags": null,
            "vpc_security_group_ids": [
              "sg-0510f9b0e076b7fc2",
              "sg-0b0037c8cc40780ca"
            ]
          },
          "sensitive_attributes": [],
          "identity_schema_version": 0,
          "identity": {
            "account_id": "511874874257",
            "id": "i-07951967b90b0a9e5",
            "region": "ap-northeast-2"
          },
          "private": "eyJlMmJmYjczMC1lY2FhLTExZTYtOGY4OC0zNDM2M2JjN2M0YzAiOnsiY3JlYXRlIjo2MDAwMDAwMDAwMDAsImRlbGV0ZSI6MTIwMDAwMDAwMDAwMCwicmVhZCI6OTAwMDAwMDAwMDAwLCJ1cGRhdGUiOjYwMDAwMDAwMDAwMH0sInNjaGVtYV92ZXJzaW9uIjoiMiJ9",
          "dependencies": [
            "module.rds.aws_db_instance.board",
            "module.rds.aws_db_parameter_group.board",
            "module.rds.aws_db_subnet_group.board",
            "module.rds.data.aws_ami.al2023_x86",
            "module.sg.aws_security_group.sg_map",
            "module.vpc.aws_subnet.privates",
            "module.vpc.aws_subnet.publics",
            "module.vpc.aws_vpc.main",
            "module.vpc.data.aws_availability_zones.valid"
          ]
        }
      ]
    },
    {
      "module": "module.route53",
      "mode": "data",
      "type": "aws_route53_zone",
      "name": "main",
      "provider": "provider[\"registry.terraform.io/hashicorp/aws\"]",
      "instances": [
        {
          "schema_version": 0,
          "attributes": {
            "arn": "arn:aws:route53:::hostedzone/Z0406162Q899DTR54VSH",
            "caller_reference": "9c141b26-9f0a-42ea-91e2-7390dbff4aaa",
            "comment": "",
            "enable_accelerated_recovery": false,
            "id": "Z0406162Q899DTR54VSH",
            "linked_service_description": null,
            "linked_service_principal": null,
            "name": "ksg.it-edu.org",
            "name_servers": [
              "ns-23.awsdns-02.com",
              "ns-1794.awsdns-32.co.uk",
              "ns-1437.awsdns-51.org",
              "ns-887.awsdns-46.net"
            ],
            "primary_name_server": "ns-23.awsdns-02.com",
            "private_zone": false,
            "resource_record_set_count": 3,
            "tags": {},
            "vpc_id": null,
            "zone_id": "Z0406162Q899DTR54VSH"
          },
          "sensitive_attributes": [],
          "identity_schema_version": 0
        }
      ]
    },
    {
      "module": "module.route53",
      "mode": "managed",
      "type": "aws_route53_record",
      "name": "web",
      "provider": "provider[\"registry.terraform.io/hashicorp/aws\"]",
      "instances": [
        {
          "schema_version": 2,
          "attributes": {
            "alias": [],
            "allow_overwrite": null,
            "cidr_routing_policy": [],
            "failover_routing_policy": [],
            "fqdn": "www.ksg.it-edu.org",
            "geolocation_routing_policy": [],
            "geoproximity_routing_policy": [],
            "health_check_id": "",
            "id": "Z0406162Q899DTR54VSH_www.ksg.it-edu.org_CNAME",
            "latency_routing_policy": [],
            "multivalue_answer_routing_policy": false,
            "name": "www.ksg.it-edu.org",
            "records": [
              "lb-wordpress-1321246378.ap-northeast-2.elb.amazonaws.com"
            ],
            "set_identifier": "",
            "timeouts": null,
            "ttl": 60,
            "type": "CNAME",
            "weighted_routing_policy": [],
            "zone_id": "Z0406162Q899DTR54VSH"
          },
          "sensitive_attributes": [],
          "identity_schema_version": 0,
          "identity": {
            "account_id": "511874874257",
            "name": "www.ksg.it-edu.org",
            "set_identifier": null,
            "type": "CNAME",
            "zone_id": "Z0406162Q899DTR54VSH"
          },
          "private": "eyJlMmJmYjczMC1lY2FhLTExZTYtOGY4OC0zNDM2M2JjN2M0YzAiOnsiY3JlYXRlIjoxODAwMDAwMDAwMDAwLCJkZWxldGUiOjE4MDAwMDAwMDAwMDAsInVwZGF0ZSI6MTgwMDAwMDAwMDAwMH0sInNjaGVtYV92ZXJzaW9uIjoiMiJ9",
          "dependencies": [
            "module.lb.aws_lb.wordpress",
            "module.route53.data.aws_route53_zone.main",
            "module.sg.aws_security_group.sg_map",
            "module.vpc.aws_subnet.publics",
            "module.vpc.aws_vpc.main",
            "module.vpc.data.aws_availability_zones.valid"
          ]
        }
      ]
    },
    {
      "module": "module.s3",
      "mode": "managed",
      "type": "aws_s3_bucket",
      "name": "wordpress",
      "provider": "provider[\"registry.terraform.io/hashicorp/aws\"]",
      "instances": [
        {
          "schema_version": 0,
          "attributes": {
            "acceleration_status": "",
            "acl": null,
            "arn": "arn:aws:s3:::s3-511874874257-test-board",
            "bucket": "s3-511874874257-test-board",
            "bucket_domain_name": "s3-511874874257-test-board.s3.amazonaws.com",
            "bucket_namespace": "global",
            "bucket_prefix": "",
            "bucket_region": "ap-northeast-2",
            "bucket_regional_domain_name": "s3-511874874257-test-board.s3.ap-northeast-2.amazonaws.com",
            "cors_rule": [],
            "force_destroy": false,
            "grant": [
              {
                "id": "dd100b89e12d7fa281048fd4a0c050a1b77add691229bc4d85347a702724f8d5",
                "permissions": [
                  "FULL_CONTROL"
                ],
                "type": "CanonicalUser",
                "uri": ""
              }
            ],
            "hosted_zone_id": "Z3W03O7B5YMIYP",
            "id": "s3-511874874257-test-board",
            "lifecycle_rule": [],
            "logging": [],
            "object_lock_configuration": [],
            "object_lock_enabled": false,
            "policy": "{\"Statement\":[{\"Action\":\"s3:*\",\"Effect\":\"Allow\",\"Principal\":{\"AWS\":\"arn:aws:iam::511874874257:role/role-ec2-access-s3\"},\"Resource\":[\"arn:aws:s3:::s3-511874874257-test-board\",\"arn:aws:s3:::s3-511874874257-test-board/*\"],\"Sid\":\"Statement1\"}],\"Version\":\"2012-10-17\"}",
            "region": "ap-northeast-2",
            "replication_configuration": [],
            "request_payer": "BucketOwner",
            "server_side_encryption_configuration": [
              {
                "rule": [
                  {
                    "apply_server_side_encryption_by_default": [
                      {
                        "kms_master_key_id": "",
                        "sse_algorithm": "AES256"
                      }
                    ],
                    "bucket_key_enabled": false
                  }
                ]
              }
            ],
            "tags": {},
            "tags_all": {},
            "timeouts": null,
            "versioning": [
              {
                "enabled": false,
                "mfa_delete": false
              }
            ],
            "website": [],
            "website_domain": null,
            "website_endpoint": null
          },
          "sensitive_attributes": [],
          "identity_schema_version": 0,
          "identity": {
            "account_id": "511874874257",
            "bucket": "s3-511874874257-test-board",
            "region": "ap-northeast-2"
          },
          "private": "eyJlMmJmYjczMC1lY2FhLTExZTYtOGY4OC0zNDM2M2JjN2M0YzAiOnsiY3JlYXRlIjoxMjAwMDAwMDAwMDAwLCJkZWxldGUiOjM2MDAwMDAwMDAwMDAsInJlYWQiOjEyMDAwMDAwMDAwMDAsInVwZGF0ZSI6MTIwMDAwMDAwMDAwMH19"
        }
      ]
    },
    {
      "module": "module.s3",
      "mode": "managed",
      "type": "aws_s3_bucket_policy",
      "name": "wordpress",
      "provider": "provider[\"registry.terraform.io/hashicorp/aws\"]",
      "instances": [
        {
          "schema_version": 0,
          "attributes": {
            "bucket": "s3-511874874257-test-board",
            "id": "s3-511874874257-test-board",
            "policy": "{\"Statement\":[{\"Action\":\"s3:*\",\"Effect\":\"Allow\",\"Principal\":{\"AWS\":\"arn:aws:iam::511874874257:role/role-ec2-access-s3\"},\"Resource\":[\"arn:aws:s3:::s3-511874874257-test-board\",\"arn:aws:s3:::s3-511874874257-test-board/*\"],\"Sid\":\"Statement1\"}],\"Version\":\"2012-10-17\"}",
            "region": "ap-northeast-2"
          },
          "sensitive_attributes": [],
          "identity_schema_version": 0,
          "identity": {
            "account_id": "511874874257",
            "bucket": "s3-511874874257-test-board",
            "region": "ap-northeast-2"
          },
          "private": "bnVsbA==",
          "dependencies": [
            "module.s3.aws_s3_bucket.wordpress"
          ]
        }
      ]
    },
    {
      "module": "module.s3",
      "mode": "managed",
      "type": "aws_s3_object",
      "name": "files",
      "provider": "provider[\"registry.terraform.io/hashicorp/aws\"]",
      "instances": [
        {
          "index_key": "config",
          "schema_version": 0,
          "attributes": {
            "acl": null,
            "arn": "arn:aws:s3:::s3-511874874257-test-board/config.php",
            "bucket": "s3-511874874257-test-board",
            "bucket_key_enabled": false,
            "cache_control": "",
            "checksum_algorithm": null,
            "checksum_crc32": "",
            "checksum_crc32c": "",
            "checksum_crc64nvme": "",
            "checksum_sha1": "",
            "checksum_sha256": "",
            "content": null,
            "content_base64": null,
            "content_disposition": "",
            "content_encoding": "",
            "content_language": "",
            "content_type": "application/octet-stream",
            "etag": "699c619547fb4b69ea1169d981b0e619",
            "force_destroy": false,
            "id": "s3-511874874257-test-board/config.php",
            "key": "config.php",
            "kms_key_id": null,
            "metadata": {},
            "object_lock_legal_hold_status": "",
            "object_lock_mode": "",
            "object_lock_retain_until_date": "",
            "override_provider": [],
            "region": "ap-northeast-2",
            "server_side_encryption": "AES256",
            "source": "../../project/files/config.php",
            "source_hash": null,
            "storage_class": "STANDARD",
            "tags": {},
            "tags_all": {},
            "version_id": "",
            "website_redirect": ""
          },
          "sensitive_attributes": [],
          "identity_schema_version": 0,
          "identity": {
            "account_id": "511874874257",
            "bucket": "s3-511874874257-test-board",
            "key": "config.php",
            "region": "ap-northeast-2"
          },
          "private": "bnVsbA==",
          "dependencies": [
            "module.s3.aws_s3_bucket.wordpress"
          ]
        },
        {
          "index_key": "db_script",
          "schema_version": 0,
          "attributes": {
            "acl": null,
            "arn": "arn:aws:s3:::s3-511874874257-test-board/db_script.sh",
            "bucket": "s3-511874874257-test-board",
            "bucket_key_enabled": false,
            "cache_control": "",
            "checksum_algorithm": null,
            "checksum_crc32": "",
            "checksum_crc32c": "",
            "checksum_crc64nvme": "",
            "checksum_sha1": "",
            "checksum_sha256": "",
            "content": null,
            "content_base64": null,
            "content_disposition": "",
            "content_encoding": "",
            "content_language": "",
            "content_type": "application/octet-stream",
            "etag": "536d1bc11f994bf2d1962d7fa87e3105",
            "force_destroy": false,
            "id": "s3-511874874257-test-board/db_script.sh",
            "key": "db_script.sh",
            "kms_key_id": null,
            "metadata": {},
            "object_lock_legal_hold_status": "",
            "object_lock_mode": "",
            "object_lock_retain_until_date": "",
            "override_provider": [],
            "region": "ap-northeast-2",
            "server_side_encryption": "AES256",
            "source": "../../project/files/db_script.sh",
            "source_hash": null,
            "storage_class": "STANDARD",
            "tags": {},
            "tags_all": {},
            "version_id": "",
            "website_redirect": ""
          },
          "sensitive_attributes": [],
          "identity_schema_version": 0,
          "identity": {
            "account_id": "511874874257",
            "bucket": "s3-511874874257-test-board",
            "key": "db_script.sh",
            "region": "ap-northeast-2"
          },
          "private": "bnVsbA==",
          "dependencies": [
            "module.s3.aws_s3_bucket.wordpress"
          ]
        },
        {
          "index_key": "sql",
          "schema_version": 0,
          "attributes": {
            "acl": null,
            "arn": "arn:aws:s3:::s3-511874874257-test-board/db_init.sql",
            "bucket": "s3-511874874257-test-board",
            "bucket_key_enabled": false,
            "cache_control": "",
            "checksum_algorithm": null,
            "checksum_crc32": "",
            "checksum_crc32c": "",
            "checksum_crc64nvme": "",
            "checksum_sha1": "",
            "checksum_sha256": "",
            "content": null,
            "content_base64": null,
            "content_disposition": "",
            "content_encoding": "",
            "content_language": "",
            "content_type": "application/octet-stream",
            "etag": "415734ced67e6d6435713e0d49e65f5f",
            "force_destroy": false,
            "id": "s3-511874874257-test-board/db_init.sql",
            "key": "db_init.sql",
            "kms_key_id": null,
            "metadata": {},
            "object_lock_legal_hold_status": "",
            "object_lock_mode": "",
            "object_lock_retain_until_date": "",
            "override_provider": [],
            "region": "ap-northeast-2",
            "server_side_encryption": "AES256",
            "source": "../../project/files/db_init.sql",
            "source_hash": null,
            "storage_class": "STANDARD",
            "tags": {},
            "tags_all": {},
            "version_id": "",
            "website_redirect": ""
          },
          "sensitive_attributes": [],
          "identity_schema_version": 0,
          "identity": {
            "account_id": "511874874257",
            "bucket": "s3-511874874257-test-board",
            "key": "db_init.sql",
            "region": "ap-northeast-2"
          },
          "private": "bnVsbA==",
          "dependencies": [
            "module.s3.aws_s3_bucket.wordpress"
          ]
        },
        {
          "index_key": "web_script",
          "schema_version": 0,
          "attributes": {
            "acl": null,
            "arn": "arn:aws:s3:::s3-511874874257-test-board/web_script.sh",
            "bucket": "s3-511874874257-test-board",
            "bucket_key_enabled": false,
            "cache_control": "",
            "checksum_algorithm": null,
            "checksum_crc32": "",
            "checksum_crc32c": "",
            "checksum_crc64nvme": "",
            "checksum_sha1": "",
            "checksum_sha256": "",
            "content": null,
            "content_base64": null,
            "content_disposition": "",
            "content_encoding": "",
            "content_language": "",
            "content_type": "application/octet-stream",
            "etag": "a469cf963c1c81856e276439b439b123",
            "force_destroy": false,
            "id": "s3-511874874257-test-board/web_script.sh",
            "key": "web_script.sh",
            "kms_key_id": null,
            "metadata": {},
            "object_lock_legal_hold_status": "",
            "object_lock_mode": "",
            "object_lock_retain_until_date": "",
            "override_provider": [],
            "region": "ap-northeast-2",
            "server_side_encryption": "AES256",
            "source": "../../project/files/web_script.sh",
            "source_hash": null,
            "storage_class": "STANDARD",
            "tags": {},
            "tags_all": {},
            "version_id": "",
            "website_redirect": ""
          },
          "sensitive_attributes": [],
          "identity_schema_version": 0,
          "identity": {
            "account_id": "511874874257",
            "bucket": "s3-511874874257-test-board",
            "key": "web_script.sh",
            "region": "ap-northeast-2"
          },
          "private": "bnVsbA==",
          "dependencies": [
            "module.s3.aws_s3_bucket.wordpress"
          ]
        },
        {
          "index_key": "www_conf",
          "schema_version": 0,
          "attributes": {
            "acl": null,
            "arn": "arn:aws:s3:::s3-511874874257-test-board/www.conf",
            "bucket": "s3-511874874257-test-board",
            "bucket_key_enabled": false,
            "cache_control": "",
            "checksum_algorithm": null,
            "checksum_crc32": "",
            "checksum_crc32c": "",
            "checksum_crc64nvme": "",
            "checksum_sha1": "",
            "checksum_sha256": "",
            "content": null,
            "content_base64": null,
            "content_disposition": "",
            "content_encoding": "",
            "content_language": "",
            "content_type": "application/octet-stream",
            "etag": "2fcdf510dc7466e9175f307197e3b748",
            "force_destroy": false,
            "id": "s3-511874874257-test-board/www.conf",
            "key": "www.conf",
            "kms_key_id": null,
            "metadata": {},
            "object_lock_legal_hold_status": "",
            "object_lock_mode": "",
            "object_lock_retain_until_date": "",
            "override_provider": [],
            "region": "ap-northeast-2",
            "server_side_encryption": "AES256",
            "source": "../../project/files/www.conf",
            "source_hash": null,
            "storage_class": "STANDARD",
            "tags": {},
            "tags_all": {},
            "version_id": "",
            "website_redirect": ""
          },
          "sensitive_attributes": [],
          "identity_schema_version": 0,
          "identity": {
            "account_id": "511874874257",
            "bucket": "s3-511874874257-test-board",
            "key": "www.conf",
            "region": "ap-northeast-2"
          },
          "private": "bnVsbA==",
          "dependencies": [
            "module.s3.aws_s3_bucket.wordpress"
          ]
        }
      ]
    },
    {
      "module": "module.sg",
      "mode": "managed",
      "type": "aws_security_group",
      "name": "sg_map",
      "provider": "provider[\"registry.terraform.io/hashicorp/aws\"]",
      "instances": [
        {
          "index_key": "cache",
          "schema_version": 1,
          "attributes": {
            "arn": "arn:aws:ec2:ap-northeast-2:511874874257:security-group/sg-0aa29bf46fe0cb745",
            "description": "Managed by Terraform",
            "egress": [],
            "id": "sg-0aa29bf46fe0cb745",
            "ingress": [
              {
                "cidr_blocks": [
                  "10.2.0.0/16"
                ],
                "description": "",
                "from_port": 6379,
                "ipv6_cidr_blocks": [],
                "prefix_list_ids": [],
                "protocol": "tcp",
                "security_groups": [],
                "self": false,
                "to_port": 6379
              }
            ],
            "name": "fw-cache",
            "name_prefix": "",
            "owner_id": "511874874257",
            "region": "ap-northeast-2",
            "revoke_rules_on_delete": false,
            "tags": {
              "Name": "fw-cache"
            },
            "tags_all": {
              "Name": "fw-cache"
            },
            "timeouts": null,
            "vpc_id": "vpc-08aed3f5dff4df9c4"
          },
          "sensitive_attributes": [],
          "identity_schema_version": 0,
          "identity": {
            "account_id": "511874874257",
            "id": "sg-0aa29bf46fe0cb745",
            "region": "ap-northeast-2"
          },
          "private": "eyJlMmJmYjczMC1lY2FhLTExZTYtOGY4OC0zNDM2M2JjN2M0YzAiOnsiY3JlYXRlIjo2MDAwMDAwMDAwMDAsImRlbGV0ZSI6OTAwMDAwMDAwMDAwfSwic2NoZW1hX3ZlcnNpb24iOiIxIn0=",
          "dependencies": [
            "module.vpc.aws_vpc.main"
          ]
        },
        {
          "index_key": "db",
          "schema_version": 1,
          "attributes": {
            "arn": "arn:aws:ec2:ap-northeast-2:511874874257:security-group/sg-0ab5bed24777ecb8b",
            "description": "Managed by Terraform",
            "egress": [],
            "id": "sg-0ab5bed24777ecb8b",
            "ingress": [
              {
                "cidr_blocks": [
                  "10.2.0.0/16"
                ],
                "description": "",
                "from_port": 3306,
                "ipv6_cidr_blocks": [],
                "prefix_list_ids": [],
                "protocol": "tcp",
                "security_groups": [],
                "self": false,
                "to_port": 3306
              }
            ],
            "name": "fw-db",
            "name_prefix": "",
            "owner_id": "511874874257",
            "region": "ap-northeast-2",
            "revoke_rules_on_delete": false,
            "tags": {
              "Name": "fw-db"
            },
            "tags_all": {
              "Name": "fw-db"
            },
            "timeouts": null,
            "vpc_id": "vpc-08aed3f5dff4df9c4"
          },
          "sensitive_attributes": [],
          "identity_schema_version": 0,
          "identity": {
            "account_id": "511874874257",
            "id": "sg-0ab5bed24777ecb8b",
            "region": "ap-northeast-2"
          },
          "private": "eyJlMmJmYjczMC1lY2FhLTExZTYtOGY4OC0zNDM2M2JjN2M0YzAiOnsiY3JlYXRlIjo2MDAwMDAwMDAwMDAsImRlbGV0ZSI6OTAwMDAwMDAwMDAwfSwic2NoZW1hX3ZlcnNpb24iOiIxIn0=",
          "dependencies": [
            "module.vpc.aws_vpc.main"
          ]
        },
        {
          "index_key": "icmp",
          "schema_version": 1,
          "attributes": {
            "arn": "arn:aws:ec2:ap-northeast-2:511874874257:security-group/sg-01592640b0f59a92e",
            "description": "Managed by Terraform",
            "egress": [],
            "id": "sg-01592640b0f59a92e",
            "ingress": [
              {
                "cidr_blocks": [
                  "0.0.0.0/0"
                ],
                "description": "",
                "from_port": 8,
                "ipv6_cidr_blocks": [],
                "prefix_list_ids": [],
                "protocol": "icmp",
                "security_groups": [],
                "self": false,
                "to_port": 0
              }
            ],
            "name": "fw-icmp",
            "name_prefix": "",
            "owner_id": "511874874257",
            "region": "ap-northeast-2",
            "revoke_rules_on_delete": false,
            "tags": {
              "Name": "fw-icmp"
            },
            "tags_all": {
              "Name": "fw-icmp"
            },
            "timeouts": null,
            "vpc_id": "vpc-08aed3f5dff4df9c4"
          },
          "sensitive_attributes": [],
          "identity_schema_version": 0,
          "identity": {
            "account_id": "511874874257",
            "id": "sg-01592640b0f59a92e",
            "region": "ap-northeast-2"
          },
          "private": "eyJlMmJmYjczMC1lY2FhLTExZTYtOGY4OC0zNDM2M2JjN2M0YzAiOnsiY3JlYXRlIjo2MDAwMDAwMDAwMDAsImRlbGV0ZSI6OTAwMDAwMDAwMDAwfSwic2NoZW1hX3ZlcnNpb24iOiIxIn0=",
          "dependencies": [
            "module.vpc.aws_vpc.main"
          ]
        },
        {
          "index_key": "lb",
          "schema_version": 1,
          "attributes": {
            "arn": "arn:aws:ec2:ap-northeast-2:511874874257:security-group/sg-0a8506436920c81ed",
            "description": "Managed by Terraform",
            "egress": [
              {
                "cidr_blocks": [
                  "10.2.0.0/16"
                ],
                "description": "",
                "from_port": 80,
                "ipv6_cidr_blocks": [],
                "prefix_list_ids": [],
                "protocol": "tcp",
                "security_groups": [],
                "self": false,
                "to_port": 80
              }
            ],
            "id": "sg-0a8506436920c81ed",
            "ingress": [
              {
                "cidr_blocks": [
                  "0.0.0.0/0"
                ],
                "description": "",
                "from_port": 80,
                "ipv6_cidr_blocks": [],
                "prefix_list_ids": [],
                "protocol": "tcp",
                "security_groups": [],
                "self": false,
                "to_port": 80
              }
            ],
            "name": "fw-lb",
            "name_prefix": "",
            "owner_id": "511874874257",
            "region": "ap-northeast-2",
            "revoke_rules_on_delete": false,
            "tags": {
              "Name": "fw-lb"
            },
            "tags_all": {
              "Name": "fw-lb"
            },
            "timeouts": null,
            "vpc_id": "vpc-08aed3f5dff4df9c4"
          },
          "sensitive_attributes": [],
          "identity_schema_version": 0,
          "identity": {
            "account_id": "511874874257",
            "id": "sg-0a8506436920c81ed",
            "region": "ap-northeast-2"
          },
          "private": "eyJlMmJmYjczMC1lY2FhLTExZTYtOGY4OC0zNDM2M2JjN2M0YzAiOnsiY3JlYXRlIjo2MDAwMDAwMDAwMDAsImRlbGV0ZSI6OTAwMDAwMDAwMDAwfSwic2NoZW1hX3ZlcnNpb24iOiIxIn0=",
          "dependencies": [
            "module.vpc.aws_vpc.main"
          ]
        },
        {
          "index_key": "out",
          "schema_version": 1,
          "attributes": {
            "arn": "arn:aws:ec2:ap-northeast-2:511874874257:security-group/sg-0510f9b0e076b7fc2",
            "description": "Managed by Terraform",
            "egress": [
              {
                "cidr_blocks": [
                  "0.0.0.0/0"
                ],
                "description": "",
                "from_port": 0,
                "ipv6_cidr_blocks": [],
                "prefix_list_ids": [],
                "protocol": "-1",
                "security_groups": [],
                "self": false,
                "to_port": 0
              }
            ],
            "id": "sg-0510f9b0e076b7fc2",
            "ingress": [],
            "name": "fw-out",
            "name_prefix": "",
            "owner_id": "511874874257",
            "region": "ap-northeast-2",
            "revoke_rules_on_delete": false,
            "tags": {
              "Name": "fw-out"
            },
            "tags_all": {
              "Name": "fw-out"
            },
            "timeouts": null,
            "vpc_id": "vpc-08aed3f5dff4df9c4"
          },
          "sensitive_attributes": [],
          "identity_schema_version": 0,
          "identity": {
            "account_id": "511874874257",
            "id": "sg-0510f9b0e076b7fc2",
            "region": "ap-northeast-2"
          },
          "private": "eyJlMmJmYjczMC1lY2FhLTExZTYtOGY4OC0zNDM2M2JjN2M0YzAiOnsiY3JlYXRlIjo2MDAwMDAwMDAwMDAsImRlbGV0ZSI6OTAwMDAwMDAwMDAwfSwic2NoZW1hX3ZlcnNpb24iOiIxIn0=",
          "dependencies": [
            "module.vpc.aws_vpc.main"
          ]
        },
        {
          "index_key": "remote",
          "schema_version": 1,
          "attributes": {
            "arn": "arn:aws:ec2:ap-northeast-2:511874874257:security-group/sg-0b0037c8cc40780ca",
            "description": "Managed by Terraform",
            "egress": [],
            "id": "sg-0b0037c8cc40780ca",
            "ingress": [
              {
                "cidr_blocks": [
                  "183.98.32.210/32"
                ],
                "description": "",
                "from_port": 22,
                "ipv6_cidr_blocks": [],
                "prefix_list_ids": [],
                "protocol": "tcp",
                "security_groups": [],
                "self": false,
                "to_port": 22
              }
            ],
            "name": "fw-remote",
            "name_prefix": "",
            "owner_id": "511874874257",
            "region": "ap-northeast-2",
            "revoke_rules_on_delete": false,
            "tags": {
              "Name": "fw-remote"
            },
            "tags_all": {
              "Name": "fw-remote"
            },
            "timeouts": null,
            "vpc_id": "vpc-08aed3f5dff4df9c4"
          },
          "sensitive_attributes": [],
          "identity_schema_version": 0,
          "identity": {
            "account_id": "511874874257",
            "id": "sg-0b0037c8cc40780ca",
            "region": "ap-northeast-2"
          },
          "private": "eyJlMmJmYjczMC1lY2FhLTExZTYtOGY4OC0zNDM2M2JjN2M0YzAiOnsiY3JlYXRlIjo2MDAwMDAwMDAwMDAsImRlbGV0ZSI6OTAwMDAwMDAwMDAwfSwic2NoZW1hX3ZlcnNpb24iOiIxIn0=",
          "dependencies": [
            "module.vpc.aws_vpc.main"
          ]
        },
        {
          "index_key": "web",
          "schema_version": 1,
          "attributes": {
            "arn": "arn:aws:ec2:ap-northeast-2:511874874257:security-group/sg-039644451c9269f9e",
            "description": "Managed by Terraform",
            "egress": [],
            "id": "sg-039644451c9269f9e",
            "ingress": [
              {
                "cidr_blocks": [
                  "0.0.0.0/0"
                ],
                "description": "",
                "from_port": 443,
                "ipv6_cidr_blocks": [],
                "prefix_list_ids": [],
                "protocol": "tcp",
                "security_groups": [],
                "self": false,
                "to_port": 443
              },
              {
                "cidr_blocks": [
                  "0.0.0.0/0"
                ],
                "description": "",
                "from_port": 80,
                "ipv6_cidr_blocks": [],
                "prefix_list_ids": [],
                "protocol": "tcp",
                "security_groups": [],
                "self": false,
                "to_port": 80
              }
            ],
            "name": "fw-web",
            "name_prefix": "",
            "owner_id": "511874874257",
            "region": "ap-northeast-2",
            "revoke_rules_on_delete": false,
            "tags": {
              "Name": "fw-web"
            },
            "tags_all": {
              "Name": "fw-web"
            },
            "timeouts": null,
            "vpc_id": "vpc-08aed3f5dff4df9c4"
          },
          "sensitive_attributes": [],
          "identity_schema_version": 0,
          "identity": {
            "account_id": "511874874257",
            "id": "sg-039644451c9269f9e",
            "region": "ap-northeast-2"
          },
          "private": "eyJlMmJmYjczMC1lY2FhLTExZTYtOGY4OC0zNDM2M2JjN2M0YzAiOnsiY3JlYXRlIjo2MDAwMDAwMDAwMDAsImRlbGV0ZSI6OTAwMDAwMDAwMDAwfSwic2NoZW1hX3ZlcnNpb24iOiIxIn0=",
          "dependencies": [
            "module.vpc.aws_vpc.main"
          ]
        }
      ]
    },
    {
      "module": "module.tg",
      "mode": "managed",
      "type": "aws_lb_target_group",
      "name": "web",
      "provider": "provider[\"registry.terraform.io/hashicorp/aws\"]",
      "instances": [
        {
          "schema_version": 0,
          "attributes": {
            "arn": "arn:aws:elasticloadbalancing:ap-northeast-2:511874874257:targetgroup/tg-webserver/b303eb414a8b4665",
            "arn_suffix": "targetgroup/tg-webserver/b303eb414a8b4665",
            "connection_termination": null,
            "deregistration_delay": "300",
            "health_check": [
              {
                "enabled": true,
                "healthy_threshold": 3,
                "interval": 5,
                "matcher": "200-299",
                "path": "/",
                "port": "traffic-port",
                "protocol": "HTTP",
                "timeout": 2,
                "unhealthy_threshold": 3
              }
            ],
            "id": "arn:aws:elasticloadbalancing:ap-northeast-2:511874874257:targetgroup/tg-webserver/b303eb414a8b4665",
            "ip_address_type": "ipv4",
            "lambda_multi_value_headers_enabled": false,
            "load_balancer_arns": [
              "arn:aws:elasticloadbalancing:ap-northeast-2:511874874257:loadbalancer/app/lb-wordpress/e70959a912c717d6"
            ],
            "load_balancing_algorithm_type": "round_robin",
            "load_balancing_anomaly_mitigation": "off",
            "load_balancing_cross_zone_enabled": "use_load_balancer_configuration",
            "name": "tg-webserver",
            "name_prefix": "",
            "port": 80,
            "preserve_client_ip": null,
            "protocol": "HTTP",
            "protocol_version": "HTTP1",
            "proxy_protocol_v2": false,
            "region": "ap-northeast-2",
            "slow_start": 0,
            "stickiness": [
              {
                "cookie_duration": 86400,
                "cookie_name": "",
                "enabled": false,
                "type": "lb_cookie"
              }
            ],
            "tags": {},
            "tags_all": {},
            "target_control_port": 0,
            "target_failover": [
              {
                "on_deregistration": null,
                "on_unhealthy": null
              }
            ],
            "target_group_health": [
              {
                "dns_failover": [
                  {
                    "minimum_healthy_targets_count": "1",
                    "minimum_healthy_targets_percentage": "off"
                  }
                ],
                "unhealthy_state_routing": [
                  {
                    "minimum_healthy_targets_count": 1,
                    "minimum_healthy_targets_percentage": "off"
                  }
                ]
              }
            ],
            "target_health_state": [
              {
                "enable_unhealthy_connection_termination": null,
                "unhealthy_draining_interval": null
              }
            ],
            "target_type": "instance",
            "vpc_id": "vpc-08aed3f5dff4df9c4"
          },
          "sensitive_attributes": [],
          "identity_schema_version": 0,
          "identity": {
            "arn": "arn:aws:elasticloadbalancing:ap-northeast-2:511874874257:targetgroup/tg-webserver/b303eb414a8b4665"
          },
          "private": "bnVsbA==",
          "dependencies": [
            "module.vpc.aws_vpc.main"
          ]
        }
      ]
    },
    {
      "module": "module.tg",
      "mode": "managed",
      "type": "aws_lb_target_group_attachment",
      "name": "target",
      "provider": "provider[\"registry.terraform.io/hashicorp/aws\"]",
      "instances": [
        {
          "index_key": 0,
          "schema_version": 0,
          "attributes": {
            "availability_zone": null,
            "id": "arn:aws:elasticloadbalancing:ap-northeast-2:511874874257:targetgroup/tg-webserver/b303eb414a8b4665,i-023b15d455739220c,80",
            "port": 80,
            "quic_server_id": null,
            "region": "ap-northeast-2",
            "target_group_arn": "arn:aws:elasticloadbalancing:ap-northeast-2:511874874257:targetgroup/tg-webserver/b303eb414a8b4665",
            "target_id": "i-023b15d455739220c"
          },
          "sensitive_attributes": [],
          "identity_schema_version": 0,
          "identity": {
            "account_id": "511874874257",
            "availability_zone": null,
            "port": 80,
            "quic_server_id": null,
            "region": "ap-northeast-2",
            "target_group_arn": "arn:aws:elasticloadbalancing:ap-northeast-2:511874874257:targetgroup/tg-webserver/b303eb414a8b4665",
            "target_id": "i-023b15d455739220c"
          },
          "private": "bnVsbA==",
          "dependencies": [
            "module.ec2.aws_instance.webs",
            "module.keypair.aws_key_pair.ssh_public_key",
            "module.keypair.tls_private_key.ssh_public_key",
            "module.lt.aws_launch_template.web",
            "module.sg.aws_security_group.sg_map",
            "module.tg.aws_lb_target_group.web",
            "module.vpc.aws_subnet.publics",
            "module.vpc.aws_vpc.main",
            "module.vpc.data.aws_availability_zones.valid"
          ]
        },
        {
          "index_key": 1,
          "schema_version": 0,
          "attributes": {
            "availability_zone": null,
            "id": "arn:aws:elasticloadbalancing:ap-northeast-2:511874874257:targetgroup/tg-webserver/b303eb414a8b4665,i-0cd8c9a0f7346a953,80",
            "port": 80,
            "quic_server_id": null,
            "region": "ap-northeast-2",
            "target_group_arn": "arn:aws:elasticloadbalancing:ap-northeast-2:511874874257:targetgroup/tg-webserver/b303eb414a8b4665",
            "target_id": "i-0cd8c9a0f7346a953"
          },
          "sensitive_attributes": [],
          "identity_schema_version": 0,
          "identity": {
            "account_id": "511874874257",
            "availability_zone": null,
            "port": 80,
            "quic_server_id": null,
            "region": "ap-northeast-2",
            "target_group_arn": "arn:aws:elasticloadbalancing:ap-northeast-2:511874874257:targetgroup/tg-webserver/b303eb414a8b4665",
            "target_id": "i-0cd8c9a0f7346a953"
          },
          "private": "bnVsbA==",
          "dependencies": [
            "module.ec2.aws_instance.webs",
            "module.keypair.aws_key_pair.ssh_public_key",
            "module.keypair.tls_private_key.ssh_public_key",
            "module.lt.aws_launch_template.web",
            "module.sg.aws_security_group.sg_map",
            "module.tg.aws_lb_target_group.web",
            "module.vpc.aws_subnet.publics",
            "module.vpc.aws_vpc.main",
            "module.vpc.data.aws_availability_zones.valid"
          ]
        }
      ]
    },
    {
      "module": "module.vpc",
      "mode": "data",
      "type": "aws_availability_zones",
      "name": "valid",
      "provider": "provider[\"registry.terraform.io/hashicorp/aws\"]",
      "instances": [
        {
          "schema_version": 0,
          "attributes": {
            "all_availability_zones": null,
            "exclude_names": null,
            "exclude_zone_ids": null,
            "filter": null,
            "group_names": [
              "ap-northeast-2-zg-1"
            ],
            "id": "ap-northeast-2",
            "names": [
              "ap-northeast-2a",
              "ap-northeast-2b",
              "ap-northeast-2c",
              "ap-northeast-2d"
            ],
            "region": "ap-northeast-2",
            "state": null,
            "timeouts": null,
            "zone_ids": [
              "apne2-az1",
              "apne2-az2",
              "apne2-az3",
              "apne2-az4"
            ]
          },
          "sensitive_attributes": [],
          "identity_schema_version": 0
        }
      ]
    },
    {
      "module": "module.vpc",
      "mode": "managed",
      "type": "aws_internet_gateway",
      "name": "main",
      "provider": "provider[\"registry.terraform.io/hashicorp/aws\"]",
      "instances": [
        {
          "schema_version": 0,
          "attributes": {
            "arn": "arn:aws:ec2:ap-northeast-2:511874874257:internet-gateway/igw-01383013c9da0f64f",
            "id": "igw-01383013c9da0f64f",
            "owner_id": "511874874257",
            "region": "ap-northeast-2",
            "tags": {
              "Name": "seoul-igw-main"
            },
            "tags_all": {
              "Name": "seoul-igw-main"
            },
            "timeouts": null,
            "vpc_id": "vpc-08aed3f5dff4df9c4"
          },
          "sensitive_attributes": [],
          "identity_schema_version": 0,
          "identity": {
            "account_id": "511874874257",
            "id": "igw-01383013c9da0f64f",
            "region": "ap-northeast-2"
          },
          "private": "eyJlMmJmYjczMC1lY2FhLTExZTYtOGY4OC0zNDM2M2JjN2M0YzAiOnsiY3JlYXRlIjoxMjAwMDAwMDAwMDAwLCJkZWxldGUiOjEyMDAwMDAwMDAwMDAsInVwZGF0ZSI6MTIwMDAwMDAwMDAwMH19",
          "dependencies": [
            "module.vpc.aws_vpc.main"
          ]
        }
      ]
    },
    {
      "module": "module.vpc",
      "mode": "managed",
      "type": "aws_route_table",
      "name": "public",
      "provider": "provider[\"registry.terraform.io/hashicorp/aws\"]",
      "instances": [
        {
          "schema_version": 0,
          "attributes": {
            "arn": "arn:aws:ec2:ap-northeast-2:511874874257:route-table/rtb-024f4842bdd30ba0d",
            "id": "rtb-024f4842bdd30ba0d",
            "owner_id": "511874874257",
            "propagating_vgws": [],
            "region": "ap-northeast-2",
            "route": [
              {
                "carrier_gateway_id": "",
                "cidr_block": "0.0.0.0/0",
                "core_network_arn": "",
                "destination_prefix_list_id": "",
                "egress_only_gateway_id": "",
                "gateway_id": "igw-01383013c9da0f64f",
                "ipv6_cidr_block": "",
                "local_gateway_id": "",
                "nat_gateway_id": "",
                "network_interface_id": "",
                "transit_gateway_id": "",
                "vpc_endpoint_id": "",
                "vpc_peering_connection_id": ""
              }
            ],
            "tags": {
              "Name": "seoul-route-public"
            },
            "tags_all": {
              "Name": "seoul-route-public"
            },
            "timeouts": null,
            "vpc_id": "vpc-08aed3f5dff4df9c4"
          },
          "sensitive_attributes": [],
          "identity_schema_version": 0,
          "identity": {
            "account_id": "511874874257",
            "id": "rtb-024f4842bdd30ba0d",
            "region": "ap-northeast-2"
          },
          "private": "eyJlMmJmYjczMC1lY2FhLTExZTYtOGY4OC0zNDM2M2JjN2M0YzAiOnsiY3JlYXRlIjozMDAwMDAwMDAwMDAsImRlbGV0ZSI6MzAwMDAwMDAwMDAwLCJ1cGRhdGUiOjEyMDAwMDAwMDAwMH19",
          "dependencies": [
            "module.vpc.aws_internet_gateway.main",
            "module.vpc.aws_vpc.main"
          ]
        }
      ]
    },
    {
      "module": "module.vpc",
      "mode": "managed",
      "type": "aws_route_table",
      "name": "without_nat_privates",
      "provider": "provider[\"registry.terraform.io/hashicorp/aws\"]",
      "instances": [
        {
          "index_key": 0,
          "schema_version": 0,
          "attributes": {
            "arn": "arn:aws:ec2:ap-northeast-2:511874874257:route-table/rtb-0c30fc895d4911216",
            "id": "rtb-0c30fc895d4911216",
            "owner_id": "511874874257",
            "propagating_vgws": [],
            "region": "ap-northeast-2",
            "route": [],
            "tags": {
              "Name": "seoul-route-private-1"
            },
            "tags_all": {
              "Name": "seoul-route-private-1"
            },
            "timeouts": null,
            "vpc_id": "vpc-08aed3f5dff4df9c4"
          },
          "sensitive_attributes": [],
          "identity_schema_version": 0,
          "identity": {
            "account_id": "511874874257",
            "id": "rtb-0c30fc895d4911216",
            "region": "ap-northeast-2"
          },
          "private": "eyJlMmJmYjczMC1lY2FhLTExZTYtOGY4OC0zNDM2M2JjN2M0YzAiOnsiY3JlYXRlIjozMDAwMDAwMDAwMDAsImRlbGV0ZSI6MzAwMDAwMDAwMDAwLCJ1cGRhdGUiOjEyMDAwMDAwMDAwMH19",
          "dependencies": [
            "module.vpc.aws_vpc.main"
          ]
        },
        {
          "index_key": 1,
          "schema_version": 0,
          "attributes": {
            "arn": "arn:aws:ec2:ap-northeast-2:511874874257:route-table/rtb-032112f675157ca2f",
            "id": "rtb-032112f675157ca2f",
            "owner_id": "511874874257",
            "propagating_vgws": [],
            "region": "ap-northeast-2",
            "route": [],
            "tags": {
              "Name": "seoul-route-private-2"
            },
            "tags_all": {
              "Name": "seoul-route-private-2"
            },
            "timeouts": null,
            "vpc_id": "vpc-08aed3f5dff4df9c4"
          },
          "sensitive_attributes": [],
          "identity_schema_version": 0,
          "identity": {
            "account_id": "511874874257",
            "id": "rtb-032112f675157ca2f",
            "region": "ap-northeast-2"
          },
          "private": "eyJlMmJmYjczMC1lY2FhLTExZTYtOGY4OC0zNDM2M2JjN2M0YzAiOnsiY3JlYXRlIjozMDAwMDAwMDAwMDAsImRlbGV0ZSI6MzAwMDAwMDAwMDAwLCJ1cGRhdGUiOjEyMDAwMDAwMDAwMH19",
          "dependencies": [
            "module.vpc.aws_vpc.main"
          ]
        }
      ]
    },
    {
      "module": "module.vpc",
      "mode": "managed",
      "type": "aws_route_table_association",
      "name": "privates",
      "provider": "provider[\"registry.terraform.io/hashicorp/aws\"]",
      "instances": [
        {
          "index_key": 0,
          "schema_version": 0,
          "attributes": {
            "gateway_id": "",
            "id": "rtbassoc-0d10f5b5ff6249633",
            "region": "ap-northeast-2",
            "route_table_id": "rtb-0c30fc895d4911216",
            "subnet_id": "subnet-025b2a4cc711b9c30",
            "timeouts": null
          },
          "sensitive_attributes": [],
          "identity_schema_version": 0,
          "identity": {
            "account_id": "511874874257",
            "id": "rtbassoc-0d10f5b5ff6249633",
            "region": "ap-northeast-2"
          },
          "private": "eyJlMmJmYjczMC1lY2FhLTExZTYtOGY4OC0zNDM2M2JjN2M0YzAiOnsiY3JlYXRlIjozMDAwMDAwMDAwMDAsImRlbGV0ZSI6MzAwMDAwMDAwMDAwLCJ1cGRhdGUiOjEyMDAwMDAwMDAwMH19",
          "dependencies": [
            "module.vpc.aws_eip.nat_ips",
            "module.vpc.aws_nat_gateway.private_nat_gws",
            "module.vpc.aws_route_table.with_nat_privates",
            "module.vpc.aws_route_table.without_nat_privates",
            "module.vpc.aws_subnet.privates",
            "module.vpc.aws_subnet.publics",
            "module.vpc.aws_vpc.main",
            "module.vpc.data.aws_availability_zones.valid"
          ]
        },
        {
          "index_key": 1,
          "schema_version": 0,
          "attributes": {
            "gateway_id": "",
            "id": "rtbassoc-0f64ac73fd2ad5007",
            "region": "ap-northeast-2",
            "route_table_id": "rtb-032112f675157ca2f",
            "subnet_id": "subnet-0e0d537172cc63dcf",
            "timeouts": null
          },
          "sensitive_attributes": [],
          "identity_schema_version": 0,
          "identity": {
            "account_id": "511874874257",
            "id": "rtbassoc-0f64ac73fd2ad5007",
            "region": "ap-northeast-2"
          },
          "private": "eyJlMmJmYjczMC1lY2FhLTExZTYtOGY4OC0zNDM2M2JjN2M0YzAiOnsiY3JlYXRlIjozMDAwMDAwMDAwMDAsImRlbGV0ZSI6MzAwMDAwMDAwMDAwLCJ1cGRhdGUiOjEyMDAwMDAwMDAwMH19",
          "dependencies": [
            "module.vpc.aws_eip.nat_ips",
            "module.vpc.aws_nat_gateway.private_nat_gws",
            "module.vpc.aws_route_table.with_nat_privates",
            "module.vpc.aws_route_table.without_nat_privates",
            "module.vpc.aws_subnet.privates",
            "module.vpc.aws_subnet.publics",
            "module.vpc.aws_vpc.main",
            "module.vpc.data.aws_availability_zones.valid"
          ]
        }
      ]
    },
    {
      "module": "module.vpc",
      "mode": "managed",
      "type": "aws_route_table_association",
      "name": "publics",
      "provider": "provider[\"registry.terraform.io/hashicorp/aws\"]",
      "instances": [
        {
          "index_key": 0,
          "schema_version": 0,
          "attributes": {
            "gateway_id": "",
            "id": "rtbassoc-08c3cf08afeb4024b",
            "region": "ap-northeast-2",
            "route_table_id": "rtb-024f4842bdd30ba0d",
            "subnet_id": "subnet-05135fe2f70523351",
            "timeouts": null
          },
          "sensitive_attributes": [],
          "identity_schema_version": 0,
          "identity": {
            "account_id": "511874874257",
            "id": "rtbassoc-08c3cf08afeb4024b",
            "region": "ap-northeast-2"
          },
          "private": "eyJlMmJmYjczMC1lY2FhLTExZTYtOGY4OC0zNDM2M2JjN2M0YzAiOnsiY3JlYXRlIjozMDAwMDAwMDAwMDAsImRlbGV0ZSI6MzAwMDAwMDAwMDAwLCJ1cGRhdGUiOjEyMDAwMDAwMDAwMH19",
          "dependencies": [
            "module.vpc.aws_internet_gateway.main",
            "module.vpc.aws_route_table.public",
            "module.vpc.aws_subnet.publics",
            "module.vpc.aws_vpc.main",
            "module.vpc.data.aws_availability_zones.valid"
          ]
        },
        {
          "index_key": 1,
          "schema_version": 0,
          "attributes": {
            "gateway_id": "",
            "id": "rtbassoc-09a139a163083a6bf",
            "region": "ap-northeast-2",
            "route_table_id": "rtb-024f4842bdd30ba0d",
            "subnet_id": "subnet-0880a9dfc04893e97",
            "timeouts": null
          },
          "sensitive_attributes": [],
          "identity_schema_version": 0,
          "identity": {
            "account_id": "511874874257",
            "id": "rtbassoc-09a139a163083a6bf",
            "region": "ap-northeast-2"
          },
          "private": "eyJlMmJmYjczMC1lY2FhLTExZTYtOGY4OC0zNDM2M2JjN2M0YzAiOnsiY3JlYXRlIjozMDAwMDAwMDAwMDAsImRlbGV0ZSI6MzAwMDAwMDAwMDAwLCJ1cGRhdGUiOjEyMDAwMDAwMDAwMH19",
          "dependencies": [
            "module.vpc.aws_internet_gateway.main",
            "module.vpc.aws_route_table.public",
            "module.vpc.aws_subnet.publics",
            "module.vpc.aws_vpc.main",
            "module.vpc.data.aws_availability_zones.valid"
          ]
        }
      ]
    },
    {
      "module": "module.vpc",
      "mode": "managed",
      "type": "aws_subnet",
      "name": "privates",
      "provider": "provider[\"registry.terraform.io/hashicorp/aws\"]",
      "instances": [
        {
          "index_key": 0,
          "schema_version": 1,
          "attributes": {
            "arn": "arn:aws:ec2:ap-northeast-2:511874874257:subnet/subnet-025b2a4cc711b9c30",
            "assign_ipv6_address_on_creation": false,
            "availability_zone": "ap-northeast-2a",
            "availability_zone_id": "apne2-az1",
            "cidr_block": "10.2.2.0/24",
            "customer_owned_ipv4_pool": "",
            "enable_dns64": false,
            "enable_lni_at_device_index": 0,
            "enable_resource_name_dns_a_record_on_launch": false,
            "enable_resource_name_dns_aaaa_record_on_launch": false,
            "id": "subnet-025b2a4cc711b9c30",
            "ipv4_ipam_pool_id": null,
            "ipv4_netmask_length": null,
            "ipv6_cidr_block": "",
            "ipv6_cidr_block_association_id": "",
            "ipv6_ipam_pool_id": null,
            "ipv6_native": false,
            "ipv6_netmask_length": null,
            "map_customer_owned_ip_on_launch": false,
            "map_public_ip_on_launch": false,
            "outpost_arn": "",
            "owner_id": "511874874257",
            "private_dns_hostname_type_on_launch": "ip-name",
            "region": "ap-northeast-2",
            "tags": {
              "Name": "seoul-subnet-private-1"
            },
            "tags_all": {
              "Name": "seoul-subnet-private-1"
            },
            "timeouts": null,
            "vpc_id": "vpc-08aed3f5dff4df9c4"
          },
          "sensitive_attributes": [],
          "identity_schema_version": 0,
          "identity": {
            "account_id": "511874874257",
            "id": "subnet-025b2a4cc711b9c30",
            "region": "ap-northeast-2"
          },
          "private": "eyJlMmJmYjczMC1lY2FhLTExZTYtOGY4OC0zNDM2M2JjN2M0YzAiOnsiY3JlYXRlIjo2MDAwMDAwMDAwMDAsImRlbGV0ZSI6MTIwMDAwMDAwMDAwMH0sInNjaGVtYV92ZXJzaW9uIjoiMSJ9",
          "dependencies": [
            "module.vpc.aws_vpc.main",
            "module.vpc.data.aws_availability_zones.valid"
          ]
        },
        {
          "index_key": 1,
          "schema_version": 1,
          "attributes": {
            "arn": "arn:aws:ec2:ap-northeast-2:511874874257:subnet/subnet-0e0d537172cc63dcf",
            "assign_ipv6_address_on_creation": false,
            "availability_zone": "ap-northeast-2b",
            "availability_zone_id": "apne2-az2",
            "cidr_block": "10.2.3.0/24",
            "customer_owned_ipv4_pool": "",
            "enable_dns64": false,
            "enable_lni_at_device_index": 0,
            "enable_resource_name_dns_a_record_on_launch": false,
            "enable_resource_name_dns_aaaa_record_on_launch": false,
            "id": "subnet-0e0d537172cc63dcf",
            "ipv4_ipam_pool_id": null,
            "ipv4_netmask_length": null,
            "ipv6_cidr_block": "",
            "ipv6_cidr_block_association_id": "",
            "ipv6_ipam_pool_id": null,
            "ipv6_native": false,
            "ipv6_netmask_length": null,
            "map_customer_owned_ip_on_launch": false,
            "map_public_ip_on_launch": false,
            "outpost_arn": "",
            "owner_id": "511874874257",
            "private_dns_hostname_type_on_launch": "ip-name",
            "region": "ap-northeast-2",
            "tags": {
              "Name": "seoul-subnet-private-2"
            },
            "tags_all": {
              "Name": "seoul-subnet-private-2"
            },
            "timeouts": null,
            "vpc_id": "vpc-08aed3f5dff4df9c4"
          },
          "sensitive_attributes": [],
          "identity_schema_version": 0,
          "identity": {
            "account_id": "511874874257",
            "id": "subnet-0e0d537172cc63dcf",
            "region": "ap-northeast-2"
          },
          "private": "eyJlMmJmYjczMC1lY2FhLTExZTYtOGY4OC0zNDM2M2JjN2M0YzAiOnsiY3JlYXRlIjo2MDAwMDAwMDAwMDAsImRlbGV0ZSI6MTIwMDAwMDAwMDAwMH0sInNjaGVtYV92ZXJzaW9uIjoiMSJ9",
          "dependencies": [
            "module.vpc.aws_vpc.main",
            "module.vpc.data.aws_availability_zones.valid"
          ]
        }
      ]
    },
    {
      "module": "module.vpc",
      "mode": "managed",
      "type": "aws_subnet",
      "name": "publics",
      "provider": "provider[\"registry.terraform.io/hashicorp/aws\"]",
      "instances": [
        {
          "index_key": 0,
          "schema_version": 1,
          "attributes": {
            "arn": "arn:aws:ec2:ap-northeast-2:511874874257:subnet/subnet-05135fe2f70523351",
            "assign_ipv6_address_on_creation": false,
            "availability_zone": "ap-northeast-2a",
            "availability_zone_id": "apne2-az1",
            "cidr_block": "10.2.0.0/24",
            "customer_owned_ipv4_pool": "",
            "enable_dns64": false,
            "enable_lni_at_device_index": 0,
            "enable_resource_name_dns_a_record_on_launch": false,
            "enable_resource_name_dns_aaaa_record_on_launch": false,
            "id": "subnet-05135fe2f70523351",
            "ipv4_ipam_pool_id": null,
            "ipv4_netmask_length": null,
            "ipv6_cidr_block": "",
            "ipv6_cidr_block_association_id": "",
            "ipv6_ipam_pool_id": null,
            "ipv6_native": false,
            "ipv6_netmask_length": null,
            "map_customer_owned_ip_on_launch": false,
            "map_public_ip_on_launch": true,
            "outpost_arn": "",
            "owner_id": "511874874257",
            "private_dns_hostname_type_on_launch": "ip-name",
            "region": "ap-northeast-2",
            "tags": {
              "Name": "seoul-subnet-public-1"
            },
            "tags_all": {
              "Name": "seoul-subnet-public-1"
            },
            "timeouts": null,
            "vpc_id": "vpc-08aed3f5dff4df9c4"
          },
          "sensitive_attributes": [],
          "identity_schema_version": 0,
          "identity": {
            "account_id": "511874874257",
            "id": "subnet-05135fe2f70523351",
            "region": "ap-northeast-2"
          },
          "private": "eyJlMmJmYjczMC1lY2FhLTExZTYtOGY4OC0zNDM2M2JjN2M0YzAiOnsiY3JlYXRlIjo2MDAwMDAwMDAwMDAsImRlbGV0ZSI6MTIwMDAwMDAwMDAwMH0sInNjaGVtYV92ZXJzaW9uIjoiMSJ9",
          "dependencies": [
            "module.vpc.aws_vpc.main",
            "module.vpc.data.aws_availability_zones.valid"
          ]
        },
        {
          "index_key": 1,
          "schema_version": 1,
          "attributes": {
            "arn": "arn:aws:ec2:ap-northeast-2:511874874257:subnet/subnet-0880a9dfc04893e97",
            "assign_ipv6_address_on_creation": false,
            "availability_zone": "ap-northeast-2b",
            "availability_zone_id": "apne2-az2",
            "cidr_block": "10.2.1.0/24",
            "customer_owned_ipv4_pool": "",
            "enable_dns64": false,
            "enable_lni_at_device_index": 0,
            "enable_resource_name_dns_a_record_on_launch": false,
            "enable_resource_name_dns_aaaa_record_on_launch": false,
            "id": "subnet-0880a9dfc04893e97",
            "ipv4_ipam_pool_id": null,
            "ipv4_netmask_length": null,
            "ipv6_cidr_block": "",
            "ipv6_cidr_block_association_id": "",
            "ipv6_ipam_pool_id": null,
            "ipv6_native": false,
            "ipv6_netmask_length": null,
            "map_customer_owned_ip_on_launch": false,
            "map_public_ip_on_launch": true,
            "outpost_arn": "",
            "owner_id": "511874874257",
            "private_dns_hostname_type_on_launch": "ip-name",
            "region": "ap-northeast-2",
            "tags": {
              "Name": "seoul-subnet-public-2"
            },
            "tags_all": {
              "Name": "seoul-subnet-public-2"
            },
            "timeouts": null,
            "vpc_id": "vpc-08aed3f5dff4df9c4"
          },
          "sensitive_attributes": [],
          "identity_schema_version": 0,
          "identity": {
            "account_id": "511874874257",
            "id": "subnet-0880a9dfc04893e97",
            "region": "ap-northeast-2"
          },
          "private": "eyJlMmJmYjczMC1lY2FhLTExZTYtOGY4OC0zNDM2M2JjN2M0YzAiOnsiY3JlYXRlIjo2MDAwMDAwMDAwMDAsImRlbGV0ZSI6MTIwMDAwMDAwMDAwMH0sInNjaGVtYV92ZXJzaW9uIjoiMSJ9",
          "dependencies": [
            "module.vpc.aws_vpc.main",
            "module.vpc.data.aws_availability_zones.valid"
          ]
        }
      ]
    },
    {
      "module": "module.vpc",
      "mode": "managed",
      "type": "aws_vpc",
      "name": "main",
      "provider": "provider[\"registry.terraform.io/hashicorp/aws\"]",
      "instances": [
        {
          "schema_version": 1,
          "attributes": {
            "arn": "arn:aws:ec2:ap-northeast-2:511874874257:vpc/vpc-08aed3f5dff4df9c4",
            "assign_generated_ipv6_cidr_block": false,
            "cidr_block": "10.2.0.0/16",
            "default_network_acl_id": "acl-087db7b61aa845432",
            "default_route_table_id": "rtb-0a6bb8deec72416e3",
            "default_security_group_id": "sg-0e39e93908b26c527",
            "dhcp_options_id": "dopt-08f1e1c8c978b36fd",
            "enable_dns_hostnames": false,
            "enable_dns_support": true,
            "enable_network_address_usage_metrics": false,
            "id": "vpc-08aed3f5dff4df9c4",
            "instance_tenancy": "default",
            "ipv4_ipam_pool_id": null,
            "ipv4_netmask_length": null,
            "ipv6_association_id": "",
            "ipv6_cidr_block": "",
            "ipv6_cidr_block_network_border_group": "",
            "ipv6_ipam_pool_id": "",
            "ipv6_netmask_length": 0,
            "main_route_table_id": "rtb-0a6bb8deec72416e3",
            "owner_id": "511874874257",
            "region": "ap-northeast-2",
            "tags": {
              "Name": "seoul-vpc-main"
            },
            "tags_all": {
              "Name": "seoul-vpc-main"
            }
          },
          "sensitive_attributes": [],
          "identity_schema_version": 0,
          "identity": {
            "account_id": "511874874257",
            "id": "vpc-08aed3f5dff4df9c4",
            "region": "ap-northeast-2"
          },
          "private": "eyJzY2hlbWFfdmVyc2lvbiI6IjEifQ=="
        }
      ]
    }
  ],
  "check_results": null
}
