{
  "version": 4,
  "terraform_version": "1.15.2",
  "serial": 3,
  "lineage": "02f7fc94-d524-7ae7-56c8-71925e604cdd",
  "outputs": {
    "xxx": {
      "value": {
        "all_availability_zones": null,
        "exclude_names": null,
        "exclude_zone_ids": null,
        "filter": null,
        "group_names": [
          "ap-northeast-2-zg-1"
        ],
        "id": "ap-northeast-2",
        "names": [
          "ap-northeast-2a",
          "ap-northeast-2b",
          "ap-northeast-2c",
          "ap-northeast-2d"
        ],
        "region": "ap-northeast-2",
        "state": null,
        "timeouts": null,
        "zone_ids": [
          "apne2-az1",
          "apne2-az2",
          "apne2-az3",
          "apne2-az4"
        ]
      },
      "type": [
        "object",
        {
          "all_availability_zones": "bool",
          "exclude_names": [
            "set",
            "string"
          ],
          "exclude_zone_ids": [
            "set",
            "string"
          ],
          "filter": [
            "set",
            [
              "object",
              {
                "name": "string",
                "values": [
                  "set",
                  "string"
                ]
              }
            ]
          ],
          "group_names": [
            "set",
            "string"
          ],
          "id": "string",
          "names": [
            "list",
            "string"
          ],
          "region": "string",
          "state": "string",
          "timeouts": [
            "object",
            {
              "read": "string"
            }
          ],
          "zone_ids": [
            "list",
            "string"
          ]
        }
      ]
    }
  },
  "resources": [
    {
      "mode": "data",
      "type": "aws_availability_zones",
      "name": "az_lists",
      "provider": "provider[\"registry.terraform.io/hashicorp/aws\"]",
      "instances": [
        {
          "schema_version": 0,
          "attributes": {
            "all_availability_zones": null,
            "exclude_names": null,
            "exclude_zone_ids": null,
            "filter": null,
            "group_names": [
              "ap-northeast-2-zg-1"
            ],
            "id": "ap-northeast-2",
            "names": [
              "ap-northeast-2a",
              "ap-northeast-2b",
              "ap-northeast-2c",
              "ap-northeast-2d"
            ],
            "region": "ap-northeast-2",
            "state": null,
            "timeouts": null,
            "zone_ids": [
              "apne2-az1",
              "apne2-az2",
              "apne2-az3",
              "apne2-az4"
            ]
          },
          "sensitive_attributes": [],
          "identity_schema_version": 0
        }
      ]
    },
    {
      "mode": "managed",
      "type": "aws_vpc",
      "name": "main",
      "provider": "provider[\"registry.terraform.io/hashicorp/aws\"]",
      "instances": [
        {
          "schema_version": 1,
          "attributes": {
            "arn": "arn:aws:ec2:ap-northeast-2:511874874257:vpc/vpc-0e2d5243e7675f338",
            "assign_generated_ipv6_cidr_block": false,
            "cidr_block": "10.2.0.0/16",
            "default_network_acl_id": "acl-03e258e74357529a4",
            "default_route_table_id": "rtb-00b57f97a24622554",
            "default_security_group_id": "sg-0ea281c88d3c58a01",
            "dhcp_options_id": "dopt-08f1e1c8c978b36fd",
            "enable_dns_hostnames": false,
            "enable_dns_support": true,
            "enable_network_address_usage_metrics": false,
            "id": "vpc-0e2d5243e7675f338",
            "instance_tenancy": "default",
            "ipv4_ipam_pool_id": null,
            "ipv4_netmask_length": null,
            "ipv6_association_id": "",
            "ipv6_cidr_block": "",
            "ipv6_cidr_block_network_border_group": "",
            "ipv6_ipam_pool_id": "",
            "ipv6_netmask_length": 0,
            "main_route_table_id": "rtb-00b57f97a24622554",
            "owner_id": "511874874257",
            "region": "ap-northeast-2",
            "tags": {
              "Name": "seoul-vpc-main"
            },
            "tags_all": {
              "Name": "seoul-vpc-main"
            }
          },
          "sensitive_attributes": [],
          "identity_schema_version": 0,
          "identity": {
            "account_id": "511874874257",
            "id": "vpc-0e2d5243e7675f338",
            "region": "ap-northeast-2"
          },
          "private": "eyJzY2hlbWFfdmVyc2lvbiI6IjEifQ=="
        }
      ]
    }
  ],
  "check_results": null
}
